{
  "version": 4,
  "terraform_version": "0.12.24",
  "serial": 28,
  "lineage": "4fabd860-210d-07f5-c1dd-05521492042f",
  "outputs": {
    "_1_auth_aks": {
      "value": "az aks get-credentials --name aks-niner777 --resource-group rg-niner777",
      "type": "string"
    },
    "_2_auth_container_registry": {
      "value": "az acr login --name acrniner777",
      "type": "string"
    },
    "_3_build_image_push_acr": {
      "value": "az acr build --registry acrniner777 -f src/Services/DomainAPI/Dockerfile --image domainapi:v1 .",
      "type": "string"
    },
    "_4_run_app_helm": {
      "value": "helm install ./domain-api --set KeyVaultName=protemp-kv001niner777 --set Image=acrniner777.azurecr.io/domainapi:v1 --generate-name",
      "type": "string"
    }
  },
  "resources": [
    {
      "mode": "data",
      "type": "azurerm_client_config",
      "name": "current",
      "provider": "provider.azurerm",
      "instances": [
        {
          "schema_version": 0,
          "attributes": {
            "client_id": "04b07795-8ddb-461a-bbee-02f9e1bf7b46",
            "id": "2020-05-27 23:58:47.42533 +0000 UTC",
            "object_id": "b0959e18-c917-49ec-9a03-b91957a24836",
            "subscription_id": "10a09851-d632-420e-ad20-2cd774fd4d41",
            "tenant_id": "72f988bf-86f1-41af-91ab-2d7cd011db47",
            "timeouts": null
          }
        }
      ]
    },
    {
      "mode": "data",
      "type": "azurerm_resource_group",
      "name": "aks-node",
      "provider": "provider.azurerm",
      "instances": [
        {
          "schema_version": 0,
          "attributes": {
            "id": "/subscriptions/10a09851-d632-420e-ad20-2cd774fd4d41/resourceGroups/MC_rg-niner777_aks-niner777_eastus",
            "location": "eastus",
            "name": "MC_rg-niner777_aks-niner777_eastus",
            "tags": {},
            "timeouts": null
          }
        }
      ]
    },
    {
      "mode": "managed",
      "type": "azurerm_application_gateway",
      "name": "agw",
      "provider": "provider.azurerm",
      "instances": [
        {
          "schema_version": 0,
          "attributes": {
            "authentication_certificate": [],
            "autoscale_configuration": [
              {
                "max_capacity": 10,
                "min_capacity": 2
              }
            ],
            "backend_address_pool": [
              {
                "fqdns": null,
                "id": "/subscriptions/10a09851-d632-420e-ad20-2cd774fd4d41/resourceGroups/rg-niner777/providers/Microsoft.Network/applicationGateways/agw-niner777/backendAddressPools/vnet-beap",
                "ip_addresses": null,
                "name": "vnet-beap"
              }
            ],
            "backend_http_settings": [
              {
                "affinity_cookie_name": "",
                "authentication_certificate": [],
                "connection_draining": [],
                "cookie_based_affinity": "Disabled",
                "host_name": "",
                "id": "/subscriptions/10a09851-d632-420e-ad20-2cd774fd4d41/resourceGroups/rg-niner777/providers/Microsoft.Network/applicationGateways/agw-niner777/backendHttpSettingsCollection/vnet-be-htst",
                "name": "vnet-be-htst",
                "path": "",
                "pick_host_name_from_backend_address": false,
                "port": 80,
                "probe_id": "",
                "probe_name": "",
                "protocol": "Http",
                "request_timeout": 1,
                "trusted_root_certificate_names": null
              }
            ],
            "custom_error_configuration": [],
            "enable_http2": false,
            "frontend_ip_configuration": [
              {
                "id": "/subscriptions/10a09851-d632-420e-ad20-2cd774fd4d41/resourceGroups/rg-niner777/providers/Microsoft.Network/applicationGateways/agw-niner777/frontendIPConfigurations/vnet-feip",
                "name": "vnet-feip",
                "private_ip_address": "",
                "private_ip_address_allocation": "Dynamic",
                "public_ip_address_id": "/subscriptions/10a09851-d632-420e-ad20-2cd774fd4d41/resourceGroups/rg-niner777/providers/Microsoft.Network/publicIPAddresses/pip",
                "subnet_id": ""
              }
            ],
            "frontend_port": [
              {
                "id": "/subscriptions/10a09851-d632-420e-ad20-2cd774fd4d41/resourceGroups/rg-niner777/providers/Microsoft.Network/applicationGateways/agw-niner777/frontendPorts/https_port",
                "name": "https_port",
                "port": 443
              },
              {
                "id": "/subscriptions/10a09851-d632-420e-ad20-2cd774fd4d41/resourceGroups/rg-niner777/providers/Microsoft.Network/applicationGateways/agw-niner777/frontendPorts/vnet-feport",
                "name": "vnet-feport",
                "port": 80
              }
            ],
            "gateway_ip_configuration": [
              {
                "id": "/subscriptions/10a09851-d632-420e-ad20-2cd774fd4d41/resourceGroups/rg-niner777/providers/Microsoft.Network/applicationGateways/agw-niner777/gatewayIPConfigurations/agw-subnet",
                "name": "agw-subnet",
                "subnet_id": "/subscriptions/10a09851-d632-420e-ad20-2cd774fd4d41/resourceGroups/rg-niner777/providers/Microsoft.Network/virtualNetworks/vnet/subnets/agw-subnet"
              }
            ],
            "http_listener": [
              {
                "custom_error_configuration": [],
                "frontend_ip_configuration_id": "/subscriptions/10a09851-d632-420e-ad20-2cd774fd4d41/resourceGroups/rg-niner777/providers/Microsoft.Network/applicationGateways/agw-niner777/frontendIPConfigurations/vnet-feip",
                "frontend_ip_configuration_name": "vnet-feip",
                "frontend_port_id": "/subscriptions/10a09851-d632-420e-ad20-2cd774fd4d41/resourceGroups/rg-niner777/providers/Microsoft.Network/applicationGateways/agw-niner777/frontendPorts/vnet-feport",
                "frontend_port_name": "vnet-feport",
                "host_name": "",
                "host_names": null,
                "id": "/subscriptions/10a09851-d632-420e-ad20-2cd774fd4d41/resourceGroups/rg-niner777/providers/Microsoft.Network/applicationGateways/agw-niner777/httpListeners/vnet-httplstn",
                "name": "vnet-httplstn",
                "protocol": "Http",
                "require_sni": false,
                "ssl_certificate_id": "",
                "ssl_certificate_name": ""
              }
            ],
            "id": "/subscriptions/10a09851-d632-420e-ad20-2cd774fd4d41/resourceGroups/rg-niner777/providers/Microsoft.Network/applicationGateways/agw-niner777",
            "identity": [],
            "location": "eastus",
            "name": "agw-niner777",
            "probe": [],
            "redirect_configuration": [],
            "request_routing_rule": [
              {
                "backend_address_pool_id": "/subscriptions/10a09851-d632-420e-ad20-2cd774fd4d41/resourceGroups/rg-niner777/providers/Microsoft.Network/applicationGateways/agw-niner777/backendAddressPools/vnet-beap",
                "backend_address_pool_name": "vnet-beap",
                "backend_http_settings_id": "/subscriptions/10a09851-d632-420e-ad20-2cd774fd4d41/resourceGroups/rg-niner777/providers/Microsoft.Network/applicationGateways/agw-niner777/backendHttpSettingsCollection/vnet-be-htst",
                "backend_http_settings_name": "vnet-be-htst",
                "http_listener_id": "/subscriptions/10a09851-d632-420e-ad20-2cd774fd4d41/resourceGroups/rg-niner777/providers/Microsoft.Network/applicationGateways/agw-niner777/httpListeners/vnet-httplstn",
                "http_listener_name": "vnet-httplstn",
                "id": "/subscriptions/10a09851-d632-420e-ad20-2cd774fd4d41/resourceGroups/rg-niner777/providers/Microsoft.Network/applicationGateways/agw-niner777/requestRoutingRules/vnet-rqrt",
                "name": "vnet-rqrt",
                "redirect_configuration_id": "",
                "redirect_configuration_name": "",
                "rewrite_rule_set_id": "",
                "rewrite_rule_set_name": "",
                "rule_type": "Basic",
                "url_path_map_id": "",
                "url_path_map_name": ""
              }
            ],
            "resource_group_name": "rg-niner777",
            "rewrite_rule_set": [],
            "sku": [
              {
                "capacity": 0,
                "name": "Standard_v2",
                "tier": "Standard_v2"
              }
            ],
            "ssl_certificate": [],
            "ssl_policy": [
              {
                "cipher_suites": [],
                "disabled_protocols": [],
                "min_protocol_version": "",
                "policy_name": "AppGwSslPolicy20150501",
                "policy_type": "Predefined"
              }
            ],
            "tags": null,
            "timeouts": null,
            "trusted_root_certificate": [],
            "url_path_map": [],
            "waf_configuration": [],
            "zones": null
          },
          "private": "eyJlMmJmYjczMC1lY2FhLTExZTYtOGY4OC0zNDM2M2JjN2M0YzAiOnsiY3JlYXRlIjo1NDAwMDAwMDAwMDAwLCJkZWxldGUiOjU0MDAwMDAwMDAwMDAsInJlYWQiOjMwMDAwMDAwMDAwMCwidXBkYXRlIjo1NDAwMDAwMDAwMDAwfX0=",
          "dependencies": [
            "azurerm_public_ip.pip",
            "azurerm_resource_group.resourceGroup",
            "azurerm_subnet.subnet_app_gateway",
            "azurerm_virtual_network.vnet"
          ]
        }
      ]
    },
    {
      "mode": "managed",
      "type": "azurerm_container_registry",
      "name": "acr",
      "provider": "provider.azurerm",
      "instances": [
        {
          "schema_version": 2,
          "attributes": {
            "admin_enabled": false,
            "admin_password": "",
            "admin_username": "",
            "georeplication_locations": null,
            "id": "/subscriptions/10a09851-d632-420e-ad20-2cd774fd4d41/resourceGroups/rg-niner777/providers/Microsoft.ContainerRegistry/registries/acrniner777",
            "location": "eastus",
            "login_server": "acrniner777.azurecr.io",
            "name": "acrniner777",
            "network_rule_set": [
              {
                "default_action": "Allow",
                "ip_rule": [],
                "virtual_network": []
              }
            ],
            "resource_group_name": "rg-niner777",
            "sku": "Premium",
            "storage_account_id": null,
            "tags": null,
            "timeouts": null
          },
          "private": "eyJlMmJmYjczMC1lY2FhLTExZTYtOGY4OC0zNDM2M2JjN2M0YzAiOnsiY3JlYXRlIjoxODAwMDAwMDAwMDAwLCJkZWxldGUiOjE4MDAwMDAwMDAwMDAsInJlYWQiOjMwMDAwMDAwMDAwMCwidXBkYXRlIjoxODAwMDAwMDAwMDAwfSwic2NoZW1hX3ZlcnNpb24iOiIyIn0=",
          "dependencies": [
            "azurerm_resource_group.resourceGroup"
          ]
        }
      ]
    },
    {
      "mode": "managed",
      "type": "azurerm_key_vault",
      "name": "keyvault",
      "provider": "provider.azurerm",
      "instances": [
        {
          "schema_version": 1,
          "attributes": {
            "access_policy": [
              {
                "application_id": "",
                "certificate_permissions": null,
                "key_permissions": null,
                "object_id": "b0959e18-c917-49ec-9a03-b91957a24836",
                "secret_permissions": [
                  "set",
                  "get",
                  "delete"
                ],
                "storage_permissions": null,
                "tenant_id": "72f988bf-86f1-41af-91ab-2d7cd011db47"
              }
            ],
            "enabled_for_deployment": false,
            "enabled_for_disk_encryption": false,
            "enabled_for_template_deployment": false,
            "id": "/subscriptions/10a09851-d632-420e-ad20-2cd774fd4d41/resourceGroups/rg-niner777/providers/Microsoft.KeyVault/vaults/protemp-kv001niner777",
            "location": "eastus",
            "name": "protemp-kv001niner777",
            "network_acls": [
              {
                "bypass": "AzureServices",
                "default_action": "Allow",
                "ip_rules": [],
                "virtual_network_subnet_ids": []
              }
            ],
            "purge_protection_enabled": false,
            "resource_group_name": "rg-niner777",
            "sku_name": "standard",
            "soft_delete_enabled": false,
            "tags": null,
            "tenant_id": "72f988bf-86f1-41af-91ab-2d7cd011db47",
            "timeouts": null,
            "vault_uri": "https://protemp-kv001niner777.vault.azure.net/"
          },
          "private": "eyJlMmJmYjczMC1lY2FhLTExZTYtOGY4OC0zNDM2M2JjN2M0YzAiOnsiY3JlYXRlIjoxODAwMDAwMDAwMDAwLCJkZWxldGUiOjE4MDAwMDAwMDAwMDAsInJlYWQiOjMwMDAwMDAwMDAwMCwidXBkYXRlIjoxODAwMDAwMDAwMDAwfSwic2NoZW1hX3ZlcnNpb24iOiIxIn0=",
          "dependencies": [
            "azurerm_resource_group.resourceGroup"
          ]
        }
      ]
    },
    {
      "mode": "managed",
      "type": "azurerm_key_vault_access_policy",
      "name": "aks_pod_identity",
      "provider": "provider.azurerm",
      "instances": [
        {
          "schema_version": 0,
          "attributes": {
            "application_id": null,
            "certificate_permissions": null,
            "id": "/subscriptions/10a09851-d632-420e-ad20-2cd774fd4d41/resourceGroups/rg-niner777/providers/Microsoft.KeyVault/vaults/protemp-kv001niner777/objectId/fce3cd76-9529-429c-9c90-f53aceeb207a",
            "key_permissions": null,
            "key_vault_id": "/subscriptions/10a09851-d632-420e-ad20-2cd774fd4d41/resourceGroups/rg-niner777/providers/Microsoft.KeyVault/vaults/protemp-kv001niner777",
            "object_id": "fce3cd76-9529-429c-9c90-f53aceeb207a",
            "secret_permissions": [
              "get",
              "list"
            ],
            "storage_permissions": null,
            "tenant_id": "72f988bf-86f1-41af-91ab-2d7cd011db47",
            "timeouts": null
          },
          "private": "eyJlMmJmYjczMC1lY2FhLTExZTYtOGY4OC0zNDM2M2JjN2M0YzAiOnsiY3JlYXRlIjoxODAwMDAwMDAwMDAwLCJkZWxldGUiOjE4MDAwMDAwMDAwMDAsInJlYWQiOjMwMDAwMDAwMDAwMCwidXBkYXRlIjoxODAwMDAwMDAwMDAwfX0=",
          "dependencies": [
            "azurerm_key_vault.keyvault",
            "azurerm_resource_group.resourceGroup",
            "azurerm_user_assigned_identity.pod-identity"
          ]
        }
      ]
    },
    {
      "mode": "managed",
      "type": "azurerm_key_vault_secret",
      "name": "sqlServerAdminName",
      "provider": "provider.azurerm",
      "instances": [
        {
          "schema_version": 0,
          "attributes": {
            "content_type": "",
            "expiration_date": null,
            "id": "https://protemp-kv001niner777.vault.azure.net/secrets/SQL-USER-NAME/0815cb9640a548d08f90781dea24ffe3",
            "key_vault_id": "/subscriptions/10a09851-d632-420e-ad20-2cd774fd4d41/resourceGroups/rg-niner777/providers/Microsoft.KeyVault/vaults/protemp-kv001niner777",
            "name": "SQL-USER-NAME",
            "not_before_date": null,
            "tags": null,
            "timeouts": null,
            "value": "twtadmin",
            "version": "0815cb9640a548d08f90781dea24ffe3"
          },
          "private": "eyJlMmJmYjczMC1lY2FhLTExZTYtOGY4OC0zNDM2M2JjN2M0YzAiOnsiY3JlYXRlIjoxODAwMDAwMDAwMDAwLCJkZWxldGUiOjE4MDAwMDAwMDAwMDAsInJlYWQiOjMwMDAwMDAwMDAwMCwidXBkYXRlIjoxODAwMDAwMDAwMDAwfX0=",
          "dependencies": [
            "azurerm_key_vault.keyvault",
            "azurerm_resource_group.resourceGroup"
          ]
        }
      ]
    },
    {
      "mode": "managed",
      "type": "azurerm_key_vault_secret",
      "name": "sqlServerAdminPassword",
      "provider": "provider.azurerm",
      "instances": [
        {
          "schema_version": 0,
          "attributes": {
            "content_type": "",
            "expiration_date": null,
            "id": "https://protemp-kv001niner777.vault.azure.net/secrets/SQL-PASSWORD/90bc3516c0ed4c0a9d69ff663043f9ef",
            "key_vault_id": "/subscriptions/10a09851-d632-420e-ad20-2cd774fd4d41/resourceGroups/rg-niner777/providers/Microsoft.KeyVault/vaults/protemp-kv001niner777",
            "name": "SQL-PASSWORD",
            "not_before_date": null,
            "tags": null,
            "timeouts": null,
            "value": "Password2020!",
            "version": "90bc3516c0ed4c0a9d69ff663043f9ef"
          },
          "private": "eyJlMmJmYjczMC1lY2FhLTExZTYtOGY4OC0zNDM2M2JjN2M0YzAiOnsiY3JlYXRlIjoxODAwMDAwMDAwMDAwLCJkZWxldGUiOjE4MDAwMDAwMDAwMDAsInJlYWQiOjMwMDAwMDAwMDAwMCwidXBkYXRlIjoxODAwMDAwMDAwMDAwfX0=",
          "dependencies": [
            "azurerm_key_vault.keyvault",
            "azurerm_resource_group.resourceGroup"
          ]
        }
      ]
    },
    {
      "mode": "managed",
      "type": "azurerm_key_vault_secret",
      "name": "sqlServerEndpoint",
      "provider": "provider.azurerm",
      "instances": [
        {
          "schema_version": 0,
          "attributes": {
            "content_type": "",
            "expiration_date": null,
            "id": "https://protemp-kv001niner777.vault.azure.net/secrets/SQL-SERVER-NAME/7c704d4ac53b4bbd8e0f6403d52b72f4",
            "key_vault_id": "/subscriptions/10a09851-d632-420e-ad20-2cd774fd4d41/resourceGroups/rg-niner777/providers/Microsoft.KeyVault/vaults/protemp-kv001niner777",
            "name": "SQL-SERVER-NAME",
            "not_before_date": null,
            "tags": null,
            "timeouts": null,
            "value": "sqlniner777.database.windows.net",
            "version": "7c704d4ac53b4bbd8e0f6403d52b72f4"
          },
          "private": "eyJlMmJmYjczMC1lY2FhLTExZTYtOGY4OC0zNDM2M2JjN2M0YzAiOnsiY3JlYXRlIjoxODAwMDAwMDAwMDAwLCJkZWxldGUiOjE4MDAwMDAwMDAwMDAsInJlYWQiOjMwMDAwMDAwMDAwMCwidXBkYXRlIjoxODAwMDAwMDAwMDAwfX0=",
          "dependencies": [
            "azurerm_key_vault.keyvault",
            "azurerm_resource_group.resourceGroup",
            "azurerm_sql_server.sql"
          ]
        }
      ]
    },
    {
      "mode": "managed",
      "type": "azurerm_kubernetes_cluster",
      "name": "aks",
      "provider": "provider.azurerm",
      "instances": [
        {
          "schema_version": 0,
          "attributes": {
            "addon_profile": [
              {
                "aci_connector_linux": [
                  {
                    "enabled": false,
                    "subnet_name": ""
                  }
                ],
                "azure_policy": [
                  {
                    "enabled": false
                  }
                ],
                "http_application_routing": [
                  {
                    "enabled": false,
                    "http_application_routing_zone_name": ""
                  }
                ],
                "kube_dashboard": [
                  {
                    "enabled": false
                  }
                ],
                "oms_agent": [
                  {
                    "enabled": false,
                    "log_analytics_workspace_id": ""
                  }
                ]
              }
            ],
            "api_server_authorized_ip_ranges": null,
            "default_node_pool": [
              {
                "availability_zones": null,
                "enable_auto_scaling": false,
                "enable_node_public_ip": false,
                "max_count": 0,
                "max_pods": 30,
                "min_count": 0,
                "name": "default",
                "node_count": 1,
                "node_labels": null,
                "node_taints": null,
                "os_disk_size_gb": 100,
                "tags": null,
                "type": "VirtualMachineScaleSets",
                "vm_size": "Standard_D2_v2",
                "vnet_subnet_id": "/subscriptions/10a09851-d632-420e-ad20-2cd774fd4d41/resourceGroups/rg-niner777/providers/Microsoft.Network/virtualNetworks/vnet/subnets/aks-subnet"
              }
            ],
            "dns_prefix": "exampleaks1",
            "enable_pod_security_policy": false,
            "fqdn": "exampleaks1-35b99430.hcp.eastus.azmk8s.io",
            "id": "/subscriptions/10a09851-d632-420e-ad20-2cd774fd4d41/resourcegroups/rg-niner777/providers/Microsoft.ContainerService/managedClusters/aks-niner777",
            "identity": [
              {
                "principal_id": "7dc6ba83-47bb-4f99-b70d-8794ff543ee2",
                "tenant_id": "72f988bf-86f1-41af-91ab-2d7cd011db47",
                "type": "SystemAssigned"
              }
            ],
            "kube_admin_config": [],
            "kube_admin_config_raw": "",
            "kube_config": [
              {
                "client_certificate": "LS0tLS1CRUdJTiBDRVJUSUZJQ0FURS0tLS0tCk1JSUUvRENDQXVTZ0F3SUJBZ0lRTVNyNjlLV2dxc2piTVhMK2x1Qlo1VEFOQmdrcWhraUc5dzBCQVFzRkFEQU4KTVFzd0NRWURWUVFERXdKallUQWVGdzB5TURBMU1qY3lNelV3TWpCYUZ3MHlNakExTWpnd01EQXdNakJhTURBeApGekFWQmdOVkJBb1REbk41YzNSbGJUcHRZWE4wWlhKek1SVXdFd1lEVlFRREV3eHRZWE4wWlhKamJHbGxiblF3CmdnSWlNQTBHQ1NxR1NJYjNEUUVCQVFVQUE0SUNEd0F3Z2dJS0FvSUNBUUN5Q2RmTnI2VXZacm1PSjVNZHZObmgKQjlnRUwzZ0pFb2tIVTZhVkdxQVc4MDhkUlJvL3ZXOVdMa1V4UnN1QmpTbzdXK3dKZnhwTjZtYUtpeFJ1ZTV3ZgpVQ1BOWG1xejVESnNYdExTdlIxSUJjMFd1WGN2L2gySDdSSnU5d2dnNXJhdUFvb081Rlk1YUlaWHJPd2VFbW5sCm1Oa3hNMVdib1g2ZHZvcGI0ZDhBWFdNVnZyVGJQVjk0OE5rTFVlcnBUaTJ6eWFGd3NscWErY0U5ZFMwcVlPZlAKUUZkMWl0WUU2Tm5iN1dXK2xLRFc0WWtjWEFhY0JGdEpIVVBDM2ozNVRaMlVVMGFSdktiUzJSaFlncEx3cHl1bQpRcHJWdVp6NkYyQ3Y2YVRTY1NLM2k0ME5qZnljOHZmTjFFOVBYeEx5WW9Odk9CL2tZM2EzeW1ZRjhWTWhzQW41CjVpTGg5SlRKeTJkend3dGM3OGdYbnA5bG4zWjBsNEptR0dyNHI0Z3Raa2Qzb0hQUFVCejZpdklrY200dWsxc00KQTlsNHFBdTUyaDdXT0NlTmk4cWRDcFhyUnNLK2M5bG5lcnp6RXY0aEdVTDJUZy8vVU5tc0g3S1dXSVR6dzM2VgpraDh6ZE4yWnFyR1B5cUIvb1JVbnEzL0lEYi9tTHBOQ2xsclFEYXplZzJGRldSVWZVOVlhTzJqMkc3MWdIYThWCis5NFBvRE5Hd3c2NTdtSDg3UDhmMWc0VEluSHJTbmwxY0pFUngzc2pVNFRoMVRaalJOZElTMVF5NE9QZy9FMEgKb2ZyYnpGUGpXeWFsZ2xaUzJ1UWYvUGJWZHdhSXNGOFU5dWx0aW5XZjdHUWMvczNTRXB5UFZRRG5mbVZZaC9abApjcXB3UmJKVWpwQmlCQlQ0cmJMMVB3SURBUUFCb3pVd016QU9CZ05WSFE4QkFmOEVCQU1DQmFBd0V3WURWUjBsCkJBd3dDZ1lJS3dZQkJRVUhBd0l3REFZRFZSMFRBUUgvQkFJd0FEQU5CZ2txaGtpRzl3MEJBUXNGQUFPQ0FnRUEKcGVBeXRINHVyYnNPcnZSMC9WVnVUZHRHcXlzZzE0ckdRd09Rd3N4cEJrNEExOEYxQ09GQ1dvbUozZnlnWU9QSwpZT1BnaHNBV2c1aEYyYUhxK2Rxb2NMcjIvSDAzV0ZGeExvaDRhSjJydVRpYzQ0L0NOb0Q1UUMyVHhyNWR0RXo4CjNRWCtIQzJGU045Ym9kMG82QnpFUEd6Y1RmR2Y5WTB3c29xSSs1YXgvVml6cXRnd21UaGFjajJzSExTdWUva0gKZkdsZDF2eklCK2tKTXBmSHVGRzNGYnY0QnVhaytuUGE5Nlo4cmY3bXg2WjN1NWd6UzhjQ1h4dnlRYXdyYWRESgpJSXBtU3JPT0ZvdFUwZ3lGQVNlYkYxRG5tU0QvZzROMWJhSEVSRzdodEpmZlVmZFdqajh2ZWw2MFByWFVrcy9BCmVGMk5FOGd0N1JsbExMUExIVk9FV2s0YnJqZ2ZHUGpXYURPai9lM2dESHF5ditZenNPNEZFNGlKbGJEWElTZTcKQ2ZWZnhsU3F1MUZnZFZjQm5BanRzQThzRG1EbFQwVUcvU1JueFA5eURmU2lzT29kNnB4YUU1UVFIbFBOcTE3VgpJaXk3bXlCektkN1krWE9UcmQrSjBoR2hmRkFOM1kvUmtDU01TbmdXWjUveXc3YUwvbGtoN3NQbGRoU2xlSjBtCmJjcVM2M28xN0N3TzI1Y3lOKzE2ZXU2M2xwRUJYUnFtNEI4RUtyY1ZFTjhOaXhISW1FcUVvOEVTdGJUUTdxdFYKYXZ6aTY2ZENnN1RiNzFiZUhIaHhLYkd2czBnS0tDOWxqdkNvN25YSEtEQUhjY3RjdXlENkhnUGlCVTFTaFQvbQo5NlVuSXUxMWpwM05MT1FmTjdKcTE4cDI4K1l0VldiUVN0NmJkblR3dDU0PQotLS0tLUVORCBDRVJUSUZJQ0FURS0tLS0tCg==",
                "client_key": "LS0tLS1CRUdJTiBSU0EgUFJJVkFURSBLRVktLS0tLQpNSUlKS0FJQkFBS0NBZ0VBc2duWHphK2xMMmE1amllVEhielo0UWZZQkM5NENSS0pCMU9tbFJxZ0Z2TlBIVVVhClA3MXZWaTVGTVViTGdZMHFPMXZzQ1g4YVRlcG1pb3NVYm51Y0gxQWp6VjVxcytReWJGN1MwcjBkU0FYTkZybDMKTC80ZGgrMFNidmNJSU9hMnJnS0tEdVJXT1dpR1Y2enNIaEpwNVpqWk1UTlZtNkYrbmI2S1crSGZBRjFqRmI2MAoyejFmZVBEWkMxSHE2VTR0czhtaGNMSmFtdm5CUFhVdEttRG56MEJYZFlyV0JPaloyKzFsdnBTZzF1R0pIRndHCm5BUmJTUjFEd3Q0OStVMmRsRk5Ha2J5bTB0a1lXSUtTOEtjcnBrS2ExYm1jK2hkZ3IrbWswbkVpdDR1TkRZMzgKblBMM3pkUlBUMThTOG1LRGJ6Z2Y1R04ydDhwbUJmRlRJYkFKK2VZaTRmU1V5Y3RuYzhNTFhPL0lGNTZmWlo5MgpkSmVDWmhocStLK0lMV1pIZDZCenoxQWMrb3J5SkhKdUxwTmJEQVBaZUtnTHVkb2Uxamduall2S25RcVY2MGJDCnZuUFpaM3E4OHhMK0lSbEM5azRQLzFEWnJCK3lsbGlFODhOK2xaSWZNM1RkbWFxeGo4cWdmNkVWSjZ0L3lBMi8KNWk2VFFwWmEwQTJzM29OaFJWa1ZIMVBXR2p0bzlodTlZQjJ2RmZ2ZUQ2QXpSc01PdWU1aC9Pei9IOVlPRXlKeAo2MHA1ZFhDUkVjZDdJMU9FNGRVMlkwVFhTRXRVTXVEajRQeE5CNkg2Mjh4VDQxc21wWUpXVXRya0gvejIxWGNHCmlMQmZGUGJwYllwMW4reGtIUDdOMGhLY2oxVUE1MzVsV0lmMlpYS3FjRVd5Vkk2UVlnUVUrSzJ5OVQ4Q0F3RUEKQVFLQ0FnQUY1emVsbFVaWDNRTVlDSTNqTllqUDRrK3lTOVNpRUdCRXd1eEtFMWp0aWVHOHFiYm1HQ1RoNmFUWApybTQrL0d4RERaZzA5R2J0NEhESDlUYVhOemdFL2NaQ0gvaFB3S2cvV2FHSjVVVmNSdnoyM08xcnhQUTd0b3VlCjdFZnp0MUtsVUdZOWVpcTF1cGFCdjdVUWhqSEdzQnU3ZXVWQ3hNY0srZTlpZm9uRFhGVlZ1ajRLNnUwSWVJdnAKeVN5TjBjN0lJRTVmQ3pyZjJwb2lySWp6MThTMzVYMUE0M3FYTFJWVUtubnVLTVZ3ZW9mdVRjcldUM3FyWVBJSApPeEU0Kys3V3BUQTQwdFdCTmp1TmE3N3RoYzEzdE11bmZJRU05Y3Q1NmJoU1ZmZjl0LzNVVGpuckJrOWJIc2dHCmJMT1hIOWNWei9tV3ZBbUtySVpYZWhuMGl2NjVvVWxKY21VbTd6WFZxRGxrS2k3aDRhaG5mRjV1Wng5VVkrbzIKQ1ZHWC82bThZdXJ6SFQvSXR6ZnFkaUREd01lbThTUFpNd3d4OUFxaHFTb0dnc3hsYjgycUU3b25ZY050aU1XMQpTZmlmVUJ1bTFTbmVkVGZRNXlvYjVQMDRiRlFpMkgxWUZPKzU2NnpJSm5zUFVnR1h4eXNTNkltRnlMZlZBMUYzClRhZW10VEdMR3NLcHp1WjBjc2FaSEozMnJZcWZ3d1Y3N2VyTVE2YXd6aDBQZitwWmk0bGtJU2M3OFdKeE9UNjMKSmxUSlBiSmlpLzVJRG5CK1VKSDhJNmlRYU1LUXErRlNvUjFkZnE5UWpiTFUvN0xFRlVNalhjMmIvOEFpdnlFMApmanlZeE5lK3ExVzBzWGNZMVVqbVczNllqVlgwWlV2U3RiemZwTDR2U0tTT0NSS0U0UUtDQVFFQTV2Y1FTcjBpCkp6N0F0SEV6WE5sQnVPL1kyL0VIV1ZVbWMva1hDbWRQc0dDUU1vcTlzNDZySFR5UE43V3E0YklxNGVYdithcWQKZ0MzQyt6LzI4MmpGSWs1cEFYVmUySUIxYmxPeUR0MTVjZExnVlgyaXIvZnNscTQ1VUZkbTUycFhUTS83eERGeAorbFRJRzQxU1ExdmZNKzVncGJxWDlxenc4N0xZY2MrQmExVEM4Q0ZBdHV3Z2lKSnVKSGVNZTdaUnZKY3hzaG9OCklSUWQ5d1ZCY0xGWkhGM1VpVXA2NC9Uam1TOXBqYjdUYjdidiszNE80b3lEWHJISFltaE9sbEVscXVZa1dQdlcKY0NaN0ZYWmorSytUN01ZeC9CTnp0M01FL2tjNXI0ejluZ1BSdmd1R2FZcDE4cTAvK1ExRmVqK3RUTml3aG5vKwpaa1dPOUJQdDZmN0hqd0tDQVFFQXhWWWszOWl0SXJhczdJeXZzUGdFWGtuN0xZODdXQ0JZMHlUMUk1VGUrZWpJCmZIcXRjemQ5STJvNCtyazhQTDYwK29LRHZ0T0E3c2l6bWNhRnBzUVJuRWZDTWZSTDhVRENiZ3Z4RDY3dmJvby8KRzdiUFB5OTgrYVE1VXZreHVtLy9EUmVMVFVPT20yMXBaOGFCdGJ6WHdHUkdITENRQzZZR3p3T012Y3lYaTdWTApsOEFWa0VjQStjRDhOL0Q0R0JsZE5LVWV5N3IweDNLYWRUTFdkMzNKelVDWnQvb3dXMlg4UXBoa1hKMWc2bFA3CnM3QVR2VXRFK2NzM1dMTm4xTHBVYkd0N2J4cDdhdGlyNVhkYW5lZEtORlRaajgzK3lDSVVFRE9CanF6bmFKWk8KNVV0c0o5dkErMlNMRlJPOVM5dUI3UUpuVXVJb2xMSitZTGo3Qlp5ZlVRS0NBUUFLRmhRQ0Q0eGtSbHRJQmdHRwpObjZtUXVNbmg3a1liNTJFUndaNGo5WnREMnA4cW81cVB2cStCaDBEQTgzNG1UMUNMRFowb3J6S0VqV0huMTE3CmQ4SFVJN1IyT2Rmd2dIdWdXOHRVMXRzczIxYXNwUlhydFZvQm9vNGlNZzd1WURoN3hFRnNhZlJlU0VHTTRua0wKTkFIbFZLMm56eVEvdzRHcVFzOHMrVERmclEzdVNxVjIxNHo4S2RqaGdzOEJ3QTZGdTl5UnVJMkdPa2lzdHZBSwpxZFFJWnhpVy9rZXJtTkF2cW1CanJrZXhnejJycisrYWVTUnJpRHY2MGk5TVpUTE42Y3NBajg3bml1YXBJMGh1ClhjeUo5SVhPU2xNdFdicUlHRGd1c0d1SzhRUEIxdU1Cek9nbHR1Y3FTeWdUbEtCTzBNKzByN1gxNVdlK3hQZ0kKMWZXRkFvSUJBUUN6RC9QdDJ1TmYrSHI1T3IvQnlZdk5NenhrbnUrdWk4dU43SjgwWmtYZVowaGxDN3lRSysyMQpVUkhiRUhLRWZGZ2thSUc3aXBnWUZLNUQvMHdQZ3lLbnVNV1NKcWN5aHh6bVZwZXJMNFc3dkY1L2UyYWJZeS80Ckp2aU5QZW5OendxVWlxU3d1M2lQdUx4SW1tdmd5VGJOTVRBZG9HbFU2SmFOQ2grUHFqSnBaMXpzbWpQMjh6Y0QKYWdaempJalM5VkVLRURyZGl3dktYMGVneVR5cXVNMkJIZmxlWS91MU05bXZaREROaVZFRDBLazQ1N0ZCdHljagpzeTdKb2lHNWVrcFpCejYrRmoyZk9uVGdoMmtHbDNWUi94eGJ6UVEvL2d4T2x5NGNsUEIyaXMyVWF0ZjlZdjYrCkh3SEZZbUFHa1d4WDhESnBseVpUcDVQZG1IelBIc3ZCQW9JQkFCY3paWGVXSXJLM3lvejA4dnczK3V6Q1BraTEKMDhxeTBqMTJRdjhwVEM5M3BIMWZ0RTQzd2wybld1K3N1UGVKL2NiR05CQjlzbm1ZT0w2aFllVXJuSUQ2eEpjbAovQlVWaFlIT3pxVW5pY3lJQUFkV0ttZmZCNjVBdmZKWVpJV0pFMFgzeHpodzcrQ3FrVm9CS0krbS9PN2RXUFZwCjM3eUFpQlZ5TmpLMm1mZ0dnYmZSa2tEc09HRjZ6UUsrWFQ3UVUwUWVVa1JKckRFM0RRNEFrY1FQL0tHRytQWVEKd21hRGlKOTQ3NU9HQ0U4cTVsSElKSG9BV0FRUHh5eG5mZ1BIbjROejNXWDJHc0tVY2txNGxtb2J5bktRN1FxMwoxT0YySUZOekE3TUNrcEJZL2pGV1Y3UVFqeUdxbnFtK0piQkZWQzRuL1JUVXRlYUJNNms1VDVDNnMyST0KLS0tLS1FTkQgUlNBIFBSSVZBVEUgS0VZLS0tLS0K",
                "cluster_ca_certificate": "LS0tLS1CRUdJTiBDRVJUSUZJQ0FURS0tLS0tCk1JSUV5akNDQXJLZ0F3SUJBZ0lSQUpSakhEZDVXRTBjOUZxTW9yWFFlcUl3RFFZSktvWklodmNOQVFFTEJRQXcKRFRFTE1Ba0dBMVVFQXhNQ1kyRXdJQmNOTWpBd05USTNNak0xTURJd1doZ1BNakExTURBMU1qZ3dNREF3TWpCYQpNQTB4Q3pBSkJnTlZCQU1UQW1OaE1JSUNJakFOQmdrcWhraUc5dzBCQVFFRkFBT0NBZzhBTUlJQ0NnS0NBZ0VBCnVTZUw0K1FiUGxHUUhPS3B4ZVZwU1djVnBEd0RUVWs4LzNzZTNNNCtyMHd2dzE4SEd6ZW9mOGwrT0FabzFCblcKWmYya0FKc2Qwbm15Nng3OUdNZElKZ0RmZTc4cFJwVzJOc0tPRGN3QjRia29HZWMralpUMVFWbzhIbUxnSm9ydwpWVzZZdEVTYlJBSTlkdms2dm1oQjJldUhmQmI2U1I1SysweXNsc3p6bmJreEF5SFpLVHNwZFI3eDZGTWx1NG5rCkwxUWFWUGtvMW5VVGtPUXIwS0VEaUxycGFGQkEyYWtYZDVhU0ZsYklhZFZtK0pTRk43aWtaekhBazB5cWpQUk8KaHUwVG0wTnlFL2ZhYjNYeWxYTndaTzlVeFczM1dzRWNiZ3NneFFRY0ltV0c1QXovU1YvMXpqaVNEL2x3bHJMaQpmeGhXcjJESTNidjZLVVpYaCtEVHhVQ0lLNzBtZ0ltQm9wNU53R0ljRjgvUkRLOU5reGtCeWNCckgvZzdHbEU0ClpyNHY0S21lcURLdmR5UHVDT2tNUEVUdm9oZXBiRE1VT1pyckhNMXZvdlNVYzgvMVZ2ZGFzS0c5N1N3d2hUekoKc21pMU1KUnIrNVd6RE9FOXRoaVUvdlByVWRpV2FJRHgvbzRQY2tYZGV5V1N0ejZ0RGNub055aWFpVk9LSUNkdwo5WHpjNWxGanhZUVRXZUswYWE2ZDlRMVFLL2tHWTV4RTFxbmVFelVpcjJiNThXZDJnLzFQdWVrWWJtWi9md3Y3CkZLb3RVbTJxTkZ4U29lTW84Q1ZNa1ZxZ3lld3BSVTFMVWovalV4dDVpNUFhaFd1UlNQZG4xUXVwUFBJU1RLQjEKSWpOSndiNEwzdHJEeWg1WXJyeGE0OE5OYnFuR1pzcWYxdXpIcmxGOG9Vc0NBd0VBQWFNak1DRXdEZ1lEVlIwUApBUUgvQkFRREFnS2tNQThHQTFVZEV3RUIvd1FGTUFNQkFmOHdEUVlKS29aSWh2Y05BUUVMQlFBRGdnSUJBSWxmCnRXZFVOTE5McVNqblp4OXdlUmZwUGJsc3puUWVkRmczd1h1cmViVWF4SnBzVmpkZ2loQXlTTFdpT29aaVc3cVcKS0Zwc0NUKzBZTzBCNXBOTzB0OXd5NlRJNlFJd2JUcTF5WmtqbkN0S3FNdi9ZNHFhRHhXU3R4N01RMUtSVFhsUwpoWUhjUVloN0JIMnRtZ2FIZ0hLSkEvcW5tMXo2d2RsbWd0Ym4yZHUyNjRBU2RSRXdlRmFKR3kydHRyMDk4TjUwCnNCdXlrdmRzVHNlazk3UnRSSloyamM4aXk4YlhrSjdkU09wTXhpQXE1UHhtMS8rdVJTVnFEYjlISlBWWDJKRkgKdnNnTkpoY2VJUWdoOUhBUk0xazdkWGoyTy9CajNvWG80NHBqa3paU2dZY0Rob2doVnVUenZhWGpid3VST0JnLwpRSnY0NzQ0UStja3dBK2pZWHhtaEZ1K2tvNjZ6L05wNDNaaFMvRlk3NFBjSGZmZEZUbUVaRHNpaVVXTi9BSG8vClpmRTNlUWx6c1BpQjloUW5DRjU0QVlON2Q1aTlscnBJRGw5NkRvNlhvdG1WbWVFM01BeDVUOXBBOFd4d0Q2blcKNU01bFExR1FWMWFMZnd0bUs2S1hRL1VWYWUxM09WbVlSU2NpSEhrc1dGVGhjN1VJU0J3eWo4YUVvRkIrOHNxZApGcGdYWmIrdmNQVHZQOVQ2Tm5wSE1tcE9PNThQQnZjWitrMG1qY3JPWDlSc29iRWlFcXcrODFYOFJtVFFPclVVClRPVzIxblovR00wK0ZkNXhjVkxncTZtZk52L2xVZ2piOWxyMW0yaDBQRktBUmRpT2FXWTZHTkxuQysweG1nSVMKbU5ZUWV5cTdMRkxKMU1vbTFDMFNqWVJJaEFiMWQ0QnpIMERUSG9XZgotLS0tLUVORCBDRVJUSUZJQ0FURS0tLS0tCg==",
                "host": "https://exampleaks1-35b99430.hcp.eastus.azmk8s.io:443",
                "password": "7be8cc9d6df645fd34c8765012e341be8e8ca934e89215bdbd3a89a8f1babaf956cf95164fb8925ebe7145c85c61bdbd4823e851285599d0a4c979a241e721dc",
                "username": "clusterUser_rg-niner777_aks-niner777"
              }
            ],
            "kube_config_raw": "apiVersion: v1\nclusters:\n- cluster:\n    certificate-authority-data: LS0tLS1CRUdJTiBDRVJUSUZJQ0FURS0tLS0tCk1JSUV5akNDQXJLZ0F3SUJBZ0lSQUpSakhEZDVXRTBjOUZxTW9yWFFlcUl3RFFZSktvWklodmNOQVFFTEJRQXcKRFRFTE1Ba0dBMVVFQXhNQ1kyRXdJQmNOTWpBd05USTNNak0xTURJd1doZ1BNakExTURBMU1qZ3dNREF3TWpCYQpNQTB4Q3pBSkJnTlZCQU1UQW1OaE1JSUNJakFOQmdrcWhraUc5dzBCQVFFRkFBT0NBZzhBTUlJQ0NnS0NBZ0VBCnVTZUw0K1FiUGxHUUhPS3B4ZVZwU1djVnBEd0RUVWs4LzNzZTNNNCtyMHd2dzE4SEd6ZW9mOGwrT0FabzFCblcKWmYya0FKc2Qwbm15Nng3OUdNZElKZ0RmZTc4cFJwVzJOc0tPRGN3QjRia29HZWMralpUMVFWbzhIbUxnSm9ydwpWVzZZdEVTYlJBSTlkdms2dm1oQjJldUhmQmI2U1I1SysweXNsc3p6bmJreEF5SFpLVHNwZFI3eDZGTWx1NG5rCkwxUWFWUGtvMW5VVGtPUXIwS0VEaUxycGFGQkEyYWtYZDVhU0ZsYklhZFZtK0pTRk43aWtaekhBazB5cWpQUk8KaHUwVG0wTnlFL2ZhYjNYeWxYTndaTzlVeFczM1dzRWNiZ3NneFFRY0ltV0c1QXovU1YvMXpqaVNEL2x3bHJMaQpmeGhXcjJESTNidjZLVVpYaCtEVHhVQ0lLNzBtZ0ltQm9wNU53R0ljRjgvUkRLOU5reGtCeWNCckgvZzdHbEU0ClpyNHY0S21lcURLdmR5UHVDT2tNUEVUdm9oZXBiRE1VT1pyckhNMXZvdlNVYzgvMVZ2ZGFzS0c5N1N3d2hUekoKc21pMU1KUnIrNVd6RE9FOXRoaVUvdlByVWRpV2FJRHgvbzRQY2tYZGV5V1N0ejZ0RGNub055aWFpVk9LSUNkdwo5WHpjNWxGanhZUVRXZUswYWE2ZDlRMVFLL2tHWTV4RTFxbmVFelVpcjJiNThXZDJnLzFQdWVrWWJtWi9md3Y3CkZLb3RVbTJxTkZ4U29lTW84Q1ZNa1ZxZ3lld3BSVTFMVWovalV4dDVpNUFhaFd1UlNQZG4xUXVwUFBJU1RLQjEKSWpOSndiNEwzdHJEeWg1WXJyeGE0OE5OYnFuR1pzcWYxdXpIcmxGOG9Vc0NBd0VBQWFNak1DRXdEZ1lEVlIwUApBUUgvQkFRREFnS2tNQThHQTFVZEV3RUIvd1FGTUFNQkFmOHdEUVlKS29aSWh2Y05BUUVMQlFBRGdnSUJBSWxmCnRXZFVOTE5McVNqblp4OXdlUmZwUGJsc3puUWVkRmczd1h1cmViVWF4SnBzVmpkZ2loQXlTTFdpT29aaVc3cVcKS0Zwc0NUKzBZTzBCNXBOTzB0OXd5NlRJNlFJd2JUcTF5WmtqbkN0S3FNdi9ZNHFhRHhXU3R4N01RMUtSVFhsUwpoWUhjUVloN0JIMnRtZ2FIZ0hLSkEvcW5tMXo2d2RsbWd0Ym4yZHUyNjRBU2RSRXdlRmFKR3kydHRyMDk4TjUwCnNCdXlrdmRzVHNlazk3UnRSSloyamM4aXk4YlhrSjdkU09wTXhpQXE1UHhtMS8rdVJTVnFEYjlISlBWWDJKRkgKdnNnTkpoY2VJUWdoOUhBUk0xazdkWGoyTy9CajNvWG80NHBqa3paU2dZY0Rob2doVnVUenZhWGpid3VST0JnLwpRSnY0NzQ0UStja3dBK2pZWHhtaEZ1K2tvNjZ6L05wNDNaaFMvRlk3NFBjSGZmZEZUbUVaRHNpaVVXTi9BSG8vClpmRTNlUWx6c1BpQjloUW5DRjU0QVlON2Q1aTlscnBJRGw5NkRvNlhvdG1WbWVFM01BeDVUOXBBOFd4d0Q2blcKNU01bFExR1FWMWFMZnd0bUs2S1hRL1VWYWUxM09WbVlSU2NpSEhrc1dGVGhjN1VJU0J3eWo4YUVvRkIrOHNxZApGcGdYWmIrdmNQVHZQOVQ2Tm5wSE1tcE9PNThQQnZjWitrMG1qY3JPWDlSc29iRWlFcXcrODFYOFJtVFFPclVVClRPVzIxblovR00wK0ZkNXhjVkxncTZtZk52L2xVZ2piOWxyMW0yaDBQRktBUmRpT2FXWTZHTkxuQysweG1nSVMKbU5ZUWV5cTdMRkxKMU1vbTFDMFNqWVJJaEFiMWQ0QnpIMERUSG9XZgotLS0tLUVORCBDRVJUSUZJQ0FURS0tLS0tCg==\n    server: https://exampleaks1-35b99430.hcp.eastus.azmk8s.io:443\n  name: aks-niner777\ncontexts:\n- context:\n    cluster: aks-niner777\n    user: clusterUser_rg-niner777_aks-niner777\n  name: aks-niner777\ncurrent-context: aks-niner777\nkind: Config\npreferences: {}\nusers:\n- name: clusterUser_rg-niner777_aks-niner777\n  user:\n    client-certificate-data: LS0tLS1CRUdJTiBDRVJUSUZJQ0FURS0tLS0tCk1JSUUvRENDQXVTZ0F3SUJBZ0lRTVNyNjlLV2dxc2piTVhMK2x1Qlo1VEFOQmdrcWhraUc5dzBCQVFzRkFEQU4KTVFzd0NRWURWUVFERXdKallUQWVGdzB5TURBMU1qY3lNelV3TWpCYUZ3MHlNakExTWpnd01EQXdNakJhTURBeApGekFWQmdOVkJBb1REbk41YzNSbGJUcHRZWE4wWlhKek1SVXdFd1lEVlFRREV3eHRZWE4wWlhKamJHbGxiblF3CmdnSWlNQTBHQ1NxR1NJYjNEUUVCQVFVQUE0SUNEd0F3Z2dJS0FvSUNBUUN5Q2RmTnI2VXZacm1PSjVNZHZObmgKQjlnRUwzZ0pFb2tIVTZhVkdxQVc4MDhkUlJvL3ZXOVdMa1V4UnN1QmpTbzdXK3dKZnhwTjZtYUtpeFJ1ZTV3ZgpVQ1BOWG1xejVESnNYdExTdlIxSUJjMFd1WGN2L2gySDdSSnU5d2dnNXJhdUFvb081Rlk1YUlaWHJPd2VFbW5sCm1Oa3hNMVdib1g2ZHZvcGI0ZDhBWFdNVnZyVGJQVjk0OE5rTFVlcnBUaTJ6eWFGd3NscWErY0U5ZFMwcVlPZlAKUUZkMWl0WUU2Tm5iN1dXK2xLRFc0WWtjWEFhY0JGdEpIVVBDM2ozNVRaMlVVMGFSdktiUzJSaFlncEx3cHl1bQpRcHJWdVp6NkYyQ3Y2YVRTY1NLM2k0ME5qZnljOHZmTjFFOVBYeEx5WW9Odk9CL2tZM2EzeW1ZRjhWTWhzQW41CjVpTGg5SlRKeTJkend3dGM3OGdYbnA5bG4zWjBsNEptR0dyNHI0Z3Raa2Qzb0hQUFVCejZpdklrY200dWsxc00KQTlsNHFBdTUyaDdXT0NlTmk4cWRDcFhyUnNLK2M5bG5lcnp6RXY0aEdVTDJUZy8vVU5tc0g3S1dXSVR6dzM2VgpraDh6ZE4yWnFyR1B5cUIvb1JVbnEzL0lEYi9tTHBOQ2xsclFEYXplZzJGRldSVWZVOVlhTzJqMkc3MWdIYThWCis5NFBvRE5Hd3c2NTdtSDg3UDhmMWc0VEluSHJTbmwxY0pFUngzc2pVNFRoMVRaalJOZElTMVF5NE9QZy9FMEgKb2ZyYnpGUGpXeWFsZ2xaUzJ1UWYvUGJWZHdhSXNGOFU5dWx0aW5XZjdHUWMvczNTRXB5UFZRRG5mbVZZaC9abApjcXB3UmJKVWpwQmlCQlQ0cmJMMVB3SURBUUFCb3pVd016QU9CZ05WSFE4QkFmOEVCQU1DQmFBd0V3WURWUjBsCkJBd3dDZ1lJS3dZQkJRVUhBd0l3REFZRFZSMFRBUUgvQkFJd0FEQU5CZ2txaGtpRzl3MEJBUXNGQUFPQ0FnRUEKcGVBeXRINHVyYnNPcnZSMC9WVnVUZHRHcXlzZzE0ckdRd09Rd3N4cEJrNEExOEYxQ09GQ1dvbUozZnlnWU9QSwpZT1BnaHNBV2c1aEYyYUhxK2Rxb2NMcjIvSDAzV0ZGeExvaDRhSjJydVRpYzQ0L0NOb0Q1UUMyVHhyNWR0RXo4CjNRWCtIQzJGU045Ym9kMG82QnpFUEd6Y1RmR2Y5WTB3c29xSSs1YXgvVml6cXRnd21UaGFjajJzSExTdWUva0gKZkdsZDF2eklCK2tKTXBmSHVGRzNGYnY0QnVhaytuUGE5Nlo4cmY3bXg2WjN1NWd6UzhjQ1h4dnlRYXdyYWRESgpJSXBtU3JPT0ZvdFUwZ3lGQVNlYkYxRG5tU0QvZzROMWJhSEVSRzdodEpmZlVmZFdqajh2ZWw2MFByWFVrcy9BCmVGMk5FOGd0N1JsbExMUExIVk9FV2s0YnJqZ2ZHUGpXYURPai9lM2dESHF5ditZenNPNEZFNGlKbGJEWElTZTcKQ2ZWZnhsU3F1MUZnZFZjQm5BanRzQThzRG1EbFQwVUcvU1JueFA5eURmU2lzT29kNnB4YUU1UVFIbFBOcTE3VgpJaXk3bXlCektkN1krWE9UcmQrSjBoR2hmRkFOM1kvUmtDU01TbmdXWjUveXc3YUwvbGtoN3NQbGRoU2xlSjBtCmJjcVM2M28xN0N3TzI1Y3lOKzE2ZXU2M2xwRUJYUnFtNEI4RUtyY1ZFTjhOaXhISW1FcUVvOEVTdGJUUTdxdFYKYXZ6aTY2ZENnN1RiNzFiZUhIaHhLYkd2czBnS0tDOWxqdkNvN25YSEtEQUhjY3RjdXlENkhnUGlCVTFTaFQvbQo5NlVuSXUxMWpwM05MT1FmTjdKcTE4cDI4K1l0VldiUVN0NmJkblR3dDU0PQotLS0tLUVORCBDRVJUSUZJQ0FURS0tLS0tCg==\n    client-key-data: LS0tLS1CRUdJTiBSU0EgUFJJVkFURSBLRVktLS0tLQpNSUlKS0FJQkFBS0NBZ0VBc2duWHphK2xMMmE1amllVEhielo0UWZZQkM5NENSS0pCMU9tbFJxZ0Z2TlBIVVVhClA3MXZWaTVGTVViTGdZMHFPMXZzQ1g4YVRlcG1pb3NVYm51Y0gxQWp6VjVxcytReWJGN1MwcjBkU0FYTkZybDMKTC80ZGgrMFNidmNJSU9hMnJnS0tEdVJXT1dpR1Y2enNIaEpwNVpqWk1UTlZtNkYrbmI2S1crSGZBRjFqRmI2MAoyejFmZVBEWkMxSHE2VTR0czhtaGNMSmFtdm5CUFhVdEttRG56MEJYZFlyV0JPaloyKzFsdnBTZzF1R0pIRndHCm5BUmJTUjFEd3Q0OStVMmRsRk5Ha2J5bTB0a1lXSUtTOEtjcnBrS2ExYm1jK2hkZ3IrbWswbkVpdDR1TkRZMzgKblBMM3pkUlBUMThTOG1LRGJ6Z2Y1R04ydDhwbUJmRlRJYkFKK2VZaTRmU1V5Y3RuYzhNTFhPL0lGNTZmWlo5MgpkSmVDWmhocStLK0lMV1pIZDZCenoxQWMrb3J5SkhKdUxwTmJEQVBaZUtnTHVkb2Uxamduall2S25RcVY2MGJDCnZuUFpaM3E4OHhMK0lSbEM5azRQLzFEWnJCK3lsbGlFODhOK2xaSWZNM1RkbWFxeGo4cWdmNkVWSjZ0L3lBMi8KNWk2VFFwWmEwQTJzM29OaFJWa1ZIMVBXR2p0bzlodTlZQjJ2RmZ2ZUQ2QXpSc01PdWU1aC9Pei9IOVlPRXlKeAo2MHA1ZFhDUkVjZDdJMU9FNGRVMlkwVFhTRXRVTXVEajRQeE5CNkg2Mjh4VDQxc21wWUpXVXRya0gvejIxWGNHCmlMQmZGUGJwYllwMW4reGtIUDdOMGhLY2oxVUE1MzVsV0lmMlpYS3FjRVd5Vkk2UVlnUVUrSzJ5OVQ4Q0F3RUEKQVFLQ0FnQUY1emVsbFVaWDNRTVlDSTNqTllqUDRrK3lTOVNpRUdCRXd1eEtFMWp0aWVHOHFiYm1HQ1RoNmFUWApybTQrL0d4RERaZzA5R2J0NEhESDlUYVhOemdFL2NaQ0gvaFB3S2cvV2FHSjVVVmNSdnoyM08xcnhQUTd0b3VlCjdFZnp0MUtsVUdZOWVpcTF1cGFCdjdVUWhqSEdzQnU3ZXVWQ3hNY0srZTlpZm9uRFhGVlZ1ajRLNnUwSWVJdnAKeVN5TjBjN0lJRTVmQ3pyZjJwb2lySWp6MThTMzVYMUE0M3FYTFJWVUtubnVLTVZ3ZW9mdVRjcldUM3FyWVBJSApPeEU0Kys3V3BUQTQwdFdCTmp1TmE3N3RoYzEzdE11bmZJRU05Y3Q1NmJoU1ZmZjl0LzNVVGpuckJrOWJIc2dHCmJMT1hIOWNWei9tV3ZBbUtySVpYZWhuMGl2NjVvVWxKY21VbTd6WFZxRGxrS2k3aDRhaG5mRjV1Wng5VVkrbzIKQ1ZHWC82bThZdXJ6SFQvSXR6ZnFkaUREd01lbThTUFpNd3d4OUFxaHFTb0dnc3hsYjgycUU3b25ZY050aU1XMQpTZmlmVUJ1bTFTbmVkVGZRNXlvYjVQMDRiRlFpMkgxWUZPKzU2NnpJSm5zUFVnR1h4eXNTNkltRnlMZlZBMUYzClRhZW10VEdMR3NLcHp1WjBjc2FaSEozMnJZcWZ3d1Y3N2VyTVE2YXd6aDBQZitwWmk0bGtJU2M3OFdKeE9UNjMKSmxUSlBiSmlpLzVJRG5CK1VKSDhJNmlRYU1LUXErRlNvUjFkZnE5UWpiTFUvN0xFRlVNalhjMmIvOEFpdnlFMApmanlZeE5lK3ExVzBzWGNZMVVqbVczNllqVlgwWlV2U3RiemZwTDR2U0tTT0NSS0U0UUtDQVFFQTV2Y1FTcjBpCkp6N0F0SEV6WE5sQnVPL1kyL0VIV1ZVbWMva1hDbWRQc0dDUU1vcTlzNDZySFR5UE43V3E0YklxNGVYdithcWQKZ0MzQyt6LzI4MmpGSWs1cEFYVmUySUIxYmxPeUR0MTVjZExnVlgyaXIvZnNscTQ1VUZkbTUycFhUTS83eERGeAorbFRJRzQxU1ExdmZNKzVncGJxWDlxenc4N0xZY2MrQmExVEM4Q0ZBdHV3Z2lKSnVKSGVNZTdaUnZKY3hzaG9OCklSUWQ5d1ZCY0xGWkhGM1VpVXA2NC9Uam1TOXBqYjdUYjdidiszNE80b3lEWHJISFltaE9sbEVscXVZa1dQdlcKY0NaN0ZYWmorSytUN01ZeC9CTnp0M01FL2tjNXI0ejluZ1BSdmd1R2FZcDE4cTAvK1ExRmVqK3RUTml3aG5vKwpaa1dPOUJQdDZmN0hqd0tDQVFFQXhWWWszOWl0SXJhczdJeXZzUGdFWGtuN0xZODdXQ0JZMHlUMUk1VGUrZWpJCmZIcXRjemQ5STJvNCtyazhQTDYwK29LRHZ0T0E3c2l6bWNhRnBzUVJuRWZDTWZSTDhVRENiZ3Z4RDY3dmJvby8KRzdiUFB5OTgrYVE1VXZreHVtLy9EUmVMVFVPT20yMXBaOGFCdGJ6WHdHUkdITENRQzZZR3p3T012Y3lYaTdWTApsOEFWa0VjQStjRDhOL0Q0R0JsZE5LVWV5N3IweDNLYWRUTFdkMzNKelVDWnQvb3dXMlg4UXBoa1hKMWc2bFA3CnM3QVR2VXRFK2NzM1dMTm4xTHBVYkd0N2J4cDdhdGlyNVhkYW5lZEtORlRaajgzK3lDSVVFRE9CanF6bmFKWk8KNVV0c0o5dkErMlNMRlJPOVM5dUI3UUpuVXVJb2xMSitZTGo3Qlp5ZlVRS0NBUUFLRmhRQ0Q0eGtSbHRJQmdHRwpObjZtUXVNbmg3a1liNTJFUndaNGo5WnREMnA4cW81cVB2cStCaDBEQTgzNG1UMUNMRFowb3J6S0VqV0huMTE3CmQ4SFVJN1IyT2Rmd2dIdWdXOHRVMXRzczIxYXNwUlhydFZvQm9vNGlNZzd1WURoN3hFRnNhZlJlU0VHTTRua0wKTkFIbFZLMm56eVEvdzRHcVFzOHMrVERmclEzdVNxVjIxNHo4S2RqaGdzOEJ3QTZGdTl5UnVJMkdPa2lzdHZBSwpxZFFJWnhpVy9rZXJtTkF2cW1CanJrZXhnejJycisrYWVTUnJpRHY2MGk5TVpUTE42Y3NBajg3bml1YXBJMGh1ClhjeUo5SVhPU2xNdFdicUlHRGd1c0d1SzhRUEIxdU1Cek9nbHR1Y3FTeWdUbEtCTzBNKzByN1gxNVdlK3hQZ0kKMWZXRkFvSUJBUUN6RC9QdDJ1TmYrSHI1T3IvQnlZdk5NenhrbnUrdWk4dU43SjgwWmtYZVowaGxDN3lRSysyMQpVUkhiRUhLRWZGZ2thSUc3aXBnWUZLNUQvMHdQZ3lLbnVNV1NKcWN5aHh6bVZwZXJMNFc3dkY1L2UyYWJZeS80Ckp2aU5QZW5OendxVWlxU3d1M2lQdUx4SW1tdmd5VGJOTVRBZG9HbFU2SmFOQ2grUHFqSnBaMXpzbWpQMjh6Y0QKYWdaempJalM5VkVLRURyZGl3dktYMGVneVR5cXVNMkJIZmxlWS91MU05bXZaREROaVZFRDBLazQ1N0ZCdHljagpzeTdKb2lHNWVrcFpCejYrRmoyZk9uVGdoMmtHbDNWUi94eGJ6UVEvL2d4T2x5NGNsUEIyaXMyVWF0ZjlZdjYrCkh3SEZZbUFHa1d4WDhESnBseVpUcDVQZG1IelBIc3ZCQW9JQkFCY3paWGVXSXJLM3lvejA4dnczK3V6Q1BraTEKMDhxeTBqMTJRdjhwVEM5M3BIMWZ0RTQzd2wybld1K3N1UGVKL2NiR05CQjlzbm1ZT0w2aFllVXJuSUQ2eEpjbAovQlVWaFlIT3pxVW5pY3lJQUFkV0ttZmZCNjVBdmZKWVpJV0pFMFgzeHpodzcrQ3FrVm9CS0krbS9PN2RXUFZwCjM3eUFpQlZ5TmpLMm1mZ0dnYmZSa2tEc09HRjZ6UUsrWFQ3UVUwUWVVa1JKckRFM0RRNEFrY1FQL0tHRytQWVEKd21hRGlKOTQ3NU9HQ0U4cTVsSElKSG9BV0FRUHh5eG5mZ1BIbjROejNXWDJHc0tVY2txNGxtb2J5bktRN1FxMwoxT0YySUZOekE3TUNrcEJZL2pGV1Y3UVFqeUdxbnFtK0piQkZWQzRuL1JUVXRlYUJNNms1VDVDNnMyST0KLS0tLS1FTkQgUlNBIFBSSVZBVEUgS0VZLS0tLS0K\n    token: 7be8cc9d6df645fd34c8765012e341be8e8ca934e89215bdbd3a89a8f1babaf956cf95164fb8925ebe7145c85c61bdbd4823e851285599d0a4c979a241e721dc\n",
            "kubelet_identity": [
              {
                "client_id": "3d42a380-efa3-431c-b672-a121ed7d185a",
                "object_id": "3689da89-50e3-4601-af39-397adbc25589",
                "user_assigned_identity_id": "/subscriptions/10a09851-d632-420e-ad20-2cd774fd4d41/resourcegroups/MC_rg-niner777_aks-niner777_eastus/providers/Microsoft.ManagedIdentity/userAssignedIdentities/aks-niner777-agentpool"
              }
            ],
            "kubernetes_version": "1.15.11",
            "linux_profile": [],
            "location": "eastus",
            "name": "aks-niner777",
            "network_profile": [
              {
                "dns_service_ip": "10.200.0.10",
                "docker_bridge_cidr": "172.17.0.1/16",
                "load_balancer_profile": [
                  {
                    "effective_outbound_ips": [
                      "/subscriptions/10a09851-d632-420e-ad20-2cd774fd4d41/resourceGroups/MC_rg-niner777_aks-niner777_eastus/providers/Microsoft.Network/publicIPAddresses/7e865c91-4588-49e3-86fc-cbf60ab1ed1f"
                    ],
                    "managed_outbound_ip_count": 1,
                    "outbound_ip_address_ids": [],
                    "outbound_ip_prefix_ids": []
                  }
                ],
                "load_balancer_sku": "Standard",
                "network_plugin": "azure",
                "network_policy": "",
                "outbound_type": "loadBalancer",
                "pod_cidr": "",
                "service_cidr": "10.200.0.0/16"
              }
            ],
            "node_resource_group": "MC_rg-niner777_aks-niner777_eastus",
            "private_cluster_enabled": false,
            "private_fqdn": "",
            "private_link_enabled": false,
            "resource_group_name": "rg-niner777",
            "role_based_access_control": [
              {
                "azure_active_directory": [],
                "enabled": true
              }
            ],
            "service_principal": [],
            "tags": null,
            "timeouts": null,
            "windows_profile": [
              {
                "admin_password": "",
                "admin_username": "azureuser"
              }
            ]
          },
          "private": "eyJlMmJmYjczMC1lY2FhLTExZTYtOGY4OC0zNDM2M2JjN2M0YzAiOnsiY3JlYXRlIjo1NDAwMDAwMDAwMDAwLCJkZWxldGUiOjU0MDAwMDAwMDAwMDAsInJlYWQiOjMwMDAwMDAwMDAwMCwidXBkYXRlIjo1NDAwMDAwMDAwMDAwfX0=",
          "dependencies": [
            "azurerm_resource_group.resourceGroup",
            "azurerm_subnet.subnet_aks",
            "azurerm_virtual_network.vnet"
          ]
        }
      ]
    },
    {
      "mode": "managed",
      "type": "azurerm_public_ip",
      "name": "pip",
      "provider": "provider.azurerm",
      "instances": [
        {
          "schema_version": 0,
          "attributes": {
            "allocation_method": "Static",
            "domain_name_label": null,
            "fqdn": null,
            "id": "/subscriptions/10a09851-d632-420e-ad20-2cd774fd4d41/resourceGroups/rg-niner777/providers/Microsoft.Network/publicIPAddresses/pip",
            "idle_timeout_in_minutes": 4,
            "ip_address": "40.88.16.205",
            "ip_version": "IPv4",
            "location": "eastus",
            "name": "pip",
            "public_ip_prefix_id": null,
            "resource_group_name": "rg-niner777",
            "reverse_fqdn": null,
            "sku": "Standard",
            "tags": null,
            "timeouts": null,
            "zones": null
          },
          "private": "eyJlMmJmYjczMC1lY2FhLTExZTYtOGY4OC0zNDM2M2JjN2M0YzAiOnsiY3JlYXRlIjoxODAwMDAwMDAwMDAwLCJkZWxldGUiOjE4MDAwMDAwMDAwMDAsInJlYWQiOjMwMDAwMDAwMDAwMCwidXBkYXRlIjoxODAwMDAwMDAwMDAwfX0=",
          "dependencies": [
            "azurerm_resource_group.resourceGroup"
          ]
        }
      ]
    },
    {
      "mode": "managed",
      "type": "azurerm_resource_group",
      "name": "resourceGroup",
      "provider": "provider.azurerm",
      "instances": [
        {
          "schema_version": 0,
          "attributes": {
            "id": "/subscriptions/10a09851-d632-420e-ad20-2cd774fd4d41/resourceGroups/rg-niner777",
            "location": "eastus",
            "name": "rg-niner777",
            "tags": null,
            "timeouts": null
          },
          "private": "eyJlMmJmYjczMC1lY2FhLTExZTYtOGY4OC0zNDM2M2JjN2M0YzAiOnsiY3JlYXRlIjo1NDAwMDAwMDAwMDAwLCJkZWxldGUiOjU0MDAwMDAwMDAwMDAsInJlYWQiOjMwMDAwMDAwMDAwMCwidXBkYXRlIjo1NDAwMDAwMDAwMDAwfX0="
        }
      ]
    },
    {
      "mode": "managed",
      "type": "azurerm_role_assignment",
      "name": "aks-acr-access",
      "provider": "provider.azurerm",
      "instances": [
        {
          "schema_version": 0,
          "attributes": {
            "id": "/subscriptions/10a09851-d632-420e-ad20-2cd774fd4d41/resourceGroups/rg-niner777/providers/Microsoft.ContainerRegistry/registries/acrniner777/providers/Microsoft.Authorization/roleAssignments/a7f56d19-60f4-b6b2-023f-4d9e2e16298e",
            "name": "a7f56d19-60f4-b6b2-023f-4d9e2e16298e",
            "principal_id": "3689da89-50e3-4601-af39-397adbc25589",
            "principal_type": "ServicePrincipal",
            "role_definition_id": "/subscriptions/10a09851-d632-420e-ad20-2cd774fd4d41/providers/Microsoft.Authorization/roleDefinitions/7f951dda-4ed3-4680-a7ca-43fe172d538d",
            "role_definition_name": "AcrPull",
            "scope": "/subscriptions/10a09851-d632-420e-ad20-2cd774fd4d41/resourceGroups/rg-niner777/providers/Microsoft.ContainerRegistry/registries/acrniner777",
            "skip_service_principal_aad_check": true,
            "timeouts": null
          },
          "private": "eyJlMmJmYjczMC1lY2FhLTExZTYtOGY4OC0zNDM2M2JjN2M0YzAiOnsiY3JlYXRlIjoxODAwMDAwMDAwMDAwLCJkZWxldGUiOjE4MDAwMDAwMDAwMDAsInJlYWQiOjMwMDAwMDAwMDAwMCwidXBkYXRlIjoxODAwMDAwMDAwMDAwfX0=",
          "dependencies": [
            "azurerm_container_registry.acr",
            "azurerm_kubernetes_cluster.aks",
            "azurerm_resource_group.resourceGroup",
            "azurerm_subnet.subnet_aks",
            "azurerm_virtual_network.vnet"
          ]
        }
      ]
    },
    {
      "mode": "managed",
      "type": "azurerm_role_assignment",
      "name": "aks-pod-identity-mio-access",
      "provider": "provider.azurerm",
      "instances": [
        {
          "schema_version": 0,
          "attributes": {
            "id": "/subscriptions/10a09851-d632-420e-ad20-2cd774fd4d41/resourceGroups/MC_rg-niner777_aks-niner777_eastus/providers/Microsoft.Authorization/roleAssignments/165eea09-d644-e041-130d-e7c3bc9d669a",
            "name": "165eea09-d644-e041-130d-e7c3bc9d669a",
            "principal_id": "3689da89-50e3-4601-af39-397adbc25589",
            "principal_type": "ServicePrincipal",
            "role_definition_id": "/subscriptions/10a09851-d632-420e-ad20-2cd774fd4d41/providers/Microsoft.Authorization/roleDefinitions/f1a07417-d97a-45cb-824c-7a7467783830",
            "role_definition_name": "Managed Identity Operator",
            "scope": "/subscriptions/10a09851-d632-420e-ad20-2cd774fd4d41/resourceGroups/MC_rg-niner777_aks-niner777_eastus",
            "skip_service_principal_aad_check": true,
            "timeouts": null
          },
          "private": "eyJlMmJmYjczMC1lY2FhLTExZTYtOGY4OC0zNDM2M2JjN2M0YzAiOnsiY3JlYXRlIjoxODAwMDAwMDAwMDAwLCJkZWxldGUiOjE4MDAwMDAwMDAwMDAsInJlYWQiOjMwMDAwMDAwMDAwMCwidXBkYXRlIjoxODAwMDAwMDAwMDAwfX0=",
          "dependencies": [
            "azurerm_kubernetes_cluster.aks",
            "azurerm_resource_group.resourceGroup",
            "azurerm_subnet.subnet_aks",
            "azurerm_virtual_network.vnet"
          ]
        }
      ]
    },
    {
      "mode": "managed",
      "type": "azurerm_role_assignment",
      "name": "aks-pod-identity-mio-access-main-rg",
      "provider": "provider.azurerm",
      "instances": [
        {
          "schema_version": 0,
          "attributes": {
            "id": "/subscriptions/10a09851-d632-420e-ad20-2cd774fd4d41/resourceGroups/rg-niner777/providers/Microsoft.Authorization/roleAssignments/1c7a1d20-c9e5-529c-5560-436ff3ba79ce",
            "name": "1c7a1d20-c9e5-529c-5560-436ff3ba79ce",
            "principal_id": "3689da89-50e3-4601-af39-397adbc25589",
            "principal_type": "ServicePrincipal",
            "role_definition_id": "/subscriptions/10a09851-d632-420e-ad20-2cd774fd4d41/providers/Microsoft.Authorization/roleDefinitions/f1a07417-d97a-45cb-824c-7a7467783830",
            "role_definition_name": "Managed Identity Operator",
            "scope": "/subscriptions/10a09851-d632-420e-ad20-2cd774fd4d41/resourceGroups/rg-niner777",
            "skip_service_principal_aad_check": true,
            "timeouts": null
          },
          "private": "eyJlMmJmYjczMC1lY2FhLTExZTYtOGY4OC0zNDM2M2JjN2M0YzAiOnsiY3JlYXRlIjoxODAwMDAwMDAwMDAwLCJkZWxldGUiOjE4MDAwMDAwMDAwMDAsInJlYWQiOjMwMDAwMDAwMDAwMCwidXBkYXRlIjoxODAwMDAwMDAwMDAwfX0=",
          "dependencies": [
            "azurerm_kubernetes_cluster.aks",
            "azurerm_resource_group.resourceGroup",
            "azurerm_subnet.subnet_aks",
            "azurerm_virtual_network.vnet"
          ]
        }
      ]
    },
    {
      "mode": "managed",
      "type": "azurerm_role_assignment",
      "name": "aks-pod-identity-vm-access",
      "provider": "provider.azurerm",
      "instances": [
        {
          "schema_version": 0,
          "attributes": {
            "id": "/subscriptions/10a09851-d632-420e-ad20-2cd774fd4d41/resourceGroups/MC_rg-niner777_aks-niner777_eastus/providers/Microsoft.Authorization/roleAssignments/c354aecf-ab13-a98a-8f5e-292431d1626f",
            "name": "c354aecf-ab13-a98a-8f5e-292431d1626f",
            "principal_id": "3689da89-50e3-4601-af39-397adbc25589",
            "principal_type": "ServicePrincipal",
            "role_definition_id": "/subscriptions/10a09851-d632-420e-ad20-2cd774fd4d41/providers/Microsoft.Authorization/roleDefinitions/9980e02c-c2be-4d73-94e8-173b1dc7cf3c",
            "role_definition_name": "Virtual Machine Contributor",
            "scope": "/subscriptions/10a09851-d632-420e-ad20-2cd774fd4d41/resourceGroups/MC_rg-niner777_aks-niner777_eastus",
            "skip_service_principal_aad_check": true,
            "timeouts": null
          },
          "private": "eyJlMmJmYjczMC1lY2FhLTExZTYtOGY4OC0zNDM2M2JjN2M0YzAiOnsiY3JlYXRlIjoxODAwMDAwMDAwMDAwLCJkZWxldGUiOjE4MDAwMDAwMDAwMDAsInJlYWQiOjMwMDAwMDAwMDAwMCwidXBkYXRlIjoxODAwMDAwMDAwMDAwfX0=",
          "dependencies": [
            "azurerm_kubernetes_cluster.aks",
            "azurerm_resource_group.resourceGroup",
            "azurerm_subnet.subnet_aks",
            "azurerm_virtual_network.vnet"
          ]
        }
      ]
    },
    {
      "mode": "managed",
      "type": "azurerm_role_assignment",
      "name": "pod-identity-assignment",
      "provider": "provider.azurerm",
      "instances": [
        {
          "schema_version": 0,
          "attributes": {
            "id": "/subscriptions/10a09851-d632-420e-ad20-2cd774fd4d41/resourceGroups/rg-niner777/providers/Microsoft.Authorization/roleAssignments/18876201-fefe-4309-3884-dd56cc0482a1",
            "name": "18876201-fefe-4309-3884-dd56cc0482a1",
            "principal_id": "fce3cd76-9529-429c-9c90-f53aceeb207a",
            "principal_type": "ServicePrincipal",
            "role_definition_id": "/subscriptions/10a09851-d632-420e-ad20-2cd774fd4d41/providers/Microsoft.Authorization/roleDefinitions/acdd72a7-3385-48ef-bd42-f606fba81ae7",
            "role_definition_name": "Reader",
            "scope": "/subscriptions/10a09851-d632-420e-ad20-2cd774fd4d41/resourceGroups/rg-niner777",
            "skip_service_principal_aad_check": null,
            "timeouts": null
          },
          "private": "eyJlMmJmYjczMC1lY2FhLTExZTYtOGY4OC0zNDM2M2JjN2M0YzAiOnsiY3JlYXRlIjoxODAwMDAwMDAwMDAwLCJkZWxldGUiOjE4MDAwMDAwMDAwMDAsInJlYWQiOjMwMDAwMDAwMDAwMCwidXBkYXRlIjoxODAwMDAwMDAwMDAwfX0=",
          "dependencies": [
            "azurerm_resource_group.resourceGroup",
            "azurerm_user_assigned_identity.pod-identity"
          ]
        }
      ]
    },
    {
      "mode": "managed",
      "type": "azurerm_role_assignment",
      "name": "pod-identity-assignment-agw",
      "provider": "provider.azurerm",
      "instances": [
        {
          "schema_version": 0,
          "attributes": {
            "id": "/subscriptions/10a09851-d632-420e-ad20-2cd774fd4d41/resourceGroups/rg-niner777/providers/Microsoft.Network/applicationGateways/agw-niner777/providers/Microsoft.Authorization/roleAssignments/79bb6b5b-0bfe-9139-da30-ac2063c14305",
            "name": "79bb6b5b-0bfe-9139-da30-ac2063c14305",
            "principal_id": "fce3cd76-9529-429c-9c90-f53aceeb207a",
            "principal_type": "ServicePrincipal",
            "role_definition_id": "/subscriptions/10a09851-d632-420e-ad20-2cd774fd4d41/providers/Microsoft.Authorization/roleDefinitions/b24988ac-6180-42a0-ab88-20f7382dd24c",
            "role_definition_name": "Contributor",
            "scope": "/subscriptions/10a09851-d632-420e-ad20-2cd774fd4d41/resourceGroups/rg-niner777/providers/Microsoft.Network/applicationGateways/agw-niner777",
            "skip_service_principal_aad_check": null,
            "timeouts": null
          },
          "private": "eyJlMmJmYjczMC1lY2FhLTExZTYtOGY4OC0zNDM2M2JjN2M0YzAiOnsiY3JlYXRlIjoxODAwMDAwMDAwMDAwLCJkZWxldGUiOjE4MDAwMDAwMDAwMDAsInJlYWQiOjMwMDAwMDAwMDAwMCwidXBkYXRlIjoxODAwMDAwMDAwMDAwfX0=",
          "dependencies": [
            "azurerm_application_gateway.agw",
            "azurerm_public_ip.pip",
            "azurerm_resource_group.resourceGroup",
            "azurerm_subnet.subnet_app_gateway",
            "azurerm_user_assigned_identity.pod-identity",
            "azurerm_virtual_network.vnet"
          ]
        }
      ]
    },
    {
      "mode": "managed",
      "type": "azurerm_role_assignment",
      "name": "script-identity-assignment",
      "provider": "provider.azurerm",
      "instances": [
        {
          "schema_version": 0,
          "attributes": {
            "id": "/subscriptions/10a09851-d632-420e-ad20-2cd774fd4d41/resourceGroups/rg-niner777/providers/Microsoft.Authorization/roleAssignments/edecd795-9455-e2cb-d505-81de29bc3f6c",
            "name": "edecd795-9455-e2cb-d505-81de29bc3f6c",
            "principal_id": "fce3cd76-9529-429c-9c90-f53aceeb207a",
            "principal_type": "ServicePrincipal",
            "role_definition_id": "/subscriptions/10a09851-d632-420e-ad20-2cd774fd4d41/providers/Microsoft.Authorization/roleDefinitions/b24988ac-6180-42a0-ab88-20f7382dd24c",
            "role_definition_name": "Contributor",
            "scope": "/subscriptions/10a09851-d632-420e-ad20-2cd774fd4d41/resourceGroups/rg-niner777",
            "skip_service_principal_aad_check": null,
            "timeouts": null
          },
          "private": "eyJlMmJmYjczMC1lY2FhLTExZTYtOGY4OC0zNDM2M2JjN2M0YzAiOnsiY3JlYXRlIjoxODAwMDAwMDAwMDAwLCJkZWxldGUiOjE4MDAwMDAwMDAwMDAsInJlYWQiOjMwMDAwMDAwMDAwMCwidXBkYXRlIjoxODAwMDAwMDAwMDAwfX0=",
          "dependencies": [
            "azurerm_resource_group.resourceGroup",
            "azurerm_user_assigned_identity.script-identity"
          ]
        }
      ]
    },
    {
      "mode": "managed",
      "type": "azurerm_sql_database",
      "name": "database",
      "provider": "provider.azurerm",
      "instances": [
        {
          "schema_version": 0,
          "attributes": {
            "collation": "SQL_Latin1_General_CP1_CI_AS",
            "create_mode": "Default",
            "creation_date": "2020-05-28T00:00:47.433Z",
            "default_secondary_location": "West US",
            "edition": "GeneralPurpose",
            "elastic_pool_name": "",
            "encryption": "",
            "extended_auditing_policy": [],
            "id": "/subscriptions/10a09851-d632-420e-ad20-2cd774fd4d41/resourceGroups/rg-niner777/providers/Microsoft.Sql/servers/sqlniner777/databases/domaindb",
            "import": [],
            "location": "eastus",
            "max_size_bytes": "34359738368",
            "max_size_gb": null,
            "name": "domaindb",
            "read_scale": false,
            "requested_service_objective_id": "f21733ad-9b9b-4d4e-a4fa-94a133c41718",
            "requested_service_objective_name": "GP_Gen5_2",
            "resource_group_name": "rg-niner777",
            "restore_point_in_time": null,
            "server_name": "sqlniner777",
            "source_database_deletion_date": null,
            "source_database_id": null,
            "tags": null,
            "threat_detection_policy": [
              {
                "disabled_alerts": [],
                "email_account_admins": "Disabled",
                "email_addresses": [],
                "retention_days": 0,
                "state": "Disabled",
                "storage_account_access_key": "",
                "storage_endpoint": "",
                "use_server_default": "Disabled"
              }
            ],
            "timeouts": null,
            "zone_redundant": false
          },
          "private": "eyJlMmJmYjczMC1lY2FhLTExZTYtOGY4OC0zNDM2M2JjN2M0YzAiOnsiY3JlYXRlIjozNjAwMDAwMDAwMDAwLCJkZWxldGUiOjM2MDAwMDAwMDAwMDAsInJlYWQiOjMwMDAwMDAwMDAwMCwidXBkYXRlIjozNjAwMDAwMDAwMDAwfX0=",
          "dependencies": [
            "azurerm_resource_group.resourceGroup",
            "azurerm_sql_server.sql"
          ]
        }
      ]
    },
    {
      "mode": "managed",
      "type": "azurerm_sql_firewall_rule",
      "name": "azure",
      "provider": "provider.azurerm",
      "instances": [
        {
          "schema_version": 0,
          "attributes": {
            "end_ip_address": "0.0.0.0",
            "id": "/subscriptions/10a09851-d632-420e-ad20-2cd774fd4d41/resourceGroups/rg-niner777/providers/Microsoft.Sql/servers/sqlniner777/firewallRules/azure",
            "name": "azure",
            "resource_group_name": "rg-niner777",
            "server_name": "sqlniner777",
            "start_ip_address": "0.0.0.0",
            "timeouts": null
          },
          "private": "eyJlMmJmYjczMC1lY2FhLTExZTYtOGY4OC0zNDM2M2JjN2M0YzAiOnsiY3JlYXRlIjoxODAwMDAwMDAwMDAwLCJkZWxldGUiOjE4MDAwMDAwMDAwMDAsInJlYWQiOjMwMDAwMDAwMDAwMCwidXBkYXRlIjoxODAwMDAwMDAwMDAwfX0=",
          "dependencies": [
            "azurerm_resource_group.resourceGroup",
            "azurerm_sql_server.sql"
          ]
        }
      ]
    },
    {
      "mode": "managed",
      "type": "azurerm_sql_server",
      "name": "sql",
      "provider": "provider.azurerm",
      "instances": [
        {
          "schema_version": 0,
          "attributes": {
            "administrator_login": "twtadmin",
            "administrator_login_password": "Password2020!",
            "connection_policy": "Default",
            "extended_auditing_policy": [],
            "fully_qualified_domain_name": "sqlniner777.database.windows.net",
            "id": "/subscriptions/10a09851-d632-420e-ad20-2cd774fd4d41/resourceGroups/rg-niner777/providers/Microsoft.Sql/servers/sqlniner777",
            "identity": [],
            "location": "eastus",
            "name": "sqlniner777",
            "resource_group_name": "rg-niner777",
            "tags": null,
            "timeouts": null,
            "version": "12.0"
          },
          "private": "eyJlMmJmYjczMC1lY2FhLTExZTYtOGY4OC0zNDM2M2JjN2M0YzAiOnsiY3JlYXRlIjozNjAwMDAwMDAwMDAwLCJkZWxldGUiOjM2MDAwMDAwMDAwMDAsInJlYWQiOjMwMDAwMDAwMDAwMCwidXBkYXRlIjozNjAwMDAwMDAwMDAwfX0=",
          "dependencies": [
            "azurerm_resource_group.resourceGroup"
          ]
        }
      ]
    },
    {
      "mode": "managed",
      "type": "azurerm_subnet",
      "name": "subnet_aks",
      "provider": "provider.azurerm",
      "instances": [
        {
          "schema_version": 0,
          "attributes": {
            "address_prefix": "10.0.0.0/24",
            "address_prefixes": [
              "10.0.0.0/24"
            ],
            "delegation": [],
            "enforce_private_link_endpoint_network_policies": false,
            "enforce_private_link_service_network_policies": false,
            "id": "/subscriptions/10a09851-d632-420e-ad20-2cd774fd4d41/resourceGroups/rg-niner777/providers/Microsoft.Network/virtualNetworks/vnet/subnets/aks-subnet",
            "name": "aks-subnet",
            "resource_group_name": "rg-niner777",
            "service_endpoints": null,
            "timeouts": null,
            "virtual_network_name": "vnet"
          },
          "private": "eyJlMmJmYjczMC1lY2FhLTExZTYtOGY4OC0zNDM2M2JjN2M0YzAiOnsiY3JlYXRlIjoxODAwMDAwMDAwMDAwLCJkZWxldGUiOjE4MDAwMDAwMDAwMDAsInJlYWQiOjMwMDAwMDAwMDAwMCwidXBkYXRlIjoxODAwMDAwMDAwMDAwfX0=",
          "dependencies": [
            "azurerm_resource_group.resourceGroup",
            "azurerm_virtual_network.vnet"
          ]
        }
      ]
    },
    {
      "mode": "managed",
      "type": "azurerm_subnet",
      "name": "subnet_app_gateway",
      "provider": "provider.azurerm",
      "instances": [
        {
          "schema_version": 0,
          "attributes": {
            "address_prefix": "10.0.1.0/24",
            "address_prefixes": [
              "10.0.1.0/24"
            ],
            "delegation": [],
            "enforce_private_link_endpoint_network_policies": false,
            "enforce_private_link_service_network_policies": false,
            "id": "/subscriptions/10a09851-d632-420e-ad20-2cd774fd4d41/resourceGroups/rg-niner777/providers/Microsoft.Network/virtualNetworks/vnet/subnets/agw-subnet",
            "name": "agw-subnet",
            "resource_group_name": "rg-niner777",
            "service_endpoints": null,
            "timeouts": null,
            "virtual_network_name": "vnet"
          },
          "private": "eyJlMmJmYjczMC1lY2FhLTExZTYtOGY4OC0zNDM2M2JjN2M0YzAiOnsiY3JlYXRlIjoxODAwMDAwMDAwMDAwLCJkZWxldGUiOjE4MDAwMDAwMDAwMDAsInJlYWQiOjMwMDAwMDAwMDAwMCwidXBkYXRlIjoxODAwMDAwMDAwMDAwfX0=",
          "dependencies": [
            "azurerm_resource_group.resourceGroup",
            "azurerm_virtual_network.vnet"
          ]
        }
      ]
    },
    {
      "mode": "managed",
      "type": "azurerm_template_deployment",
      "name": "domaindata",
      "provider": "provider.azurerm",
      "instances": [
        {
          "schema_version": 0,
          "attributes": {
            "deployment_mode": "Incremental",
            "id": "/subscriptions/10a09851-d632-420e-ad20-2cd774fd4d41/resourceGroups/rg-niner777/providers/Microsoft.Resources/deployments/domaindata",
            "name": "domaindata",
            "outputs": {},
            "parameters": {
              "aksCluster": "aks-niner777",
              "aksResourceGroup": "rg-niner777",
              "applicationGatewayName": "agw-niner777",
              "identity": "/subscriptions/10a09851-d632-420e-ad20-2cd774fd4d41/resourcegroups/rg-niner777/providers/Microsoft.ManagedIdentity/userAssignedIdentities/aks-pod-identity",
              "identityClientID": "27339848-03e2-4fb3-a944-f52312eaed71",
              "identityResourceID": "/subscriptions/10a09851-d632-420e-ad20-2cd774fd4d41/resourcegroups/rg-niner777/providers/Microsoft.ManagedIdentity/userAssignedIdentities/aks-pod-identity",
              "sqlAdmin": "twtadmin",
              "sqlPassword": "Password2020!",
              "sqlServer": "sqlniner777.database.windows.net"
            },
            "parameters_body": null,
            "resource_group_name": "rg-niner777",
            "template_body": "{\"$schema\":\"https://schema.management.azure.com/schemas/2019-04-01/deploymentTemplate.json#\",\"contentVersion\":\"1.0.0.0\",\"parameters\":{\"aksCluster\":{\"type\":\"string\"},\"aksResourceGroup\":{\"type\":\"string\"},\"applicationGatewayName\":{\"type\":\"string\"},\"identity\":{\"type\":\"securestring\"},\"identityClientID\":{\"type\":\"string\"},\"identityResourceID\":{\"type\":\"string\"},\"sqlAdmin\":{\"type\":\"string\"},\"sqlPassword\":{\"type\":\"securestring\"},\"sqlServer\":{\"type\":\"string\"}},\"resources\":[{\"apiVersion\":\"2019-10-01-preview\",\"identity\":{\"type\":\"UserAssigned\",\"userAssignedIdentities\":{\"[parameters('identity')]\":{}}},\"kind\":\"AzurePowerShell\",\"location\":\"[resourceGroup().location]\",\"name\":\"runPowerShellInline\",\"properties\":{\"arguments\":\"[concat('-sqlServer ', parameters('sqlServer'), ' -sqlAdmin ', parameters('sqlAdmin'), ' -sqlPassword ', parameters('sqlPassword'), ' -aksCluster ', parameters('aksCluster'), ' -aksResourceGroup ', parameters('aksResourceGroup'), ' -subscriptionId ', subscription().subscriptionId, ' -applicationGatewayName ', parameters('applicationGatewayName'), ' -identityResourceID ', parameters('identityResourceID'), ' -identityClientID ', parameters('identityClientID'))]\",\"azPowerShellVersion\":\"3.0\",\"cleanupPreference\":\"OnSuccess\",\"forceUpdateTag\":\"1\",\"primaryScriptUri\":\"[variables('script')]\",\"retentionInterval\":\"P1D\",\"timeout\":\"PT30M\"},\"type\":\"Microsoft.Resources/deploymentScripts\"}],\"variables\":{\"script\":\"https://gist.githubusercontent.com/neilpeterson/7191c9c53986abd09f4bca58863f39d9/raw/8de57e297a342820b3421705e8b3dcd262b76c4b/pro-template-app-gateway.ps1\"}}",
            "timeouts": null
          },
          "private": "eyJlMmJmYjczMC1lY2FhLTExZTYtOGY4OC0zNDM2M2JjN2M0YzAiOnsiY3JlYXRlIjoxMDgwMDAwMDAwMDAwMCwiZGVsZXRlIjoxMDgwMDAwMDAwMDAwMCwicmVhZCI6MzAwMDAwMDAwMDAwLCJ1cGRhdGUiOjEwODAwMDAwMDAwMDAwfX0=",
          "dependencies": [
            "azurerm_application_gateway.agw",
            "azurerm_kubernetes_cluster.aks",
            "azurerm_public_ip.pip",
            "azurerm_resource_group.resourceGroup",
            "azurerm_sql_server.sql",
            "azurerm_subnet.subnet_aks",
            "azurerm_subnet.subnet_app_gateway",
            "azurerm_user_assigned_identity.pod-identity",
            "azurerm_user_assigned_identity.script-identity",
            "azurerm_virtual_network.vnet"
          ]
        }
      ]
    },
    {
      "mode": "managed",
      "type": "azurerm_user_assigned_identity",
      "name": "pod-identity",
      "provider": "provider.azurerm",
      "instances": [
        {
          "schema_version": 0,
          "attributes": {
            "client_id": "27339848-03e2-4fb3-a944-f52312eaed71",
            "id": "/subscriptions/10a09851-d632-420e-ad20-2cd774fd4d41/resourcegroups/rg-niner777/providers/Microsoft.ManagedIdentity/userAssignedIdentities/aks-pod-identity",
            "location": "eastus",
            "name": "aks-pod-identity",
            "principal_id": "fce3cd76-9529-429c-9c90-f53aceeb207a",
            "resource_group_name": "rg-niner777",
            "tags": null,
            "timeouts": null
          },
          "private": "eyJlMmJmYjczMC1lY2FhLTExZTYtOGY4OC0zNDM2M2JjN2M0YzAiOnsiY3JlYXRlIjoxODAwMDAwMDAwMDAwLCJkZWxldGUiOjE4MDAwMDAwMDAwMDAsInJlYWQiOjMwMDAwMDAwMDAwMCwidXBkYXRlIjoxODAwMDAwMDAwMDAwfX0=",
          "dependencies": [
            "azurerm_resource_group.resourceGroup"
          ]
        }
      ]
    },
    {
      "mode": "managed",
      "type": "azurerm_user_assigned_identity",
      "name": "script-identity",
      "provider": "provider.azurerm",
      "instances": [
        {
          "schema_version": 0,
          "attributes": {
            "client_id": "27339848-03e2-4fb3-a944-f52312eaed71",
            "id": "/subscriptions/10a09851-d632-420e-ad20-2cd774fd4d41/resourcegroups/rg-niner777/providers/Microsoft.ManagedIdentity/userAssignedIdentities/aks-pod-identity",
            "location": "eastus",
            "name": "aks-pod-identity",
            "principal_id": "fce3cd76-9529-429c-9c90-f53aceeb207a",
            "resource_group_name": "rg-niner777",
            "tags": null,
            "timeouts": null
          },
          "private": "eyJlMmJmYjczMC1lY2FhLTExZTYtOGY4OC0zNDM2M2JjN2M0YzAiOnsiY3JlYXRlIjoxODAwMDAwMDAwMDAwLCJkZWxldGUiOjE4MDAwMDAwMDAwMDAsInJlYWQiOjMwMDAwMDAwMDAwMCwidXBkYXRlIjoxODAwMDAwMDAwMDAwfX0=",
          "dependencies": [
            "azurerm_resource_group.resourceGroup"
          ]
        }
      ]
    },
    {
      "mode": "managed",
      "type": "azurerm_virtual_network",
      "name": "vnet",
      "provider": "provider.azurerm",
      "instances": [
        {
          "schema_version": 0,
          "attributes": {
            "address_space": [
              "10.0.0.0/16"
            ],
            "ddos_protection_plan": [],
            "dns_servers": null,
            "guid": "d7fb5533-a44f-4312-8664-2bd17c44386b",
            "id": "/subscriptions/10a09851-d632-420e-ad20-2cd774fd4d41/resourceGroups/rg-niner777/providers/Microsoft.Network/virtualNetworks/vnet",
            "location": "eastus",
            "name": "vnet",
            "resource_group_name": "rg-niner777",
            "subnet": [],
            "tags": null,
            "timeouts": null
          },
          "private": "eyJlMmJmYjczMC1lY2FhLTExZTYtOGY4OC0zNDM2M2JjN2M0YzAiOnsiY3JlYXRlIjoxODAwMDAwMDAwMDAwLCJkZWxldGUiOjE4MDAwMDAwMDAwMDAsInJlYWQiOjMwMDAwMDAwMDAwMCwidXBkYXRlIjoxODAwMDAwMDAwMDAwfX0=",
          "dependencies": [
            "azurerm_resource_group.resourceGroup"
          ]
        }
      ]
    }
  ]
}
