{
  "version": 4,
  "terraform_version": "0.12.24",
  "serial": 28,
  "lineage": "b95ae704-6065-9bc1-47a4-b31dfb6ebead",
  "outputs": {
    "_1_auth_aks": {
      "value": "az aks get-credentials --name aks-ninenine555 --resource-group rg-ninenine555",
      "type": "string"
    },
    "_2_auth_container_registry": {
      "value": "az acr login --name acrninenine555",
      "type": "string"
    },
    "_3_build_image_push_acr": {
      "value": "az acr build --registry acrninenine555 -f src/Services/DomainAPI/Dockerfile --image domainapi:v1 .",
      "type": "string"
    },
    "_4_run_app_helm": {
      "value": "helm install ./domain-api --set SubscriptionId=10a09851-d632-420e-ad20-2cd774fd4d41 --set ResourceGroupName=rg-ninenine555 --set IdentityName=aks-pod-identity --set IdentityClientId=2bc07b6d-6d32-4c0a-bbb1-8571dc701be4 --set KeyVaultName=protemp-kv001ninenine555 --set Image=acrninenine555.azurecr.io/domainapi:v1 --generate-name",
      "type": "string"
    }
  },
  "resources": [
    {
      "mode": "data",
      "type": "azurerm_client_config",
      "name": "current",
      "provider": "provider.azurerm",
      "instances": [
        {
          "schema_version": 0,
          "attributes": {
            "client_id": "04b07795-8ddb-461a-bbee-02f9e1bf7b46",
            "id": "2020-05-27 06:24:09.310968 +0000 UTC",
            "object_id": "b0959e18-c917-49ec-9a03-b91957a24836",
            "subscription_id": "10a09851-d632-420e-ad20-2cd774fd4d41",
            "tenant_id": "72f988bf-86f1-41af-91ab-2d7cd011db47",
            "timeouts": null
          }
        }
      ]
    },
    {
      "mode": "data",
      "type": "azurerm_resource_group",
      "name": "aks-node",
      "provider": "provider.azurerm",
      "instances": [
        {
          "schema_version": 0,
          "attributes": {
            "id": "/subscriptions/10a09851-d632-420e-ad20-2cd774fd4d41/resourceGroups/MC_rg-ninenine555_aks-ninenine555_eastus",
            "location": "eastus",
            "name": "MC_rg-ninenine555_aks-ninenine555_eastus",
            "tags": {},
            "timeouts": null
          }
        }
      ]
    },
    {
      "mode": "managed",
      "type": "azurerm_application_gateway",
      "name": "agw",
      "provider": "provider.azurerm",
      "instances": [
        {
          "schema_version": 0,
          "attributes": {
            "authentication_certificate": [],
            "autoscale_configuration": [
              {
                "max_capacity": 10,
                "min_capacity": 2
              }
            ],
            "backend_address_pool": [
              {
                "fqdns": null,
                "id": "/subscriptions/10a09851-d632-420e-ad20-2cd774fd4d41/resourceGroups/rg-ninenine555/providers/Microsoft.Network/applicationGateways/agw-ninenine555/backendAddressPools/vnet-beap",
                "ip_addresses": null,
                "name": "vnet-beap"
              }
            ],
            "backend_http_settings": [
              {
                "affinity_cookie_name": "",
                "authentication_certificate": [],
                "connection_draining": [],
                "cookie_based_affinity": "Disabled",
                "host_name": "",
                "id": "/subscriptions/10a09851-d632-420e-ad20-2cd774fd4d41/resourceGroups/rg-ninenine555/providers/Microsoft.Network/applicationGateways/agw-ninenine555/backendHttpSettingsCollection/vnet-be-htst",
                "name": "vnet-be-htst",
                "path": "",
                "pick_host_name_from_backend_address": false,
                "port": 80,
                "probe_id": "",
                "probe_name": "",
                "protocol": "Http",
                "request_timeout": 1,
                "trusted_root_certificate_names": null
              }
            ],
            "custom_error_configuration": [],
            "enable_http2": false,
            "frontend_ip_configuration": [
              {
                "id": "/subscriptions/10a09851-d632-420e-ad20-2cd774fd4d41/resourceGroups/rg-ninenine555/providers/Microsoft.Network/applicationGateways/agw-ninenine555/frontendIPConfigurations/vnet-feip",
                "name": "vnet-feip",
                "private_ip_address": "",
                "private_ip_address_allocation": "Dynamic",
                "public_ip_address_id": "/subscriptions/10a09851-d632-420e-ad20-2cd774fd4d41/resourceGroups/rg-ninenine555/providers/Microsoft.Network/publicIPAddresses/pip",
                "subnet_id": ""
              }
            ],
            "frontend_port": [
              {
                "id": "/subscriptions/10a09851-d632-420e-ad20-2cd774fd4d41/resourceGroups/rg-ninenine555/providers/Microsoft.Network/applicationGateways/agw-ninenine555/frontendPorts/https_port",
                "name": "https_port",
                "port": 443
              },
              {
                "id": "/subscriptions/10a09851-d632-420e-ad20-2cd774fd4d41/resourceGroups/rg-ninenine555/providers/Microsoft.Network/applicationGateways/agw-ninenine555/frontendPorts/vnet-feport",
                "name": "vnet-feport",
                "port": 80
              }
            ],
            "gateway_ip_configuration": [
              {
                "id": "/subscriptions/10a09851-d632-420e-ad20-2cd774fd4d41/resourceGroups/rg-ninenine555/providers/Microsoft.Network/applicationGateways/agw-ninenine555/gatewayIPConfigurations/agw-subnet",
                "name": "agw-subnet",
                "subnet_id": "/subscriptions/10a09851-d632-420e-ad20-2cd774fd4d41/resourceGroups/rg-ninenine555/providers/Microsoft.Network/virtualNetworks/vnet/subnets/agw-subnet"
              }
            ],
            "http_listener": [
              {
                "custom_error_configuration": [],
                "frontend_ip_configuration_id": "/subscriptions/10a09851-d632-420e-ad20-2cd774fd4d41/resourceGroups/rg-ninenine555/providers/Microsoft.Network/applicationGateways/agw-ninenine555/frontendIPConfigurations/vnet-feip",
                "frontend_ip_configuration_name": "vnet-feip",
                "frontend_port_id": "/subscriptions/10a09851-d632-420e-ad20-2cd774fd4d41/resourceGroups/rg-ninenine555/providers/Microsoft.Network/applicationGateways/agw-ninenine555/frontendPorts/vnet-feport",
                "frontend_port_name": "vnet-feport",
                "host_name": "",
                "host_names": null,
                "id": "/subscriptions/10a09851-d632-420e-ad20-2cd774fd4d41/resourceGroups/rg-ninenine555/providers/Microsoft.Network/applicationGateways/agw-ninenine555/httpListeners/vnet-httplstn",
                "name": "vnet-httplstn",
                "protocol": "Http",
                "require_sni": false,
                "ssl_certificate_id": "",
                "ssl_certificate_name": ""
              }
            ],
            "id": "/subscriptions/10a09851-d632-420e-ad20-2cd774fd4d41/resourceGroups/rg-ninenine555/providers/Microsoft.Network/applicationGateways/agw-ninenine555",
            "identity": [],
            "location": "eastus",
            "name": "agw-ninenine555",
            "probe": [],
            "redirect_configuration": [],
            "request_routing_rule": [
              {
                "backend_address_pool_id": "/subscriptions/10a09851-d632-420e-ad20-2cd774fd4d41/resourceGroups/rg-ninenine555/providers/Microsoft.Network/applicationGateways/agw-ninenine555/backendAddressPools/vnet-beap",
                "backend_address_pool_name": "vnet-beap",
                "backend_http_settings_id": "/subscriptions/10a09851-d632-420e-ad20-2cd774fd4d41/resourceGroups/rg-ninenine555/providers/Microsoft.Network/applicationGateways/agw-ninenine555/backendHttpSettingsCollection/vnet-be-htst",
                "backend_http_settings_name": "vnet-be-htst",
                "http_listener_id": "/subscriptions/10a09851-d632-420e-ad20-2cd774fd4d41/resourceGroups/rg-ninenine555/providers/Microsoft.Network/applicationGateways/agw-ninenine555/httpListeners/vnet-httplstn",
                "http_listener_name": "vnet-httplstn",
                "id": "/subscriptions/10a09851-d632-420e-ad20-2cd774fd4d41/resourceGroups/rg-ninenine555/providers/Microsoft.Network/applicationGateways/agw-ninenine555/requestRoutingRules/vnet-rqrt",
                "name": "vnet-rqrt",
                "redirect_configuration_id": "",
                "redirect_configuration_name": "",
                "rewrite_rule_set_id": "",
                "rewrite_rule_set_name": "",
                "rule_type": "Basic",
                "url_path_map_id": "",
                "url_path_map_name": ""
              }
            ],
            "resource_group_name": "rg-ninenine555",
            "rewrite_rule_set": [],
            "sku": [
              {
                "capacity": 0,
                "name": "Standard_v2",
                "tier": "Standard_v2"
              }
            ],
            "ssl_certificate": [],
            "ssl_policy": [
              {
                "cipher_suites": [],
                "disabled_protocols": [],
                "min_protocol_version": "",
                "policy_name": "AppGwSslPolicy20150501",
                "policy_type": "Predefined"
              }
            ],
            "tags": null,
            "timeouts": null,
            "trusted_root_certificate": [],
            "url_path_map": [],
            "waf_configuration": [],
            "zones": null
          },
          "private": "eyJlMmJmYjczMC1lY2FhLTExZTYtOGY4OC0zNDM2M2JjN2M0YzAiOnsiY3JlYXRlIjo1NDAwMDAwMDAwMDAwLCJkZWxldGUiOjU0MDAwMDAwMDAwMDAsInJlYWQiOjMwMDAwMDAwMDAwMCwidXBkYXRlIjo1NDAwMDAwMDAwMDAwfX0=",
          "dependencies": [
            "azurerm_public_ip.pip",
            "azurerm_resource_group.resourceGroup",
            "azurerm_subnet.subnet_app_gateway",
            "azurerm_virtual_network.vnet"
          ]
        }
      ]
    },
    {
      "mode": "managed",
      "type": "azurerm_container_registry",
      "name": "acr",
      "provider": "provider.azurerm",
      "instances": [
        {
          "schema_version": 2,
          "attributes": {
            "admin_enabled": false,
            "admin_password": "",
            "admin_username": "",
            "georeplication_locations": null,
            "id": "/subscriptions/10a09851-d632-420e-ad20-2cd774fd4d41/resourceGroups/rg-ninenine555/providers/Microsoft.ContainerRegistry/registries/acrninenine555",
            "location": "eastus",
            "login_server": "acrninenine555.azurecr.io",
            "name": "acrninenine555",
            "network_rule_set": [
              {
                "default_action": "Allow",
                "ip_rule": [],
                "virtual_network": []
              }
            ],
            "resource_group_name": "rg-ninenine555",
            "sku": "Premium",
            "storage_account_id": null,
            "tags": null,
            "timeouts": null
          },
          "private": "eyJlMmJmYjczMC1lY2FhLTExZTYtOGY4OC0zNDM2M2JjN2M0YzAiOnsiY3JlYXRlIjoxODAwMDAwMDAwMDAwLCJkZWxldGUiOjE4MDAwMDAwMDAwMDAsInJlYWQiOjMwMDAwMDAwMDAwMCwidXBkYXRlIjoxODAwMDAwMDAwMDAwfSwic2NoZW1hX3ZlcnNpb24iOiIyIn0=",
          "dependencies": [
            "azurerm_resource_group.resourceGroup"
          ]
        }
      ]
    },
    {
      "mode": "managed",
      "type": "azurerm_key_vault",
      "name": "keyvault",
      "provider": "provider.azurerm",
      "instances": [
        {
          "schema_version": 1,
          "attributes": {
            "access_policy": [
              {
                "application_id": "",
                "certificate_permissions": null,
                "key_permissions": null,
                "object_id": "b0959e18-c917-49ec-9a03-b91957a24836",
                "secret_permissions": [
                  "set",
                  "get",
                  "delete"
                ],
                "storage_permissions": null,
                "tenant_id": "72f988bf-86f1-41af-91ab-2d7cd011db47"
              }
            ],
            "enabled_for_deployment": false,
            "enabled_for_disk_encryption": false,
            "enabled_for_template_deployment": false,
            "id": "/subscriptions/10a09851-d632-420e-ad20-2cd774fd4d41/resourceGroups/rg-ninenine555/providers/Microsoft.KeyVault/vaults/protemp-kv001ninenine555",
            "location": "eastus",
            "name": "protemp-kv001ninenine555",
            "network_acls": [
              {
                "bypass": "AzureServices",
                "default_action": "Allow",
                "ip_rules": [],
                "virtual_network_subnet_ids": []
              }
            ],
            "purge_protection_enabled": false,
            "resource_group_name": "rg-ninenine555",
            "sku_name": "standard",
            "soft_delete_enabled": false,
            "tags": null,
            "tenant_id": "72f988bf-86f1-41af-91ab-2d7cd011db47",
            "timeouts": null,
            "vault_uri": "https://protemp-kv001ninenine555.vault.azure.net/"
          },
          "private": "eyJlMmJmYjczMC1lY2FhLTExZTYtOGY4OC0zNDM2M2JjN2M0YzAiOnsiY3JlYXRlIjoxODAwMDAwMDAwMDAwLCJkZWxldGUiOjE4MDAwMDAwMDAwMDAsInJlYWQiOjMwMDAwMDAwMDAwMCwidXBkYXRlIjoxODAwMDAwMDAwMDAwfSwic2NoZW1hX3ZlcnNpb24iOiIxIn0=",
          "dependencies": [
            "azurerm_resource_group.resourceGroup"
          ]
        }
      ]
    },
    {
      "mode": "managed",
      "type": "azurerm_key_vault_access_policy",
      "name": "aks_pod_identity",
      "provider": "provider.azurerm",
      "instances": [
        {
          "schema_version": 0,
          "attributes": {
            "application_id": null,
            "certificate_permissions": null,
            "id": "/subscriptions/10a09851-d632-420e-ad20-2cd774fd4d41/resourceGroups/rg-ninenine555/providers/Microsoft.KeyVault/vaults/protemp-kv001ninenine555/objectId/7a13cf82-ee0b-43e1-803c-af3f34f3e0fa",
            "key_permissions": null,
            "key_vault_id": "/subscriptions/10a09851-d632-420e-ad20-2cd774fd4d41/resourceGroups/rg-ninenine555/providers/Microsoft.KeyVault/vaults/protemp-kv001ninenine555",
            "object_id": "7a13cf82-ee0b-43e1-803c-af3f34f3e0fa",
            "secret_permissions": [
              "get",
              "list"
            ],
            "storage_permissions": null,
            "tenant_id": "72f988bf-86f1-41af-91ab-2d7cd011db47",
            "timeouts": null
          },
          "private": "eyJlMmJmYjczMC1lY2FhLTExZTYtOGY4OC0zNDM2M2JjN2M0YzAiOnsiY3JlYXRlIjoxODAwMDAwMDAwMDAwLCJkZWxldGUiOjE4MDAwMDAwMDAwMDAsInJlYWQiOjMwMDAwMDAwMDAwMCwidXBkYXRlIjoxODAwMDAwMDAwMDAwfX0=",
          "dependencies": [
            "azurerm_key_vault.keyvault",
            "azurerm_resource_group.resourceGroup",
            "azurerm_user_assigned_identity.pod-identity"
          ]
        }
      ]
    },
    {
      "mode": "managed",
      "type": "azurerm_key_vault_secret",
      "name": "sqlServerAdminName",
      "provider": "provider.azurerm",
      "instances": [
        {
          "schema_version": 0,
          "attributes": {
            "content_type": "",
            "expiration_date": null,
            "id": "https://protemp-kv001ninenine555.vault.azure.net/secrets/SQL-USER-NAME/3b2e617735584fb8b8c2279cd24b16e1",
            "key_vault_id": "/subscriptions/10a09851-d632-420e-ad20-2cd774fd4d41/resourceGroups/rg-ninenine555/providers/Microsoft.KeyVault/vaults/protemp-kv001ninenine555",
            "name": "SQL-USER-NAME",
            "not_before_date": null,
            "tags": null,
            "timeouts": null,
            "value": "twtadmin",
            "version": "3b2e617735584fb8b8c2279cd24b16e1"
          },
          "private": "eyJlMmJmYjczMC1lY2FhLTExZTYtOGY4OC0zNDM2M2JjN2M0YzAiOnsiY3JlYXRlIjoxODAwMDAwMDAwMDAwLCJkZWxldGUiOjE4MDAwMDAwMDAwMDAsInJlYWQiOjMwMDAwMDAwMDAwMCwidXBkYXRlIjoxODAwMDAwMDAwMDAwfX0=",
          "dependencies": [
            "azurerm_key_vault.keyvault",
            "azurerm_resource_group.resourceGroup"
          ]
        }
      ]
    },
    {
      "mode": "managed",
      "type": "azurerm_key_vault_secret",
      "name": "sqlServerAdminPassword",
      "provider": "provider.azurerm",
      "instances": [
        {
          "schema_version": 0,
          "attributes": {
            "content_type": "",
            "expiration_date": null,
            "id": "https://protemp-kv001ninenine555.vault.azure.net/secrets/SQL-PASSWORD/4944d42e2d69423aaf46150108b70c9e",
            "key_vault_id": "/subscriptions/10a09851-d632-420e-ad20-2cd774fd4d41/resourceGroups/rg-ninenine555/providers/Microsoft.KeyVault/vaults/protemp-kv001ninenine555",
            "name": "SQL-PASSWORD",
            "not_before_date": null,
            "tags": null,
            "timeouts": null,
            "value": "Password2020!",
            "version": "4944d42e2d69423aaf46150108b70c9e"
          },
          "private": "eyJlMmJmYjczMC1lY2FhLTExZTYtOGY4OC0zNDM2M2JjN2M0YzAiOnsiY3JlYXRlIjoxODAwMDAwMDAwMDAwLCJkZWxldGUiOjE4MDAwMDAwMDAwMDAsInJlYWQiOjMwMDAwMDAwMDAwMCwidXBkYXRlIjoxODAwMDAwMDAwMDAwfX0=",
          "dependencies": [
            "azurerm_key_vault.keyvault",
            "azurerm_resource_group.resourceGroup"
          ]
        }
      ]
    },
    {
      "mode": "managed",
      "type": "azurerm_key_vault_secret",
      "name": "sqlServerEndpoint",
      "provider": "provider.azurerm",
      "instances": [
        {
          "schema_version": 0,
          "attributes": {
            "content_type": "",
            "expiration_date": null,
            "id": "https://protemp-kv001ninenine555.vault.azure.net/secrets/SQL-SERVER-NAME/25f26cfb00604ee6ac3da126d9b153de",
            "key_vault_id": "/subscriptions/10a09851-d632-420e-ad20-2cd774fd4d41/resourceGroups/rg-ninenine555/providers/Microsoft.KeyVault/vaults/protemp-kv001ninenine555",
            "name": "SQL-SERVER-NAME",
            "not_before_date": null,
            "tags": null,
            "timeouts": null,
            "value": "sqlninenine555.database.windows.net",
            "version": "25f26cfb00604ee6ac3da126d9b153de"
          },
          "private": "eyJlMmJmYjczMC1lY2FhLTExZTYtOGY4OC0zNDM2M2JjN2M0YzAiOnsiY3JlYXRlIjoxODAwMDAwMDAwMDAwLCJkZWxldGUiOjE4MDAwMDAwMDAwMDAsInJlYWQiOjMwMDAwMDAwMDAwMCwidXBkYXRlIjoxODAwMDAwMDAwMDAwfX0=",
          "dependencies": [
            "azurerm_key_vault.keyvault",
            "azurerm_resource_group.resourceGroup",
            "azurerm_sql_server.sql"
          ]
        }
      ]
    },
    {
      "mode": "managed",
      "type": "azurerm_kubernetes_cluster",
      "name": "aks",
      "provider": "provider.azurerm",
      "instances": [
        {
          "schema_version": 0,
          "attributes": {
            "addon_profile": [
              {
                "aci_connector_linux": [
                  {
                    "enabled": false,
                    "subnet_name": ""
                  }
                ],
                "azure_policy": [
                  {
                    "enabled": false
                  }
                ],
                "http_application_routing": [
                  {
                    "enabled": false,
                    "http_application_routing_zone_name": ""
                  }
                ],
                "kube_dashboard": [
                  {
                    "enabled": false
                  }
                ],
                "oms_agent": [
                  {
                    "enabled": false,
                    "log_analytics_workspace_id": ""
                  }
                ]
              }
            ],
            "api_server_authorized_ip_ranges": null,
            "default_node_pool": [
              {
                "availability_zones": null,
                "enable_auto_scaling": false,
                "enable_node_public_ip": false,
                "max_count": 0,
                "max_pods": 30,
                "min_count": 0,
                "name": "default",
                "node_count": 1,
                "node_labels": null,
                "node_taints": null,
                "os_disk_size_gb": 100,
                "tags": null,
                "type": "VirtualMachineScaleSets",
                "vm_size": "Standard_D2_v2",
                "vnet_subnet_id": "/subscriptions/10a09851-d632-420e-ad20-2cd774fd4d41/resourceGroups/rg-ninenine555/providers/Microsoft.Network/virtualNetworks/vnet/subnets/aks-subnet"
              }
            ],
            "dns_prefix": "exampleaks1",
            "enable_pod_security_policy": false,
            "fqdn": "exampleaks1-4cf7ed9a.hcp.eastus.azmk8s.io",
            "id": "/subscriptions/10a09851-d632-420e-ad20-2cd774fd4d41/resourcegroups/rg-ninenine555/providers/Microsoft.ContainerService/managedClusters/aks-ninenine555",
            "identity": [
              {
                "principal_id": "819e9677-f6aa-4cc9-9837-26139376ccbe",
                "tenant_id": "72f988bf-86f1-41af-91ab-2d7cd011db47",
                "type": "SystemAssigned"
              }
            ],
            "kube_admin_config": [],
            "kube_admin_config_raw": "",
            "kube_config": [
              {
                "client_certificate": "LS0tLS1CRUdJTiBDRVJUSUZJQ0FURS0tLS0tCk1JSUUvRENDQXVTZ0F3SUJBZ0lRSUJYNmNIMkx5V1JmY1FWZ0NVeHVKakFOQmdrcWhraUc5dzBCQVFzRkFEQU4KTVFzd0NRWURWUVFERXdKallUQWVGdzB5TURBMU1qY3dOakUxTkROYUZ3MHlNakExTWpjd05qSTFORE5hTURBeApGekFWQmdOVkJBb1REbk41YzNSbGJUcHRZWE4wWlhKek1SVXdFd1lEVlFRREV3eHRZWE4wWlhKamJHbGxiblF3CmdnSWlNQTBHQ1NxR1NJYjNEUUVCQVFVQUE0SUNEd0F3Z2dJS0FvSUNBUUM5NnR5dER3QlVlcVRneFhvTEJjR20KR0QyWkhWeWh6U2IzLzFXVVhIMzBKWWxUVUVNMFVFMitKRXl4RmdlalFvVG10R0ZkUW1uMnNjWDVVZjcycm9RSgp4UjhoSWNxNC9CYjFwSzdrSnFjNTdySHIyeHVSYUtFNFdTdmR4RDRtam5WdzhUOXZIeDJLckpSTTIxQjM1NG5ECjAxeDZmSkw0WldSZGVEa0o3UVp1Z0Rld296TEhjcDhJaEJ1Y2RJNE9veXVScjBsd0VoMmhKVDVBTmh5cHhOZnAKdFhDOW1mbWU0cGRmN2RPQXVlelpiNEZIUVhMNWk2bTlHckFJZTNXcmtqUHk1bVg2QUIvOE5ubGc2V0RUc2M5TwpKaTZJcms1WjlZUHFxTHZQOUFmL2dqMG9EN0tXQk9wa2hjTE1vZ3NrY3NrUlFSZmttSG9tSTJxYkRQUTJJbDRVCkJkQTlycUhWZndTSk1SWU9Rc0hjeWJ6VFQ3WmtDWnU5NlpPaEllb2g2VnRvb3huUlJyUUU5ZWN0RDYvOVcvcUEKY1F1STBSU3hIRVhpYVBTajVIZWhMUWNUbmlnR2NPVGZrL2phUjY4My9adGRkaUZrb3JtdWMxYTJYSnVGR2l0TwpKVWdPbElqa25ObXhlUktNemZoNEk1VTYvMlNRNXpxZEx5V2NnRHc1Rm1FMTFRUUFGWFByOEtXTjZXTmN0VEx1CmhENGFjY0JKREV0YzAraFhncDBNSGwxdWFmNnhyb0E3cUxPeGF3ejhXVklqNlh0eVNZbXdUMEVCcHFJbFdiSTQKUDlVTzRrblVMTStqcStWMVRyazh0OGNQWUNDUTN5Q1dkVXB5ZzdvSkZIeUVIMXBLdm0wK1M0eEdDYnZOdVNiZwp6V0FzT0NvV2I2SzMrNXRPbXRyZ2VRSURBUUFCb3pVd016QU9CZ05WSFE4QkFmOEVCQU1DQmFBd0V3WURWUjBsCkJBd3dDZ1lJS3dZQkJRVUhBd0l3REFZRFZSMFRBUUgvQkFJd0FEQU5CZ2txaGtpRzl3MEJBUXNGQUFPQ0FnRUEKbCsyaXBVYW5neTE2WDR0T1ZRYlhwUlpRVlcvNVJ6TjFFUDFMVTRDRTBBNDhlSmoydmRFeFBtSkw3SDN4TFpJNQpmams3a0RTQ0hacFFWMEFwRTdiN1hCR3NDdmFqeXhSclBlVllqS29hS1lxQWVVdHFFRzN5L1VOc3VEaVJRSlIzCjhsQWFzTkhQS3lwdWFKZ1B3aGw1SUdyVTByOVpoN2Zoa1ZGdWtJSWZGeVh5OVMvN1lvM3pYRGRzVklrNkJZYS8KUWtUdWR2bU5wOXRHb09DalNjVEIzYWpOMS9IZG8rblVaRFBKaXdSOVFOblJyeWpZaWMyNHB0SEdZL3F0RDh0Uwp3VENuaFBVYlZxTWU5U3BRMnpNN0xqeFRnM1d0Z1QxUUFDRU1QTlhaaGRXei9RVjkwVlpUTTNOQXhCNEJ5QXJDCjhVbnppUElvRGE4TmlnZTd2WEFJZkdPTmw1YmtXcXd4OUFmR0xaVjhLWmY2SVhLOWVEVTJNTUR1UnVKNjBZeXcKeVJQaXNSeE5qOWdJUEV5VmhNNlNFdzJXWi9IZG5lMEoyMmZsaFdIMTNyQVE1aFNOekJKc2xxaW1CYjZGYmp2cQpVTTYrQVlSRWhpeVRTeWg0WkpyWHVwK0xhUStWWVpSblo1Q0xYN3NuTVl6Q1I0c2loTWZrYVQwQnBkeExlUXc2CllQeldXKzhheXVMUUdvbDV6WmVNSStlck1YK09uanBFUFViNzVkTVEwa2grK216dVp3eEhaaGdQRi9MTkZoT3YKaWlwbUxRaHFnZW8zckNzNzhyS1lueUgxUGZLc1ZyLzlqMzhzMXhDRXhlaVgyaGhxdUJISkJIVjZaYjVQbFdKeApyaXpKQjVqbUZXWUNtdkpJc1ZEbG9TcDQrNU9tNnRueVVrWHdJbUZieHhRPQotLS0tLUVORCBDRVJUSUZJQ0FURS0tLS0tCg==",
                "client_key": "LS0tLS1CRUdJTiBSU0EgUFJJVkFURSBLRVktLS0tLQpNSUlKS2dJQkFBS0NBZ0VBdmVyY3JROEFWSHFrNE1WNkN3WEJwaGc5bVIxY29jMG05LzlWbEZ4OTlDV0pVMUJECk5GQk52aVJNc1JZSG8wS0U1clJoWFVKcDlySEYrVkgrOXE2RUNjVWZJU0hLdVB3VzlhU3U1Q2FuT2U2eDY5c2IKa1dpaE9Ga3IzY1ErSm81MWNQRS9ieDhkaXF5VVROdFFkK2VKdzlOY2VueVMrR1ZrWFhnNUNlMEdib0Ezc0tNeQp4M0tmQ0lRYm5IU09EcU1ya2E5SmNCSWRvU1UrUURZY3FjVFg2YlZ3dlpuNW51S1hYKzNUZ0xuczJXK0JSMEZ5CitZdXB2UnF3Q0h0MXE1SXo4dVpsK2dBZi9EWjVZT2xnMDdIUFRpWXVpSzVPV2ZXRDZxaTd6L1FILzRJOUtBK3kKbGdUcVpJWEN6S0lMSkhMSkVVRVg1Smg2SmlOcW13ejBOaUplRkFYUVBhNmgxWDhFaVRFV0RrTEIzTW04MDArMgpaQW1idmVtVG9TSHFJZWxiYUtNWjBVYTBCUFhuTFErdi9WdjZnSEVMaU5FVXNSeEY0bWowbytSM29TMEhFNTRvCkJuRGszNVA0Mmtldk4vMmJYWFloWktLNXJuTld0bHliaFJvclRpVklEcFNJNUp6WnNYa1NqTTM0ZUNPVk92OWsKa09jNm5TOGxuSUE4T1JaaE5kVUVBQlZ6Ni9DbGplbGpYTFV5N29RK0duSEFTUXhMWE5Qb1Y0S2REQjVkYm1uKwpzYTZBTzZpenNXc00vRmxTSStsN2NrbUpzRTlCQWFhaUpWbXlPRC9WRHVKSjFDelBvNnZsZFU2NVBMZkhEMkFnCmtOOGdsblZLY29PNkNSUjhoQjlhU3I1dFBrdU1SZ203emJrbTRNMWdMRGdxRm0raXQvdWJUcHJhNEhrQ0F3RUEKQVFLQ0FnRUFqOU91QytHd2ZrbmpVOVk1OXQ4RktLUnpBZUlhcE82WTlIZUtlREVUc2pJN0xiMDdLQU1vM1RiZwpYYnd4VEpLejA0UUh1SGp6aHNCYkRkWHJJU1pKR0owUVZpY2hQN2FxTEozclZSMXd4NDdkYjZFZjM1ODllVThPCnlZUTFEVDRWOHRMQkY0YVkrTXg2QXpxVVZqb2pPd3AybnN4NUFXVEgvWUZ1c1BXd1NUOFE3ZFNxUUNHdUR1VDkKaEI5QTloVGNpaGdWcGFvU2hsZU9MVkxOb2tSUXY4Mkk5QTRIM1N2OU44a0V4QmdLSnlFcTVxdktSdkplT2JoYwpXQkFuclNlcjcraE1rbWhGME52d1VGUnQzK1JvK3VZdmw1TnFBdmJNVUlvNHNlUTlxbU1Yclo4MXdDYzQyNmZ4ClBzZjVhRUVGeE90bkROZnNxYlZvcHNQSXJyYVlSNEtqWkpjR244Vmx6YnFoQklqYlFKcjUxT09HRzM2SWxuRWMKUlBDckNHUkdZczhwV0ZQaThLMzB3L3dVS2FUTGRqb1dTT1lWZlFKTmVGRXNQU3NxM1BFRVE3bE1tUWhvWUR4Ugpkc0l4VUQ4OXFSbmVDV1hKUDRpQ0s0NzVSeUFNaGNES0pQUHlla2hNVXl6RXQzVEoza0hPWUlRZldwV2twZUxNCmwrK0ZtSEJ0ZXEvVS9OSU1Ud0dBS3pkdkRVaVNSelVwTkxXNEFZNEdYTTZKdVpiNy9WZUlYa2VvTm53UVJ0M0QKaU1JUGlTa2xzbktJOEk1eUlxNjkxS1hTVE02Z294SDc4RzhYMW1tMXJNcDMzUjBRUXpaak5wSlN5OWd2aUgwZQpQVTlFVTJCb0ExQTEwdjNTb3g2Z3ZZUHlxWm8rUzJ6K2JuSk5ORlZtZ2tCNjN6aDFZQUVDZ2dFQkFNd0E2TERLClZib0NQRlRaN0d6ZmExamF6NjhJVTEwd1pwMEdVbWVsUGdmcGtGRnNTbVNqL2VIZ0NGamI5MFBZc1A1TjErY2sKakxsV095cjhpbVdMdXA2WmhSclVrMC9MT2FnZDlyaENTM0pYQ2MyT3ZVVWhrQ2Jub2NZTkd3Y3JReFlQV2k3ZgphNzRHMEs3T2RxbUNjcGlwb3k4RXFMcjU4UmQ3N09naXA1OHBWTlIyUk1nWnUyc1JGV2pFYVVtaFhYZlJjQTA4CnpRaThJSk1YK1o0TkJRcGhFSmlFN3pJM2g5QTV5czh0M3ZtWUNCSXBqTkxqVWw5UmNEcTdGVHpSdWpUNDNTelMKbFJrTFl0ZFo3SHRmQjVDK3hRZ053d2xlbFlQSStXbHVFVUV3RkFOYWpsa1RFa3N4OTJyT3ZqZDVtMWFZZXhjWAova2s5N1MrSzdxMU4vZUVDZ2dFQkFPNVMxK2lvTFFQZHVYYlFyNUVPeTBmNlhFYVYrT0cyQUsyQitGWlVIR3BkCkxUWU5EaFBFdlRZcWlhUU5idkM5ZTVKZDhhSlFCZVRIdk44S0JEOS92M1dwM0JudjA3NDVuOHBCOHlPYVlrN0kKL09JajRwbStOL1Nkci9zMi9JTWkxditmMVpVOThyVXlJMWZDZnlhWmswTzNiSGxrTkh3a29zK2FoeXo5OW9mYgp1SlBkNGczQ1ZXdy9rU09QUHc3NW9vR0hXb0w3c0hoZ29sQjEzL1BOS0h2R25IVFlyUUdkQjhrOHpBR1Z4Y1IvCnM3dEl6V2p2dWwwSXpkQU9GYmhLQ1VDc1VOam84TlZRUk1wejVIejFzQldBNE8yUWxkTWtDdkpMMithZ1RDVGMKQkRRaDRzQ1pOOHZZYmNxL1JUOXkrazVLY0ZkbGFheHgzK05aL1o3Z3haa0NnZ0VCQUlvc2oyNjNEUXQ0Mmk1SwprSFZKZW1icmhjR3k3T3Z3allBTHVTTFViRWhsclVkSkJyWlYwTzc5bEFuRHF4MjhGbDJZa2dUUDM3VGtzQnkwCmduUzNDSWJGeXI3YWZwQ01RSmdhKzNIZ0RVUDdxZnNkbEJyUDJkaFFDV1dnbU03cFFYNGVsZUdybUVsVVNtSXMKRzNsQ2pxWFNPR0h2VU8yYnZ1MCtGYjlCUWJGdkNETURqQ0RRTlA0V3l4NXo4akJaNkhud1ZHblM1YmpsMjFabAo1YjlrYUNhWWllb1VHQU0yVTNuNHV1SksybnpKdWFXN21OTjUvdC9xeEE0eml2WHZ3NlIvYnljZDFyam8ybUNzCldwMVJSMG1Gdk9Sd2xjcXgwcWs1SloyQVhKVi9uLzZKaG1MVXBRNWpZSVpxVTdJMVhyNXZkdWUwYTVwbUpGR1EKVTRyMGlXRUNnZ0VCQUxUblY1TDRUYXM0bkRhUGRDVmxHSE5ibkwzTHkyN3hxNVFKSzB2RWJ3bGlEeGFQVkZjMwpLUFU3MXQwYmdWSG1VeTJvZCtuZ1dvanVBUFZBOGphTkx2VU82YzhhV0IxMk9rL2FQY2lSd1B2UzN2cDlpTjF4CklhSmlMQnBDQSswNi9mNXVBajlXRmF6ckVSN2x1WVRBWUtPdlVQellUbXJKbUhpRDhRWDdCUzdkWHorRzFyZmgKQXR5M1orR1pNNkdYWm41eUV3ZUlLODFFZFJFa1dNb0V1aTB5ZHNMUFVvdjkrZElNZjBMWXdKVkc1bFJNai9lTwp1V1V6Y0o3MGdoSXd5Tk01dWVqYzhTckswbHpuR2RLczRHdUNON3E4M0syNEYwTVN5Q3BKRldPSlN2dVRtVDdmClR4WkNCQjA1a1VQM2IvOEx6RGphOXhyNkdadkhUSmhVUUVrQ2dnRUFmeDlmcThjUmZTeURKQW1lY1FsV2lFNnkKSVZnbHhlRXBPMWhFQzVBMmt6dksyOEJ2b2MzM0wwbFFCTm5TT0ZmZmJhR1RNNFZkQitvQ0JxOG9mcDVsZm0zbApDbG9kQ1ZmeVh3emlCT1FoNHVpcENGQTJsV3dac3JxakZ1ZkRwOE1Dd0pXdUswRlo3WG5IZnVkVVNoRVNMVU5ZCkJYWXFqeUlvSW1Qb1NYQ1Q3YThLV2dZSkMzaFo3SkkxRnozOFJOano3UFNDclpjb1RXd0o4M3FGOHB4V0QvY2sKZnlhMTQya3Z4NU1qSlFuRlBVWjBLa0ZNZCtsY0lqcmZvSUdZS1BuWnlZNkpCREJFOHgrRHppZzhCeDdPSTBiZQovajl6eDg2SDZWTnhkaERhcFhmeHZidjFNSEpvTlFUTS9CK3ZjQ2tuV3BaY1ZBc1p4RXYvdmpZRHdka3Nzdz09Ci0tLS0tRU5EIFJTQSBQUklWQVRFIEtFWS0tLS0tCg==",
                "cluster_ca_certificate": "LS0tLS1CRUdJTiBDRVJUSUZJQ0FURS0tLS0tCk1JSUV5akNDQXJLZ0F3SUJBZ0lSQU1pZ0w3UlFZMkovT1JEd1c0aGxhWFV3RFFZSktvWklodmNOQVFFTEJRQXcKRFRFTE1Ba0dBMVVFQXhNQ1kyRXdJQmNOTWpBd05USTNNRFl4TlRReldoZ1BNakExTURBMU1qY3dOakkxTkROYQpNQTB4Q3pBSkJnTlZCQU1UQW1OaE1JSUNJakFOQmdrcWhraUc5dzBCQVFFRkFBT0NBZzhBTUlJQ0NnS0NBZ0VBCjE3QllxdVdjWVNPL2tKd21udW5nMXpPRVQxcG9rbnVUN1ROTjYvMjBTWDBzUUx0d0hQdUtPQ1U0OWJRNEttRkgKUy9maXhOb1laenFyWHJHU3hLV2NOQTFVWFEvN0g5VkVla0I4OWxmUUc1cHVjODMzd0dpeThwcjRaWTVpaVB2Vwo5V29nN2RQb1lnaEI4MDRSUHloQ2YrNjBSS0ZlOEgvSW94TkNUK2RxMDljb09IYXJjbXBLRFU4OVo1Umt3d0FiClFZRng0TGNxSUZTT0RFNW1UVzNaeWxQbkd4cmkzNFpGWjRVenJ1Y3YvVUdqWU5IcDJSYTF4cG5jVmU1VVJFeU4KbitTWlUxVVhWNWtpZm1VeEc4Y1E0UXdEdi8xeFNFY0RWVFphcExkVGRuVlRPZGFkamIxckpPQnN0dmMweFpJVgo3V1A1QXN3dCtrZkZLdUtTNHBOZlBOaFBmWjQxdndCbWJiWkZhS3Y1NDAraCs3VkEvWjFEUjB3NGNRMDlSNEwxCi91VytXUXNQbjVqL1ZxbjBOazFtL3I3c01zMnd2S3JndmhNSmFYeEVwVnJxbnRLNzZ1Q3VTdEpmejROSndJakIKcTZiU1ovZVFQYXVmdldSS3NFNDlJVWZhVVhxQjNIeGhDMU1HL0xtb3RXaExMb1NlQzRWSFZYbSs5aDFXVnFiUgpjd2g5SkpoQnVnVVhlT1VYWjR1d1Z1azNVTHpHV1J0TXp5QjNxOWp4ZUhVQWpFOVhwbUpHT2dWdUFGejZBNVNDCmdHMmliekpVWkhXVE5oK01UK201M3hDeHMrWEgwSml6SWNRYVpKMTZjM0Y1QmVmNkM2d2hFalJiRFQ1MFpGSUMKWVV5M3REZmM0cml4Rkw3aFI5YkI4QjlSenlSb0hLVGJ5WVczY1dLUHgwMENBd0VBQWFNak1DRXdEZ1lEVlIwUApBUUgvQkFRREFnS2tNQThHQTFVZEV3RUIvd1FGTUFNQkFmOHdEUVlKS29aSWh2Y05BUUVMQlFBRGdnSUJBQ0xmCjBsTllRVlBEbnkrRGIwaVJTVE0rRE1qTEFFMy9pdGJBVjhna2FTaXo1MWhBcWozVStjanNRL2FwbDFSSEkraVgKK0pGL0ZQdHF1Y2RPQ2huaTlKRmcvVUZLSis4WlhlbFlKVXZLNjlGLzVzdmtoVFc5dmFIYkdBc0ZBRjU0Ti84YgoxajRSODRacHdmT2dlU3VlYUJiMHRNVXkrbVdLbGtsOGMzYzBtYnRBVFhEeldzNDdxZTFYZEJEam1YT1JsekMrCkxTREdpUm1ObW1Mc0VTVG84bCtUeTlxZWdveEkvRGFxY3V6cTZCOEtpSTAwbGhWOXdXZjRUU3FxOWFvTjFxblIKN3ZEWnl5dUdVYmlrWjJNTkpwMENISDJEaTB3bFgvc2FMakt5MnFTVWJlZXY3NFJQUi8rOVRKN1l2K2hSRlNvOApzZDJwUDE2djArcWV3NVIvaE03Q0FTeWlrdjc3bENLU0ZFb3lkUnpyV0YxckF6a0psQ0FUOEIvZmlEOTg1NlFjCmxHSEg1M2RtdG84TU9zRDhTZk0zWTRxU0c1eUFIek95emRvbEtiMjlKR0tqdUtRMURzcHI4eEhHbEVPQy8wbGEKS2dlNEo1VHFmSmRaWXBmTStSMXNmdHZrYWVNRUk3OGFPZzNYTGNabndNQWJxNW8yNGlha2htcU05OFpxTFpvUwoxNmMvYWhKMW5lejVyUkcrQ085akZ4dFVTZUlUT0tCSWJ5SEtYOGVpWENlNHZRVU5vM2swcHAwcUQ3UDZDZ0FpCkcvdDJQdi9nd1JwSG9OK1Z6ZWZnb0k1aEZ0a1BKZWs5TldtQzhZYkJpMmZPUE4vREVOQkV0WFcwRm5PVy9PTVkKcGpaZHpBajN4MEFBTVhsNEF6OUVTZC9DYmI5cXRnWTlycWtldEkyYgotLS0tLUVORCBDRVJUSUZJQ0FURS0tLS0tCg==",
                "host": "https://exampleaks1-4cf7ed9a.hcp.eastus.azmk8s.io:443",
                "password": "7031e4d8184f6d1a0da88e3562b050edfbf1a4a84422b45f7ea108926c4a94e71b3cdf171270eb7b2b90758d7a2cf071839bd2469816da054b9295db5c48d31f",
                "username": "clusterUser_rg-ninenine555_aks-ninenine555"
              }
            ],
            "kube_config_raw": "apiVersion: v1\nclusters:\n- cluster:\n    certificate-authority-data: LS0tLS1CRUdJTiBDRVJUSUZJQ0FURS0tLS0tCk1JSUV5akNDQXJLZ0F3SUJBZ0lSQU1pZ0w3UlFZMkovT1JEd1c0aGxhWFV3RFFZSktvWklodmNOQVFFTEJRQXcKRFRFTE1Ba0dBMVVFQXhNQ1kyRXdJQmNOTWpBd05USTNNRFl4TlRReldoZ1BNakExTURBMU1qY3dOakkxTkROYQpNQTB4Q3pBSkJnTlZCQU1UQW1OaE1JSUNJakFOQmdrcWhraUc5dzBCQVFFRkFBT0NBZzhBTUlJQ0NnS0NBZ0VBCjE3QllxdVdjWVNPL2tKd21udW5nMXpPRVQxcG9rbnVUN1ROTjYvMjBTWDBzUUx0d0hQdUtPQ1U0OWJRNEttRkgKUy9maXhOb1laenFyWHJHU3hLV2NOQTFVWFEvN0g5VkVla0I4OWxmUUc1cHVjODMzd0dpeThwcjRaWTVpaVB2Vwo5V29nN2RQb1lnaEI4MDRSUHloQ2YrNjBSS0ZlOEgvSW94TkNUK2RxMDljb09IYXJjbXBLRFU4OVo1Umt3d0FiClFZRng0TGNxSUZTT0RFNW1UVzNaeWxQbkd4cmkzNFpGWjRVenJ1Y3YvVUdqWU5IcDJSYTF4cG5jVmU1VVJFeU4KbitTWlUxVVhWNWtpZm1VeEc4Y1E0UXdEdi8xeFNFY0RWVFphcExkVGRuVlRPZGFkamIxckpPQnN0dmMweFpJVgo3V1A1QXN3dCtrZkZLdUtTNHBOZlBOaFBmWjQxdndCbWJiWkZhS3Y1NDAraCs3VkEvWjFEUjB3NGNRMDlSNEwxCi91VytXUXNQbjVqL1ZxbjBOazFtL3I3c01zMnd2S3JndmhNSmFYeEVwVnJxbnRLNzZ1Q3VTdEpmejROSndJakIKcTZiU1ovZVFQYXVmdldSS3NFNDlJVWZhVVhxQjNIeGhDMU1HL0xtb3RXaExMb1NlQzRWSFZYbSs5aDFXVnFiUgpjd2g5SkpoQnVnVVhlT1VYWjR1d1Z1azNVTHpHV1J0TXp5QjNxOWp4ZUhVQWpFOVhwbUpHT2dWdUFGejZBNVNDCmdHMmliekpVWkhXVE5oK01UK201M3hDeHMrWEgwSml6SWNRYVpKMTZjM0Y1QmVmNkM2d2hFalJiRFQ1MFpGSUMKWVV5M3REZmM0cml4Rkw3aFI5YkI4QjlSenlSb0hLVGJ5WVczY1dLUHgwMENBd0VBQWFNak1DRXdEZ1lEVlIwUApBUUgvQkFRREFnS2tNQThHQTFVZEV3RUIvd1FGTUFNQkFmOHdEUVlKS29aSWh2Y05BUUVMQlFBRGdnSUJBQ0xmCjBsTllRVlBEbnkrRGIwaVJTVE0rRE1qTEFFMy9pdGJBVjhna2FTaXo1MWhBcWozVStjanNRL2FwbDFSSEkraVgKK0pGL0ZQdHF1Y2RPQ2huaTlKRmcvVUZLSis4WlhlbFlKVXZLNjlGLzVzdmtoVFc5dmFIYkdBc0ZBRjU0Ti84YgoxajRSODRacHdmT2dlU3VlYUJiMHRNVXkrbVdLbGtsOGMzYzBtYnRBVFhEeldzNDdxZTFYZEJEam1YT1JsekMrCkxTREdpUm1ObW1Mc0VTVG84bCtUeTlxZWdveEkvRGFxY3V6cTZCOEtpSTAwbGhWOXdXZjRUU3FxOWFvTjFxblIKN3ZEWnl5dUdVYmlrWjJNTkpwMENISDJEaTB3bFgvc2FMakt5MnFTVWJlZXY3NFJQUi8rOVRKN1l2K2hSRlNvOApzZDJwUDE2djArcWV3NVIvaE03Q0FTeWlrdjc3bENLU0ZFb3lkUnpyV0YxckF6a0psQ0FUOEIvZmlEOTg1NlFjCmxHSEg1M2RtdG84TU9zRDhTZk0zWTRxU0c1eUFIek95emRvbEtiMjlKR0tqdUtRMURzcHI4eEhHbEVPQy8wbGEKS2dlNEo1VHFmSmRaWXBmTStSMXNmdHZrYWVNRUk3OGFPZzNYTGNabndNQWJxNW8yNGlha2htcU05OFpxTFpvUwoxNmMvYWhKMW5lejVyUkcrQ085akZ4dFVTZUlUT0tCSWJ5SEtYOGVpWENlNHZRVU5vM2swcHAwcUQ3UDZDZ0FpCkcvdDJQdi9nd1JwSG9OK1Z6ZWZnb0k1aEZ0a1BKZWs5TldtQzhZYkJpMmZPUE4vREVOQkV0WFcwRm5PVy9PTVkKcGpaZHpBajN4MEFBTVhsNEF6OUVTZC9DYmI5cXRnWTlycWtldEkyYgotLS0tLUVORCBDRVJUSUZJQ0FURS0tLS0tCg==\n    server: https://exampleaks1-4cf7ed9a.hcp.eastus.azmk8s.io:443\n  name: aks-ninenine555\ncontexts:\n- context:\n    cluster: aks-ninenine555\n    user: clusterUser_rg-ninenine555_aks-ninenine555\n  name: aks-ninenine555\ncurrent-context: aks-ninenine555\nkind: Config\npreferences: {}\nusers:\n- name: clusterUser_rg-ninenine555_aks-ninenine555\n  user:\n    client-certificate-data: LS0tLS1CRUdJTiBDRVJUSUZJQ0FURS0tLS0tCk1JSUUvRENDQXVTZ0F3SUJBZ0lRSUJYNmNIMkx5V1JmY1FWZ0NVeHVKakFOQmdrcWhraUc5dzBCQVFzRkFEQU4KTVFzd0NRWURWUVFERXdKallUQWVGdzB5TURBMU1qY3dOakUxTkROYUZ3MHlNakExTWpjd05qSTFORE5hTURBeApGekFWQmdOVkJBb1REbk41YzNSbGJUcHRZWE4wWlhKek1SVXdFd1lEVlFRREV3eHRZWE4wWlhKamJHbGxiblF3CmdnSWlNQTBHQ1NxR1NJYjNEUUVCQVFVQUE0SUNEd0F3Z2dJS0FvSUNBUUM5NnR5dER3QlVlcVRneFhvTEJjR20KR0QyWkhWeWh6U2IzLzFXVVhIMzBKWWxUVUVNMFVFMitKRXl4RmdlalFvVG10R0ZkUW1uMnNjWDVVZjcycm9RSgp4UjhoSWNxNC9CYjFwSzdrSnFjNTdySHIyeHVSYUtFNFdTdmR4RDRtam5WdzhUOXZIeDJLckpSTTIxQjM1NG5ECjAxeDZmSkw0WldSZGVEa0o3UVp1Z0Rld296TEhjcDhJaEJ1Y2RJNE9veXVScjBsd0VoMmhKVDVBTmh5cHhOZnAKdFhDOW1mbWU0cGRmN2RPQXVlelpiNEZIUVhMNWk2bTlHckFJZTNXcmtqUHk1bVg2QUIvOE5ubGc2V0RUc2M5TwpKaTZJcms1WjlZUHFxTHZQOUFmL2dqMG9EN0tXQk9wa2hjTE1vZ3NrY3NrUlFSZmttSG9tSTJxYkRQUTJJbDRVCkJkQTlycUhWZndTSk1SWU9Rc0hjeWJ6VFQ3WmtDWnU5NlpPaEllb2g2VnRvb3huUlJyUUU5ZWN0RDYvOVcvcUEKY1F1STBSU3hIRVhpYVBTajVIZWhMUWNUbmlnR2NPVGZrL2phUjY4My9adGRkaUZrb3JtdWMxYTJYSnVGR2l0TwpKVWdPbElqa25ObXhlUktNemZoNEk1VTYvMlNRNXpxZEx5V2NnRHc1Rm1FMTFRUUFGWFByOEtXTjZXTmN0VEx1CmhENGFjY0JKREV0YzAraFhncDBNSGwxdWFmNnhyb0E3cUxPeGF3ejhXVklqNlh0eVNZbXdUMEVCcHFJbFdiSTQKUDlVTzRrblVMTStqcStWMVRyazh0OGNQWUNDUTN5Q1dkVXB5ZzdvSkZIeUVIMXBLdm0wK1M0eEdDYnZOdVNiZwp6V0FzT0NvV2I2SzMrNXRPbXRyZ2VRSURBUUFCb3pVd016QU9CZ05WSFE4QkFmOEVCQU1DQmFBd0V3WURWUjBsCkJBd3dDZ1lJS3dZQkJRVUhBd0l3REFZRFZSMFRBUUgvQkFJd0FEQU5CZ2txaGtpRzl3MEJBUXNGQUFPQ0FnRUEKbCsyaXBVYW5neTE2WDR0T1ZRYlhwUlpRVlcvNVJ6TjFFUDFMVTRDRTBBNDhlSmoydmRFeFBtSkw3SDN4TFpJNQpmams3a0RTQ0hacFFWMEFwRTdiN1hCR3NDdmFqeXhSclBlVllqS29hS1lxQWVVdHFFRzN5L1VOc3VEaVJRSlIzCjhsQWFzTkhQS3lwdWFKZ1B3aGw1SUdyVTByOVpoN2Zoa1ZGdWtJSWZGeVh5OVMvN1lvM3pYRGRzVklrNkJZYS8KUWtUdWR2bU5wOXRHb09DalNjVEIzYWpOMS9IZG8rblVaRFBKaXdSOVFOblJyeWpZaWMyNHB0SEdZL3F0RDh0Uwp3VENuaFBVYlZxTWU5U3BRMnpNN0xqeFRnM1d0Z1QxUUFDRU1QTlhaaGRXei9RVjkwVlpUTTNOQXhCNEJ5QXJDCjhVbnppUElvRGE4TmlnZTd2WEFJZkdPTmw1YmtXcXd4OUFmR0xaVjhLWmY2SVhLOWVEVTJNTUR1UnVKNjBZeXcKeVJQaXNSeE5qOWdJUEV5VmhNNlNFdzJXWi9IZG5lMEoyMmZsaFdIMTNyQVE1aFNOekJKc2xxaW1CYjZGYmp2cQpVTTYrQVlSRWhpeVRTeWg0WkpyWHVwK0xhUStWWVpSblo1Q0xYN3NuTVl6Q1I0c2loTWZrYVQwQnBkeExlUXc2CllQeldXKzhheXVMUUdvbDV6WmVNSStlck1YK09uanBFUFViNzVkTVEwa2grK216dVp3eEhaaGdQRi9MTkZoT3YKaWlwbUxRaHFnZW8zckNzNzhyS1lueUgxUGZLc1ZyLzlqMzhzMXhDRXhlaVgyaGhxdUJISkJIVjZaYjVQbFdKeApyaXpKQjVqbUZXWUNtdkpJc1ZEbG9TcDQrNU9tNnRueVVrWHdJbUZieHhRPQotLS0tLUVORCBDRVJUSUZJQ0FURS0tLS0tCg==\n    client-key-data: LS0tLS1CRUdJTiBSU0EgUFJJVkFURSBLRVktLS0tLQpNSUlKS2dJQkFBS0NBZ0VBdmVyY3JROEFWSHFrNE1WNkN3WEJwaGc5bVIxY29jMG05LzlWbEZ4OTlDV0pVMUJECk5GQk52aVJNc1JZSG8wS0U1clJoWFVKcDlySEYrVkgrOXE2RUNjVWZJU0hLdVB3VzlhU3U1Q2FuT2U2eDY5c2IKa1dpaE9Ga3IzY1ErSm81MWNQRS9ieDhkaXF5VVROdFFkK2VKdzlOY2VueVMrR1ZrWFhnNUNlMEdib0Ezc0tNeQp4M0tmQ0lRYm5IU09EcU1ya2E5SmNCSWRvU1UrUURZY3FjVFg2YlZ3dlpuNW51S1hYKzNUZ0xuczJXK0JSMEZ5CitZdXB2UnF3Q0h0MXE1SXo4dVpsK2dBZi9EWjVZT2xnMDdIUFRpWXVpSzVPV2ZXRDZxaTd6L1FILzRJOUtBK3kKbGdUcVpJWEN6S0lMSkhMSkVVRVg1Smg2SmlOcW13ejBOaUplRkFYUVBhNmgxWDhFaVRFV0RrTEIzTW04MDArMgpaQW1idmVtVG9TSHFJZWxiYUtNWjBVYTBCUFhuTFErdi9WdjZnSEVMaU5FVXNSeEY0bWowbytSM29TMEhFNTRvCkJuRGszNVA0Mmtldk4vMmJYWFloWktLNXJuTld0bHliaFJvclRpVklEcFNJNUp6WnNYa1NqTTM0ZUNPVk92OWsKa09jNm5TOGxuSUE4T1JaaE5kVUVBQlZ6Ni9DbGplbGpYTFV5N29RK0duSEFTUXhMWE5Qb1Y0S2REQjVkYm1uKwpzYTZBTzZpenNXc00vRmxTSStsN2NrbUpzRTlCQWFhaUpWbXlPRC9WRHVKSjFDelBvNnZsZFU2NVBMZkhEMkFnCmtOOGdsblZLY29PNkNSUjhoQjlhU3I1dFBrdU1SZ203emJrbTRNMWdMRGdxRm0raXQvdWJUcHJhNEhrQ0F3RUEKQVFLQ0FnRUFqOU91QytHd2ZrbmpVOVk1OXQ4RktLUnpBZUlhcE82WTlIZUtlREVUc2pJN0xiMDdLQU1vM1RiZwpYYnd4VEpLejA0UUh1SGp6aHNCYkRkWHJJU1pKR0owUVZpY2hQN2FxTEozclZSMXd4NDdkYjZFZjM1ODllVThPCnlZUTFEVDRWOHRMQkY0YVkrTXg2QXpxVVZqb2pPd3AybnN4NUFXVEgvWUZ1c1BXd1NUOFE3ZFNxUUNHdUR1VDkKaEI5QTloVGNpaGdWcGFvU2hsZU9MVkxOb2tSUXY4Mkk5QTRIM1N2OU44a0V4QmdLSnlFcTVxdktSdkplT2JoYwpXQkFuclNlcjcraE1rbWhGME52d1VGUnQzK1JvK3VZdmw1TnFBdmJNVUlvNHNlUTlxbU1Yclo4MXdDYzQyNmZ4ClBzZjVhRUVGeE90bkROZnNxYlZvcHNQSXJyYVlSNEtqWkpjR244Vmx6YnFoQklqYlFKcjUxT09HRzM2SWxuRWMKUlBDckNHUkdZczhwV0ZQaThLMzB3L3dVS2FUTGRqb1dTT1lWZlFKTmVGRXNQU3NxM1BFRVE3bE1tUWhvWUR4Ugpkc0l4VUQ4OXFSbmVDV1hKUDRpQ0s0NzVSeUFNaGNES0pQUHlla2hNVXl6RXQzVEoza0hPWUlRZldwV2twZUxNCmwrK0ZtSEJ0ZXEvVS9OSU1Ud0dBS3pkdkRVaVNSelVwTkxXNEFZNEdYTTZKdVpiNy9WZUlYa2VvTm53UVJ0M0QKaU1JUGlTa2xzbktJOEk1eUlxNjkxS1hTVE02Z294SDc4RzhYMW1tMXJNcDMzUjBRUXpaak5wSlN5OWd2aUgwZQpQVTlFVTJCb0ExQTEwdjNTb3g2Z3ZZUHlxWm8rUzJ6K2JuSk5ORlZtZ2tCNjN6aDFZQUVDZ2dFQkFNd0E2TERLClZib0NQRlRaN0d6ZmExamF6NjhJVTEwd1pwMEdVbWVsUGdmcGtGRnNTbVNqL2VIZ0NGamI5MFBZc1A1TjErY2sKakxsV095cjhpbVdMdXA2WmhSclVrMC9MT2FnZDlyaENTM0pYQ2MyT3ZVVWhrQ2Jub2NZTkd3Y3JReFlQV2k3ZgphNzRHMEs3T2RxbUNjcGlwb3k4RXFMcjU4UmQ3N09naXA1OHBWTlIyUk1nWnUyc1JGV2pFYVVtaFhYZlJjQTA4CnpRaThJSk1YK1o0TkJRcGhFSmlFN3pJM2g5QTV5czh0M3ZtWUNCSXBqTkxqVWw5UmNEcTdGVHpSdWpUNDNTelMKbFJrTFl0ZFo3SHRmQjVDK3hRZ053d2xlbFlQSStXbHVFVUV3RkFOYWpsa1RFa3N4OTJyT3ZqZDVtMWFZZXhjWAova2s5N1MrSzdxMU4vZUVDZ2dFQkFPNVMxK2lvTFFQZHVYYlFyNUVPeTBmNlhFYVYrT0cyQUsyQitGWlVIR3BkCkxUWU5EaFBFdlRZcWlhUU5idkM5ZTVKZDhhSlFCZVRIdk44S0JEOS92M1dwM0JudjA3NDVuOHBCOHlPYVlrN0kKL09JajRwbStOL1Nkci9zMi9JTWkxditmMVpVOThyVXlJMWZDZnlhWmswTzNiSGxrTkh3a29zK2FoeXo5OW9mYgp1SlBkNGczQ1ZXdy9rU09QUHc3NW9vR0hXb0w3c0hoZ29sQjEzL1BOS0h2R25IVFlyUUdkQjhrOHpBR1Z4Y1IvCnM3dEl6V2p2dWwwSXpkQU9GYmhLQ1VDc1VOam84TlZRUk1wejVIejFzQldBNE8yUWxkTWtDdkpMMithZ1RDVGMKQkRRaDRzQ1pOOHZZYmNxL1JUOXkrazVLY0ZkbGFheHgzK05aL1o3Z3haa0NnZ0VCQUlvc2oyNjNEUXQ0Mmk1SwprSFZKZW1icmhjR3k3T3Z3allBTHVTTFViRWhsclVkSkJyWlYwTzc5bEFuRHF4MjhGbDJZa2dUUDM3VGtzQnkwCmduUzNDSWJGeXI3YWZwQ01RSmdhKzNIZ0RVUDdxZnNkbEJyUDJkaFFDV1dnbU03cFFYNGVsZUdybUVsVVNtSXMKRzNsQ2pxWFNPR0h2VU8yYnZ1MCtGYjlCUWJGdkNETURqQ0RRTlA0V3l4NXo4akJaNkhud1ZHblM1YmpsMjFabAo1YjlrYUNhWWllb1VHQU0yVTNuNHV1SksybnpKdWFXN21OTjUvdC9xeEE0eml2WHZ3NlIvYnljZDFyam8ybUNzCldwMVJSMG1Gdk9Sd2xjcXgwcWs1SloyQVhKVi9uLzZKaG1MVXBRNWpZSVpxVTdJMVhyNXZkdWUwYTVwbUpGR1EKVTRyMGlXRUNnZ0VCQUxUblY1TDRUYXM0bkRhUGRDVmxHSE5ibkwzTHkyN3hxNVFKSzB2RWJ3bGlEeGFQVkZjMwpLUFU3MXQwYmdWSG1VeTJvZCtuZ1dvanVBUFZBOGphTkx2VU82YzhhV0IxMk9rL2FQY2lSd1B2UzN2cDlpTjF4CklhSmlMQnBDQSswNi9mNXVBajlXRmF6ckVSN2x1WVRBWUtPdlVQellUbXJKbUhpRDhRWDdCUzdkWHorRzFyZmgKQXR5M1orR1pNNkdYWm41eUV3ZUlLODFFZFJFa1dNb0V1aTB5ZHNMUFVvdjkrZElNZjBMWXdKVkc1bFJNai9lTwp1V1V6Y0o3MGdoSXd5Tk01dWVqYzhTckswbHpuR2RLczRHdUNON3E4M0syNEYwTVN5Q3BKRldPSlN2dVRtVDdmClR4WkNCQjA1a1VQM2IvOEx6RGphOXhyNkdadkhUSmhVUUVrQ2dnRUFmeDlmcThjUmZTeURKQW1lY1FsV2lFNnkKSVZnbHhlRXBPMWhFQzVBMmt6dksyOEJ2b2MzM0wwbFFCTm5TT0ZmZmJhR1RNNFZkQitvQ0JxOG9mcDVsZm0zbApDbG9kQ1ZmeVh3emlCT1FoNHVpcENGQTJsV3dac3JxakZ1ZkRwOE1Dd0pXdUswRlo3WG5IZnVkVVNoRVNMVU5ZCkJYWXFqeUlvSW1Qb1NYQ1Q3YThLV2dZSkMzaFo3SkkxRnozOFJOano3UFNDclpjb1RXd0o4M3FGOHB4V0QvY2sKZnlhMTQya3Z4NU1qSlFuRlBVWjBLa0ZNZCtsY0lqcmZvSUdZS1BuWnlZNkpCREJFOHgrRHppZzhCeDdPSTBiZQovajl6eDg2SDZWTnhkaERhcFhmeHZidjFNSEpvTlFUTS9CK3ZjQ2tuV3BaY1ZBc1p4RXYvdmpZRHdka3Nzdz09Ci0tLS0tRU5EIFJTQSBQUklWQVRFIEtFWS0tLS0tCg==\n    token: 7031e4d8184f6d1a0da88e3562b050edfbf1a4a84422b45f7ea108926c4a94e71b3cdf171270eb7b2b90758d7a2cf071839bd2469816da054b9295db5c48d31f\n",
            "kubelet_identity": [
              {
                "client_id": "79ba0c42-b7c9-445a-890c-fb9ee3c1c1ed",
                "object_id": "5ba96071-b366-4c65-931f-dc8336ef3cf5",
                "user_assigned_identity_id": "/subscriptions/10a09851-d632-420e-ad20-2cd774fd4d41/resourcegroups/MC_rg-ninenine555_aks-ninenine555_eastus/providers/Microsoft.ManagedIdentity/userAssignedIdentities/aks-ninenine555-agentpool"
              }
            ],
            "kubernetes_version": "1.15.10",
            "linux_profile": [],
            "location": "eastus",
            "name": "aks-ninenine555",
            "network_profile": [
              {
                "dns_service_ip": "10.200.0.10",
                "docker_bridge_cidr": "172.17.0.1/16",
                "load_balancer_profile": [
                  {
                    "effective_outbound_ips": [
                      "/subscriptions/10a09851-d632-420e-ad20-2cd774fd4d41/resourceGroups/MC_rg-ninenine555_aks-ninenine555_eastus/providers/Microsoft.Network/publicIPAddresses/c5fc9eab-3f4a-4ebf-a640-11e42d3a7fba"
                    ],
                    "managed_outbound_ip_count": 1,
                    "outbound_ip_address_ids": [],
                    "outbound_ip_prefix_ids": []
                  }
                ],
                "load_balancer_sku": "Standard",
                "network_plugin": "azure",
                "network_policy": "",
                "outbound_type": "loadBalancer",
                "pod_cidr": "",
                "service_cidr": "10.200.0.0/16"
              }
            ],
            "node_resource_group": "MC_rg-ninenine555_aks-ninenine555_eastus",
            "private_cluster_enabled": false,
            "private_fqdn": "",
            "private_link_enabled": false,
            "resource_group_name": "rg-ninenine555",
            "role_based_access_control": [
              {
                "azure_active_directory": [],
                "enabled": true
              }
            ],
            "service_principal": [],
            "tags": null,
            "timeouts": null,
            "windows_profile": [
              {
                "admin_password": "",
                "admin_username": "azureuser"
              }
            ]
          },
          "private": "eyJlMmJmYjczMC1lY2FhLTExZTYtOGY4OC0zNDM2M2JjN2M0YzAiOnsiY3JlYXRlIjo1NDAwMDAwMDAwMDAwLCJkZWxldGUiOjU0MDAwMDAwMDAwMDAsInJlYWQiOjMwMDAwMDAwMDAwMCwidXBkYXRlIjo1NDAwMDAwMDAwMDAwfX0=",
          "dependencies": [
            "azurerm_resource_group.resourceGroup",
            "azurerm_subnet.subnet_aks",
            "azurerm_virtual_network.vnet"
          ]
        }
      ]
    },
    {
      "mode": "managed",
      "type": "azurerm_public_ip",
      "name": "pip",
      "provider": "provider.azurerm",
      "instances": [
        {
          "schema_version": 0,
          "attributes": {
            "allocation_method": "Static",
            "domain_name_label": null,
            "fqdn": null,
            "id": "/subscriptions/10a09851-d632-420e-ad20-2cd774fd4d41/resourceGroups/rg-ninenine555/providers/Microsoft.Network/publicIPAddresses/pip",
            "idle_timeout_in_minutes": 4,
            "ip_address": "52.191.20.131",
            "ip_version": "IPv4",
            "location": "eastus",
            "name": "pip",
            "public_ip_prefix_id": null,
            "resource_group_name": "rg-ninenine555",
            "reverse_fqdn": null,
            "sku": "Standard",
            "tags": null,
            "timeouts": null,
            "zones": null
          },
          "private": "eyJlMmJmYjczMC1lY2FhLTExZTYtOGY4OC0zNDM2M2JjN2M0YzAiOnsiY3JlYXRlIjoxODAwMDAwMDAwMDAwLCJkZWxldGUiOjE4MDAwMDAwMDAwMDAsInJlYWQiOjMwMDAwMDAwMDAwMCwidXBkYXRlIjoxODAwMDAwMDAwMDAwfX0=",
          "dependencies": [
            "azurerm_resource_group.resourceGroup"
          ]
        }
      ]
    },
    {
      "mode": "managed",
      "type": "azurerm_resource_group",
      "name": "resourceGroup",
      "provider": "provider.azurerm",
      "instances": [
        {
          "schema_version": 0,
          "attributes": {
            "id": "/subscriptions/10a09851-d632-420e-ad20-2cd774fd4d41/resourceGroups/rg-ninenine555",
            "location": "eastus",
            "name": "rg-ninenine555",
            "tags": null,
            "timeouts": null
          },
          "private": "eyJlMmJmYjczMC1lY2FhLTExZTYtOGY4OC0zNDM2M2JjN2M0YzAiOnsiY3JlYXRlIjo1NDAwMDAwMDAwMDAwLCJkZWxldGUiOjU0MDAwMDAwMDAwMDAsInJlYWQiOjMwMDAwMDAwMDAwMCwidXBkYXRlIjo1NDAwMDAwMDAwMDAwfX0="
        }
      ]
    },
    {
      "mode": "managed",
      "type": "azurerm_role_assignment",
      "name": "aks-acr-access",
      "provider": "provider.azurerm",
      "instances": [
        {
          "schema_version": 0,
          "attributes": {
            "id": "/subscriptions/10a09851-d632-420e-ad20-2cd774fd4d41/resourceGroups/rg-ninenine555/providers/Microsoft.ContainerRegistry/registries/acrninenine555/providers/Microsoft.Authorization/roleAssignments/32972030-f872-f4be-9132-f8256e547055",
            "name": "32972030-f872-f4be-9132-f8256e547055",
            "principal_id": "5ba96071-b366-4c65-931f-dc8336ef3cf5",
            "principal_type": "ServicePrincipal",
            "role_definition_id": "/subscriptions/10a09851-d632-420e-ad20-2cd774fd4d41/providers/Microsoft.Authorization/roleDefinitions/7f951dda-4ed3-4680-a7ca-43fe172d538d",
            "role_definition_name": "AcrPull",
            "scope": "/subscriptions/10a09851-d632-420e-ad20-2cd774fd4d41/resourceGroups/rg-ninenine555/providers/Microsoft.ContainerRegistry/registries/acrninenine555",
            "skip_service_principal_aad_check": true,
            "timeouts": null
          },
          "private": "eyJlMmJmYjczMC1lY2FhLTExZTYtOGY4OC0zNDM2M2JjN2M0YzAiOnsiY3JlYXRlIjoxODAwMDAwMDAwMDAwLCJkZWxldGUiOjE4MDAwMDAwMDAwMDAsInJlYWQiOjMwMDAwMDAwMDAwMCwidXBkYXRlIjoxODAwMDAwMDAwMDAwfX0=",
          "dependencies": [
            "azurerm_container_registry.acr",
            "azurerm_kubernetes_cluster.aks",
            "azurerm_resource_group.resourceGroup",
            "azurerm_subnet.subnet_aks",
            "azurerm_virtual_network.vnet"
          ]
        }
      ]
    },
    {
      "mode": "managed",
      "type": "azurerm_role_assignment",
      "name": "aks-pod-identity-mio-access",
      "provider": "provider.azurerm",
      "instances": [
        {
          "schema_version": 0,
          "attributes": {
            "id": "/subscriptions/10a09851-d632-420e-ad20-2cd774fd4d41/resourceGroups/MC_rg-ninenine555_aks-ninenine555_eastus/providers/Microsoft.Authorization/roleAssignments/81ce760d-9d72-0015-8068-bba0e7d1d75b",
            "name": "81ce760d-9d72-0015-8068-bba0e7d1d75b",
            "principal_id": "5ba96071-b366-4c65-931f-dc8336ef3cf5",
            "principal_type": "ServicePrincipal",
            "role_definition_id": "/subscriptions/10a09851-d632-420e-ad20-2cd774fd4d41/providers/Microsoft.Authorization/roleDefinitions/f1a07417-d97a-45cb-824c-7a7467783830",
            "role_definition_name": "Managed Identity Operator",
            "scope": "/subscriptions/10a09851-d632-420e-ad20-2cd774fd4d41/resourceGroups/MC_rg-ninenine555_aks-ninenine555_eastus",
            "skip_service_principal_aad_check": true,
            "timeouts": null
          },
          "private": "eyJlMmJmYjczMC1lY2FhLTExZTYtOGY4OC0zNDM2M2JjN2M0YzAiOnsiY3JlYXRlIjoxODAwMDAwMDAwMDAwLCJkZWxldGUiOjE4MDAwMDAwMDAwMDAsInJlYWQiOjMwMDAwMDAwMDAwMCwidXBkYXRlIjoxODAwMDAwMDAwMDAwfX0=",
          "dependencies": [
            "azurerm_kubernetes_cluster.aks",
            "azurerm_resource_group.resourceGroup",
            "azurerm_subnet.subnet_aks",
            "azurerm_virtual_network.vnet"
          ]
        }
      ]
    },
    {
      "mode": "managed",
      "type": "azurerm_role_assignment",
      "name": "aks-pod-identity-mio-access-main-rg",
      "provider": "provider.azurerm",
      "instances": [
        {
          "schema_version": 0,
          "attributes": {
            "id": "/subscriptions/10a09851-d632-420e-ad20-2cd774fd4d41/resourceGroups/rg-ninenine555/providers/Microsoft.Authorization/roleAssignments/6f830a2c-d748-8386-ac15-21ddc3fd0dad",
            "name": "6f830a2c-d748-8386-ac15-21ddc3fd0dad",
            "principal_id": "5ba96071-b366-4c65-931f-dc8336ef3cf5",
            "principal_type": "ServicePrincipal",
            "role_definition_id": "/subscriptions/10a09851-d632-420e-ad20-2cd774fd4d41/providers/Microsoft.Authorization/roleDefinitions/f1a07417-d97a-45cb-824c-7a7467783830",
            "role_definition_name": "Managed Identity Operator",
            "scope": "/subscriptions/10a09851-d632-420e-ad20-2cd774fd4d41/resourceGroups/rg-ninenine555",
            "skip_service_principal_aad_check": true,
            "timeouts": null
          },
          "private": "eyJlMmJmYjczMC1lY2FhLTExZTYtOGY4OC0zNDM2M2JjN2M0YzAiOnsiY3JlYXRlIjoxODAwMDAwMDAwMDAwLCJkZWxldGUiOjE4MDAwMDAwMDAwMDAsInJlYWQiOjMwMDAwMDAwMDAwMCwidXBkYXRlIjoxODAwMDAwMDAwMDAwfX0=",
          "dependencies": [
            "azurerm_kubernetes_cluster.aks",
            "azurerm_resource_group.resourceGroup",
            "azurerm_subnet.subnet_aks",
            "azurerm_virtual_network.vnet"
          ]
        }
      ]
    },
    {
      "mode": "managed",
      "type": "azurerm_role_assignment",
      "name": "aks-pod-identity-vm-access",
      "provider": "provider.azurerm",
      "instances": [
        {
          "schema_version": 0,
          "attributes": {
            "id": "/subscriptions/10a09851-d632-420e-ad20-2cd774fd4d41/resourceGroups/MC_rg-ninenine555_aks-ninenine555_eastus/providers/Microsoft.Authorization/roleAssignments/07caa128-28ce-7c75-1797-cf10d5b312f8",
            "name": "07caa128-28ce-7c75-1797-cf10d5b312f8",
            "principal_id": "5ba96071-b366-4c65-931f-dc8336ef3cf5",
            "principal_type": "ServicePrincipal",
            "role_definition_id": "/subscriptions/10a09851-d632-420e-ad20-2cd774fd4d41/providers/Microsoft.Authorization/roleDefinitions/9980e02c-c2be-4d73-94e8-173b1dc7cf3c",
            "role_definition_name": "Virtual Machine Contributor",
            "scope": "/subscriptions/10a09851-d632-420e-ad20-2cd774fd4d41/resourceGroups/MC_rg-ninenine555_aks-ninenine555_eastus",
            "skip_service_principal_aad_check": true,
            "timeouts": null
          },
          "private": "eyJlMmJmYjczMC1lY2FhLTExZTYtOGY4OC0zNDM2M2JjN2M0YzAiOnsiY3JlYXRlIjoxODAwMDAwMDAwMDAwLCJkZWxldGUiOjE4MDAwMDAwMDAwMDAsInJlYWQiOjMwMDAwMDAwMDAwMCwidXBkYXRlIjoxODAwMDAwMDAwMDAwfX0=",
          "dependencies": [
            "azurerm_kubernetes_cluster.aks",
            "azurerm_resource_group.resourceGroup",
            "azurerm_subnet.subnet_aks",
            "azurerm_virtual_network.vnet"
          ]
        }
      ]
    },
    {
      "mode": "managed",
      "type": "azurerm_role_assignment",
      "name": "pod-identity-assignment",
      "provider": "provider.azurerm",
      "instances": [
        {
          "schema_version": 0,
          "attributes": {
            "id": "/subscriptions/10a09851-d632-420e-ad20-2cd774fd4d41/resourceGroups/rg-ninenine555/providers/Microsoft.Authorization/roleAssignments/9f6cb7ff-79d3-195f-3c03-8cd76fc3a584",
            "name": "9f6cb7ff-79d3-195f-3c03-8cd76fc3a584",
            "principal_id": "7a13cf82-ee0b-43e1-803c-af3f34f3e0fa",
            "principal_type": "ServicePrincipal",
            "role_definition_id": "/subscriptions/10a09851-d632-420e-ad20-2cd774fd4d41/providers/Microsoft.Authorization/roleDefinitions/acdd72a7-3385-48ef-bd42-f606fba81ae7",
            "role_definition_name": "Reader",
            "scope": "/subscriptions/10a09851-d632-420e-ad20-2cd774fd4d41/resourceGroups/rg-ninenine555",
            "skip_service_principal_aad_check": null,
            "timeouts": null
          },
          "private": "eyJlMmJmYjczMC1lY2FhLTExZTYtOGY4OC0zNDM2M2JjN2M0YzAiOnsiY3JlYXRlIjoxODAwMDAwMDAwMDAwLCJkZWxldGUiOjE4MDAwMDAwMDAwMDAsInJlYWQiOjMwMDAwMDAwMDAwMCwidXBkYXRlIjoxODAwMDAwMDAwMDAwfX0=",
          "dependencies": [
            "azurerm_resource_group.resourceGroup",
            "azurerm_user_assigned_identity.pod-identity"
          ]
        }
      ]
    },
    {
      "mode": "managed",
      "type": "azurerm_role_assignment",
      "name": "pod-identity-assignment-agw",
      "provider": "provider.azurerm",
      "instances": [
        {
          "schema_version": 0,
          "attributes": {
            "id": "/subscriptions/10a09851-d632-420e-ad20-2cd774fd4d41/resourceGroups/rg-ninenine555/providers/Microsoft.Network/applicationGateways/agw-ninenine555/providers/Microsoft.Authorization/roleAssignments/95e05e02-5cd5-e2a8-ed82-ac185af7783d",
            "name": "95e05e02-5cd5-e2a8-ed82-ac185af7783d",
            "principal_id": "7a13cf82-ee0b-43e1-803c-af3f34f3e0fa",
            "principal_type": "ServicePrincipal",
            "role_definition_id": "/subscriptions/10a09851-d632-420e-ad20-2cd774fd4d41/providers/Microsoft.Authorization/roleDefinitions/b24988ac-6180-42a0-ab88-20f7382dd24c",
            "role_definition_name": "Contributor",
            "scope": "/subscriptions/10a09851-d632-420e-ad20-2cd774fd4d41/resourceGroups/rg-ninenine555/providers/Microsoft.Network/applicationGateways/agw-ninenine555",
            "skip_service_principal_aad_check": null,
            "timeouts": null
          },
          "private": "eyJlMmJmYjczMC1lY2FhLTExZTYtOGY4OC0zNDM2M2JjN2M0YzAiOnsiY3JlYXRlIjoxODAwMDAwMDAwMDAwLCJkZWxldGUiOjE4MDAwMDAwMDAwMDAsInJlYWQiOjMwMDAwMDAwMDAwMCwidXBkYXRlIjoxODAwMDAwMDAwMDAwfX0=",
          "dependencies": [
            "azurerm_application_gateway.agw",
            "azurerm_public_ip.pip",
            "azurerm_resource_group.resourceGroup",
            "azurerm_subnet.subnet_app_gateway",
            "azurerm_user_assigned_identity.pod-identity",
            "azurerm_virtual_network.vnet"
          ]
        }
      ]
    },
    {
      "mode": "managed",
      "type": "azurerm_role_assignment",
      "name": "script-identity-assignment",
      "provider": "provider.azurerm",
      "instances": [
        {
          "schema_version": 0,
          "attributes": {
            "id": "/subscriptions/10a09851-d632-420e-ad20-2cd774fd4d41/resourceGroups/rg-ninenine555/providers/Microsoft.Authorization/roleAssignments/d1e94110-eddb-b238-42cb-dbf75e71c18c",
            "name": "d1e94110-eddb-b238-42cb-dbf75e71c18c",
            "principal_id": "7a13cf82-ee0b-43e1-803c-af3f34f3e0fa",
            "principal_type": "ServicePrincipal",
            "role_definition_id": "/subscriptions/10a09851-d632-420e-ad20-2cd774fd4d41/providers/Microsoft.Authorization/roleDefinitions/b24988ac-6180-42a0-ab88-20f7382dd24c",
            "role_definition_name": "Contributor",
            "scope": "/subscriptions/10a09851-d632-420e-ad20-2cd774fd4d41/resourceGroups/rg-ninenine555",
            "skip_service_principal_aad_check": null,
            "timeouts": null
          },
          "private": "eyJlMmJmYjczMC1lY2FhLTExZTYtOGY4OC0zNDM2M2JjN2M0YzAiOnsiY3JlYXRlIjoxODAwMDAwMDAwMDAwLCJkZWxldGUiOjE4MDAwMDAwMDAwMDAsInJlYWQiOjMwMDAwMDAwMDAwMCwidXBkYXRlIjoxODAwMDAwMDAwMDAwfX0=",
          "dependencies": [
            "azurerm_resource_group.resourceGroup",
            "azurerm_user_assigned_identity.script-identity"
          ]
        }
      ]
    },
    {
      "mode": "managed",
      "type": "azurerm_sql_database",
      "name": "database",
      "provider": "provider.azurerm",
      "instances": [
        {
          "schema_version": 0,
          "attributes": {
            "collation": "SQL_Latin1_General_CP1_CI_AS",
            "create_mode": "Default",
            "creation_date": "2020-05-27T06:26:41.287Z",
            "default_secondary_location": "West US",
            "edition": "GeneralPurpose",
            "elastic_pool_name": "",
            "encryption": "",
            "extended_auditing_policy": [],
            "id": "/subscriptions/10a09851-d632-420e-ad20-2cd774fd4d41/resourceGroups/rg-ninenine555/providers/Microsoft.Sql/servers/sqlninenine555/databases/domaindb",
            "import": [],
            "location": "eastus",
            "max_size_bytes": "34359738368",
            "max_size_gb": null,
            "name": "domaindb",
            "read_scale": false,
            "requested_service_objective_id": "f21733ad-9b9b-4d4e-a4fa-94a133c41718",
            "requested_service_objective_name": "GP_Gen5_2",
            "resource_group_name": "rg-ninenine555",
            "restore_point_in_time": null,
            "server_name": "sqlninenine555",
            "source_database_deletion_date": null,
            "source_database_id": null,
            "tags": null,
            "threat_detection_policy": [
              {
                "disabled_alerts": [],
                "email_account_admins": "Disabled",
                "email_addresses": [],
                "retention_days": 0,
                "state": "Disabled",
                "storage_account_access_key": "",
                "storage_endpoint": "",
                "use_server_default": "Disabled"
              }
            ],
            "timeouts": null,
            "zone_redundant": false
          },
          "private": "eyJlMmJmYjczMC1lY2FhLTExZTYtOGY4OC0zNDM2M2JjN2M0YzAiOnsiY3JlYXRlIjozNjAwMDAwMDAwMDAwLCJkZWxldGUiOjM2MDAwMDAwMDAwMDAsInJlYWQiOjMwMDAwMDAwMDAwMCwidXBkYXRlIjozNjAwMDAwMDAwMDAwfX0=",
          "dependencies": [
            "azurerm_resource_group.resourceGroup",
            "azurerm_sql_server.sql"
          ]
        }
      ]
    },
    {
      "mode": "managed",
      "type": "azurerm_sql_firewall_rule",
      "name": "azure",
      "provider": "provider.azurerm",
      "instances": [
        {
          "schema_version": 0,
          "attributes": {
            "end_ip_address": "0.0.0.0",
            "id": "/subscriptions/10a09851-d632-420e-ad20-2cd774fd4d41/resourceGroups/rg-ninenine555/providers/Microsoft.Sql/servers/sqlninenine555/firewallRules/azure",
            "name": "azure",
            "resource_group_name": "rg-ninenine555",
            "server_name": "sqlninenine555",
            "start_ip_address": "0.0.0.0",
            "timeouts": null
          },
          "private": "eyJlMmJmYjczMC1lY2FhLTExZTYtOGY4OC0zNDM2M2JjN2M0YzAiOnsiY3JlYXRlIjoxODAwMDAwMDAwMDAwLCJkZWxldGUiOjE4MDAwMDAwMDAwMDAsInJlYWQiOjMwMDAwMDAwMDAwMCwidXBkYXRlIjoxODAwMDAwMDAwMDAwfX0=",
          "dependencies": [
            "azurerm_resource_group.resourceGroup",
            "azurerm_sql_server.sql"
          ]
        }
      ]
    },
    {
      "mode": "managed",
      "type": "azurerm_sql_server",
      "name": "sql",
      "provider": "provider.azurerm",
      "instances": [
        {
          "schema_version": 0,
          "attributes": {
            "administrator_login": "twtadmin",
            "administrator_login_password": "Password2020!",
            "connection_policy": "Default",
            "extended_auditing_policy": [],
            "fully_qualified_domain_name": "sqlninenine555.database.windows.net",
            "id": "/subscriptions/10a09851-d632-420e-ad20-2cd774fd4d41/resourceGroups/rg-ninenine555/providers/Microsoft.Sql/servers/sqlninenine555",
            "identity": [],
            "location": "eastus",
            "name": "sqlninenine555",
            "resource_group_name": "rg-ninenine555",
            "tags": null,
            "timeouts": null,
            "version": "12.0"
          },
          "private": "eyJlMmJmYjczMC1lY2FhLTExZTYtOGY4OC0zNDM2M2JjN2M0YzAiOnsiY3JlYXRlIjozNjAwMDAwMDAwMDAwLCJkZWxldGUiOjM2MDAwMDAwMDAwMDAsInJlYWQiOjMwMDAwMDAwMDAwMCwidXBkYXRlIjozNjAwMDAwMDAwMDAwfX0=",
          "dependencies": [
            "azurerm_resource_group.resourceGroup"
          ]
        }
      ]
    },
    {
      "mode": "managed",
      "type": "azurerm_subnet",
      "name": "subnet_aks",
      "provider": "provider.azurerm",
      "instances": [
        {
          "schema_version": 0,
          "attributes": {
            "address_prefix": "10.0.0.0/24",
            "address_prefixes": [
              "10.0.0.0/24"
            ],
            "delegation": [],
            "enforce_private_link_endpoint_network_policies": false,
            "enforce_private_link_service_network_policies": false,
            "id": "/subscriptions/10a09851-d632-420e-ad20-2cd774fd4d41/resourceGroups/rg-ninenine555/providers/Microsoft.Network/virtualNetworks/vnet/subnets/aks-subnet",
            "name": "aks-subnet",
            "resource_group_name": "rg-ninenine555",
            "service_endpoints": null,
            "timeouts": null,
            "virtual_network_name": "vnet"
          },
          "private": "eyJlMmJmYjczMC1lY2FhLTExZTYtOGY4OC0zNDM2M2JjN2M0YzAiOnsiY3JlYXRlIjoxODAwMDAwMDAwMDAwLCJkZWxldGUiOjE4MDAwMDAwMDAwMDAsInJlYWQiOjMwMDAwMDAwMDAwMCwidXBkYXRlIjoxODAwMDAwMDAwMDAwfX0=",
          "dependencies": [
            "azurerm_resource_group.resourceGroup",
            "azurerm_virtual_network.vnet"
          ]
        }
      ]
    },
    {
      "mode": "managed",
      "type": "azurerm_subnet",
      "name": "subnet_app_gateway",
      "provider": "provider.azurerm",
      "instances": [
        {
          "schema_version": 0,
          "attributes": {
            "address_prefix": "10.0.1.0/24",
            "address_prefixes": [
              "10.0.1.0/24"
            ],
            "delegation": [],
            "enforce_private_link_endpoint_network_policies": false,
            "enforce_private_link_service_network_policies": false,
            "id": "/subscriptions/10a09851-d632-420e-ad20-2cd774fd4d41/resourceGroups/rg-ninenine555/providers/Microsoft.Network/virtualNetworks/vnet/subnets/agw-subnet",
            "name": "agw-subnet",
            "resource_group_name": "rg-ninenine555",
            "service_endpoints": null,
            "timeouts": null,
            "virtual_network_name": "vnet"
          },
          "private": "eyJlMmJmYjczMC1lY2FhLTExZTYtOGY4OC0zNDM2M2JjN2M0YzAiOnsiY3JlYXRlIjoxODAwMDAwMDAwMDAwLCJkZWxldGUiOjE4MDAwMDAwMDAwMDAsInJlYWQiOjMwMDAwMDAwMDAwMCwidXBkYXRlIjoxODAwMDAwMDAwMDAwfX0=",
          "dependencies": [
            "azurerm_resource_group.resourceGroup",
            "azurerm_virtual_network.vnet"
          ]
        }
      ]
    },
    {
      "mode": "managed",
      "type": "azurerm_template_deployment",
      "name": "domaindata",
      "provider": "provider.azurerm",
      "instances": [
        {
          "schema_version": 0,
          "attributes": {
            "deployment_mode": "Incremental",
            "id": "/subscriptions/10a09851-d632-420e-ad20-2cd774fd4d41/resourceGroups/rg-ninenine555/providers/Microsoft.Resources/deployments/domaindata",
            "name": "domaindata",
            "outputs": {},
            "parameters": {
              "agwName": "agw-ninenine555",
              "aksCluster": "aks-ninenine555",
              "aksResourceGroup": "rg-ninenine555",
              "identity": "/subscriptions/10a09851-d632-420e-ad20-2cd774fd4d41/resourcegroups/rg-ninenine555/providers/Microsoft.ManagedIdentity/userAssignedIdentities/aks-pod-identity",
              "identityClientID": "2bc07b6d-6d32-4c0a-bbb1-8571dc701be4",
              "identityResourceID": "/subscriptions/10a09851-d632-420e-ad20-2cd774fd4d41/resourcegroups/rg-ninenine555/providers/Microsoft.ManagedIdentity/userAssignedIdentities/aks-pod-identity",
              "sqlAdmin": "twtadmin",
              "sqlPassword": "Password2020!",
              "sqlServer": "sqlninenine555.database.windows.net"
            },
            "parameters_body": null,
            "resource_group_name": "rg-ninenine555",
            "template_body": "{\"$schema\":\"https://schema.management.azure.com/schemas/2019-04-01/deploymentTemplate.json#\",\"contentVersion\":\"1.0.0.0\",\"parameters\":{\"agwName\":{\"type\":\"string\"},\"aksCluster\":{\"type\":\"string\"},\"aksResourceGroup\":{\"type\":\"string\"},\"identity\":{\"type\":\"securestring\"},\"identityClientID\":{\"type\":\"string\"},\"identityResourceID\":{\"type\":\"string\"},\"sqlAdmin\":{\"type\":\"string\"},\"sqlPassword\":{\"type\":\"securestring\"},\"sqlServer\":{\"type\":\"string\"}},\"resources\":[{\"apiVersion\":\"2019-10-01-preview\",\"identity\":{\"type\":\"UserAssigned\",\"userAssignedIdentities\":{\"[parameters('identity')]\":{}}},\"kind\":\"AzurePowerShell\",\"location\":\"[resourceGroup().location]\",\"name\":\"runPowerShellInline\",\"properties\":{\"arguments\":\"[concat('-sqlServer ', parameters('sqlServer'), ' -sqlAdmin ', parameters('sqlAdmin'), ' -sqlPassword ', parameters('sqlPassword'), ' -aksCluster ', parameters('aksCluster'), ' -aksResourceGroup ', parameters('aksResourceGroup'), ' -subscriptionId ', subscription().subscriptionId, ' -agwName ', parameters('agwName'), ' -identityResourceID ', parameters('identityResourceID'), ' -identityClientID ', parameters('identityClientID'))]\",\"azPowerShellVersion\":\"3.0\",\"cleanupPreference\":\"OnSuccess\",\"forceUpdateTag\":\"1\",\"primaryScriptUri\":\"[variables('script')]\",\"retentionInterval\":\"P1D\",\"timeout\":\"PT30M\"},\"type\":\"Microsoft.Resources/deploymentScripts\"}],\"variables\":{\"script\":\"https://gist.githubusercontent.com/neilpeterson/7191c9c53986abd09f4bca58863f39d9/raw/c71e5d39bd835bddf4404097e2e090c707f42cf7/pro-template-app-gateway.ps1\"}}",
            "timeouts": null
          },
          "private": "eyJlMmJmYjczMC1lY2FhLTExZTYtOGY4OC0zNDM2M2JjN2M0YzAiOnsiY3JlYXRlIjoxMDgwMDAwMDAwMDAwMCwiZGVsZXRlIjoxMDgwMDAwMDAwMDAwMCwicmVhZCI6MzAwMDAwMDAwMDAwLCJ1cGRhdGUiOjEwODAwMDAwMDAwMDAwfX0=",
          "dependencies": [
            "azurerm_application_gateway.agw",
            "azurerm_kubernetes_cluster.aks",
            "azurerm_public_ip.pip",
            "azurerm_resource_group.resourceGroup",
            "azurerm_sql_server.sql",
            "azurerm_subnet.subnet_aks",
            "azurerm_subnet.subnet_app_gateway",
            "azurerm_user_assigned_identity.pod-identity",
            "azurerm_user_assigned_identity.script-identity",
            "azurerm_virtual_network.vnet"
          ]
        }
      ]
    },
    {
      "mode": "managed",
      "type": "azurerm_user_assigned_identity",
      "name": "pod-identity",
      "provider": "provider.azurerm",
      "instances": [
        {
          "schema_version": 0,
          "attributes": {
            "client_id": "2bc07b6d-6d32-4c0a-bbb1-8571dc701be4",
            "id": "/subscriptions/10a09851-d632-420e-ad20-2cd774fd4d41/resourcegroups/rg-ninenine555/providers/Microsoft.ManagedIdentity/userAssignedIdentities/aks-pod-identity",
            "location": "eastus",
            "name": "aks-pod-identity",
            "principal_id": "7a13cf82-ee0b-43e1-803c-af3f34f3e0fa",
            "resource_group_name": "rg-ninenine555",
            "tags": null,
            "timeouts": null
          },
          "private": "eyJlMmJmYjczMC1lY2FhLTExZTYtOGY4OC0zNDM2M2JjN2M0YzAiOnsiY3JlYXRlIjoxODAwMDAwMDAwMDAwLCJkZWxldGUiOjE4MDAwMDAwMDAwMDAsInJlYWQiOjMwMDAwMDAwMDAwMCwidXBkYXRlIjoxODAwMDAwMDAwMDAwfX0=",
          "dependencies": [
            "azurerm_resource_group.resourceGroup"
          ]
        }
      ]
    },
    {
      "mode": "managed",
      "type": "azurerm_user_assigned_identity",
      "name": "script-identity",
      "provider": "provider.azurerm",
      "instances": [
        {
          "schema_version": 0,
          "attributes": {
            "client_id": "2bc07b6d-6d32-4c0a-bbb1-8571dc701be4",
            "id": "/subscriptions/10a09851-d632-420e-ad20-2cd774fd4d41/resourcegroups/rg-ninenine555/providers/Microsoft.ManagedIdentity/userAssignedIdentities/aks-pod-identity",
            "location": "eastus",
            "name": "aks-pod-identity",
            "principal_id": "7a13cf82-ee0b-43e1-803c-af3f34f3e0fa",
            "resource_group_name": "rg-ninenine555",
            "tags": null,
            "timeouts": null
          },
          "private": "eyJlMmJmYjczMC1lY2FhLTExZTYtOGY4OC0zNDM2M2JjN2M0YzAiOnsiY3JlYXRlIjoxODAwMDAwMDAwMDAwLCJkZWxldGUiOjE4MDAwMDAwMDAwMDAsInJlYWQiOjMwMDAwMDAwMDAwMCwidXBkYXRlIjoxODAwMDAwMDAwMDAwfX0=",
          "dependencies": [
            "azurerm_resource_group.resourceGroup"
          ]
        }
      ]
    },
    {
      "mode": "managed",
      "type": "azurerm_virtual_network",
      "name": "vnet",
      "provider": "provider.azurerm",
      "instances": [
        {
          "schema_version": 0,
          "attributes": {
            "address_space": [
              "10.0.0.0/16"
            ],
            "ddos_protection_plan": [],
            "dns_servers": null,
            "guid": "309d6ceb-8fa3-4a81-9582-186cf1635a18",
            "id": "/subscriptions/10a09851-d632-420e-ad20-2cd774fd4d41/resourceGroups/rg-ninenine555/providers/Microsoft.Network/virtualNetworks/vnet",
            "location": "eastus",
            "name": "vnet",
            "resource_group_name": "rg-ninenine555",
            "subnet": [],
            "tags": null,
            "timeouts": null
          },
          "private": "eyJlMmJmYjczMC1lY2FhLTExZTYtOGY4OC0zNDM2M2JjN2M0YzAiOnsiY3JlYXRlIjoxODAwMDAwMDAwMDAwLCJkZWxldGUiOjE4MDAwMDAwMDAwMDAsInJlYWQiOjMwMDAwMDAwMDAwMCwidXBkYXRlIjoxODAwMDAwMDAwMDAwfX0=",
          "dependencies": [
            "azurerm_resource_group.resourceGroup"
          ]
        }
      ]
    }
  ]
}
