{
  "version": 4,
  "terraform_version": "0.12.24",
  "serial": 22,
  "lineage": "a9d8dca8-0a9c-1cf3-6fdc-0856a64b30c1",
  "outputs": {
    "_1_auth_aks": {
      "value": "az aks get-credentials --name aks-nepter0008 --resource-group rg-nepter0008",
      "type": "string"
    },
    "_2_auth_container_registry": {
      "value": "az acr login --name acrnepter0008",
      "type": "string"
    },
    "_3_build_image_push_acr": {
      "value": "az acr build --registry acrnepter0008 -f src/Services/DomainAPI/Dockerfile --image domainapi:v1 .",
      "type": "string"
    },
    "_4_run_app_helm": {
      "value": "helm install ./domain-api --set SubscriptionId=10a09851-d632-420e-ad20-2cd774fd4d41 --set ResourceGroupName=rg-nepter0008 --set IdentityName=aks-pod-identity --set IdentityClientId=e7581e9a-a2b4-4d30-a56d-839ab9f1bec4 --set KeyVaultName=protemp-kv001nepter0008 --set Image=acrnepter0008.azurecr.io/domainapi:v1 --generate-name",
      "type": "string"
    }
  },
  "resources": [
    {
      "mode": "data",
      "type": "azurerm_client_config",
      "name": "current",
      "provider": "provider.azurerm",
      "instances": [
        {
          "schema_version": 0,
          "attributes": {
            "client_id": "04b07795-8ddb-461a-bbee-02f9e1bf7b46",
            "id": "2020-05-31 17:29:04.64439 +0000 UTC",
            "object_id": "b0959e18-c917-49ec-9a03-b91957a24836",
            "subscription_id": "10a09851-d632-420e-ad20-2cd774fd4d41",
            "tenant_id": "72f988bf-86f1-41af-91ab-2d7cd011db47",
            "timeouts": null
          }
        }
      ]
    },
    {
      "mode": "data",
      "type": "azurerm_resource_group",
      "name": "aks-node",
      "provider": "provider.azurerm",
      "instances": [
        {
          "schema_version": 0,
          "attributes": {
            "id": "/subscriptions/10a09851-d632-420e-ad20-2cd774fd4d41/resourceGroups/MC_rg-nepter0008_aks-nepter0008_eastus",
            "location": "eastus",
            "name": "MC_rg-nepter0008_aks-nepter0008_eastus",
            "tags": {},
            "timeouts": null
          }
        }
      ]
    },
    {
      "mode": "managed",
      "type": "azurerm_container_registry",
      "name": "acr",
      "provider": "provider.azurerm",
      "instances": [
        {
          "schema_version": 2,
          "attributes": {
            "admin_enabled": false,
            "admin_password": "",
            "admin_username": "",
            "georeplication_locations": null,
            "id": "/subscriptions/10a09851-d632-420e-ad20-2cd774fd4d41/resourceGroups/rg-nepter0008/providers/Microsoft.ContainerRegistry/registries/acrnepter0008",
            "location": "eastus",
            "login_server": "acrnepter0008.azurecr.io",
            "name": "acrnepter0008",
            "network_rule_set": [
              {
                "default_action": "Allow",
                "ip_rule": [],
                "virtual_network": []
              }
            ],
            "resource_group_name": "rg-nepter0008",
            "sku": "Premium",
            "storage_account_id": null,
            "tags": null,
            "timeouts": null
          },
          "private": "eyJlMmJmYjczMC1lY2FhLTExZTYtOGY4OC0zNDM2M2JjN2M0YzAiOnsiY3JlYXRlIjoxODAwMDAwMDAwMDAwLCJkZWxldGUiOjE4MDAwMDAwMDAwMDAsInJlYWQiOjMwMDAwMDAwMDAwMCwidXBkYXRlIjoxODAwMDAwMDAwMDAwfSwic2NoZW1hX3ZlcnNpb24iOiIyIn0=",
          "dependencies": [
            "azurerm_resource_group.resourceGroup"
          ]
        }
      ]
    },
    {
      "mode": "managed",
      "type": "azurerm_key_vault",
      "name": "keyvault",
      "provider": "provider.azurerm",
      "instances": [
        {
          "schema_version": 1,
          "attributes": {
            "access_policy": [
              {
                "application_id": "",
                "certificate_permissions": null,
                "key_permissions": null,
                "object_id": "b0959e18-c917-49ec-9a03-b91957a24836",
                "secret_permissions": [
                  "set",
                  "get",
                  "delete"
                ],
                "storage_permissions": null,
                "tenant_id": "72f988bf-86f1-41af-91ab-2d7cd011db47"
              }
            ],
            "enabled_for_deployment": false,
            "enabled_for_disk_encryption": false,
            "enabled_for_template_deployment": false,
            "id": "/subscriptions/10a09851-d632-420e-ad20-2cd774fd4d41/resourceGroups/rg-nepter0008/providers/Microsoft.KeyVault/vaults/protemp-kv001nepter0008",
            "location": "eastus",
            "name": "protemp-kv001nepter0008",
            "network_acls": [
              {
                "bypass": "AzureServices",
                "default_action": "Allow",
                "ip_rules": [],
                "virtual_network_subnet_ids": []
              }
            ],
            "purge_protection_enabled": false,
            "resource_group_name": "rg-nepter0008",
            "sku_name": "standard",
            "soft_delete_enabled": false,
            "tags": null,
            "tenant_id": "72f988bf-86f1-41af-91ab-2d7cd011db47",
            "timeouts": null,
            "vault_uri": "https://protemp-kv001nepter0008.vault.azure.net/"
          },
          "private": "eyJlMmJmYjczMC1lY2FhLTExZTYtOGY4OC0zNDM2M2JjN2M0YzAiOnsiY3JlYXRlIjoxODAwMDAwMDAwMDAwLCJkZWxldGUiOjE4MDAwMDAwMDAwMDAsInJlYWQiOjMwMDAwMDAwMDAwMCwidXBkYXRlIjoxODAwMDAwMDAwMDAwfSwic2NoZW1hX3ZlcnNpb24iOiIxIn0=",
          "dependencies": [
            "azurerm_resource_group.resourceGroup"
          ]
        }
      ]
    },
    {
      "mode": "managed",
      "type": "azurerm_key_vault_access_policy",
      "name": "aks_pod_identity",
      "provider": "provider.azurerm",
      "instances": [
        {
          "schema_version": 0,
          "attributes": {
            "application_id": null,
            "certificate_permissions": null,
            "id": "/subscriptions/10a09851-d632-420e-ad20-2cd774fd4d41/resourceGroups/rg-nepter0008/providers/Microsoft.KeyVault/vaults/protemp-kv001nepter0008/objectId/41ef0bfa-50e0-4445-871c-6889a2b9747a",
            "key_permissions": null,
            "key_vault_id": "/subscriptions/10a09851-d632-420e-ad20-2cd774fd4d41/resourceGroups/rg-nepter0008/providers/Microsoft.KeyVault/vaults/protemp-kv001nepter0008",
            "object_id": "41ef0bfa-50e0-4445-871c-6889a2b9747a",
            "secret_permissions": [
              "get",
              "list"
            ],
            "storage_permissions": null,
            "tenant_id": "72f988bf-86f1-41af-91ab-2d7cd011db47",
            "timeouts": null
          },
          "private": "eyJlMmJmYjczMC1lY2FhLTExZTYtOGY4OC0zNDM2M2JjN2M0YzAiOnsiY3JlYXRlIjoxODAwMDAwMDAwMDAwLCJkZWxldGUiOjE4MDAwMDAwMDAwMDAsInJlYWQiOjMwMDAwMDAwMDAwMCwidXBkYXRlIjoxODAwMDAwMDAwMDAwfX0=",
          "dependencies": [
            "azurerm_key_vault.keyvault",
            "azurerm_resource_group.resourceGroup",
            "azurerm_user_assigned_identity.pod-identity"
          ]
        }
      ]
    },
    {
      "mode": "managed",
      "type": "azurerm_key_vault_secret",
      "name": "sqlServerAdminName",
      "provider": "provider.azurerm",
      "instances": [
        {
          "schema_version": 0,
          "attributes": {
            "content_type": "",
            "expiration_date": null,
            "id": "https://protemp-kv001nepter0008.vault.azure.net/secrets/SQL-USER-NAME/0138f68afa254b6581da38e43ad23264",
            "key_vault_id": "/subscriptions/10a09851-d632-420e-ad20-2cd774fd4d41/resourceGroups/rg-nepter0008/providers/Microsoft.KeyVault/vaults/protemp-kv001nepter0008",
            "name": "SQL-USER-NAME",
            "not_before_date": null,
            "tags": null,
            "timeouts": null,
            "value": "twtadmin",
            "version": "0138f68afa254b6581da38e43ad23264"
          },
          "private": "eyJlMmJmYjczMC1lY2FhLTExZTYtOGY4OC0zNDM2M2JjN2M0YzAiOnsiY3JlYXRlIjoxODAwMDAwMDAwMDAwLCJkZWxldGUiOjE4MDAwMDAwMDAwMDAsInJlYWQiOjMwMDAwMDAwMDAwMCwidXBkYXRlIjoxODAwMDAwMDAwMDAwfX0=",
          "dependencies": [
            "azurerm_key_vault.keyvault",
            "azurerm_resource_group.resourceGroup"
          ]
        }
      ]
    },
    {
      "mode": "managed",
      "type": "azurerm_key_vault_secret",
      "name": "sqlServerAdminPassword",
      "provider": "provider.azurerm",
      "instances": [
        {
          "schema_version": 0,
          "attributes": {
            "content_type": "",
            "expiration_date": null,
            "id": "https://protemp-kv001nepter0008.vault.azure.net/secrets/SQL-PASSWORD/38dbfe3d00d7466785000f69bb5c9123",
            "key_vault_id": "/subscriptions/10a09851-d632-420e-ad20-2cd774fd4d41/resourceGroups/rg-nepter0008/providers/Microsoft.KeyVault/vaults/protemp-kv001nepter0008",
            "name": "SQL-PASSWORD",
            "not_before_date": null,
            "tags": null,
            "timeouts": null,
            "value": "Password2020!",
            "version": "38dbfe3d00d7466785000f69bb5c9123"
          },
          "private": "eyJlMmJmYjczMC1lY2FhLTExZTYtOGY4OC0zNDM2M2JjN2M0YzAiOnsiY3JlYXRlIjoxODAwMDAwMDAwMDAwLCJkZWxldGUiOjE4MDAwMDAwMDAwMDAsInJlYWQiOjMwMDAwMDAwMDAwMCwidXBkYXRlIjoxODAwMDAwMDAwMDAwfX0=",
          "dependencies": [
            "azurerm_key_vault.keyvault",
            "azurerm_resource_group.resourceGroup"
          ]
        }
      ]
    },
    {
      "mode": "managed",
      "type": "azurerm_key_vault_secret",
      "name": "sqlServerEndpoint",
      "provider": "provider.azurerm",
      "instances": [
        {
          "schema_version": 0,
          "attributes": {
            "content_type": "",
            "expiration_date": null,
            "id": "https://protemp-kv001nepter0008.vault.azure.net/secrets/SQL-SERVER-NAME/fed473e1efae44c780c419ad510d53da",
            "key_vault_id": "/subscriptions/10a09851-d632-420e-ad20-2cd774fd4d41/resourceGroups/rg-nepter0008/providers/Microsoft.KeyVault/vaults/protemp-kv001nepter0008",
            "name": "SQL-SERVER-NAME",
            "not_before_date": null,
            "tags": null,
            "timeouts": null,
            "value": "sqlnepter0008.database.windows.net",
            "version": "fed473e1efae44c780c419ad510d53da"
          },
          "private": "eyJlMmJmYjczMC1lY2FhLTExZTYtOGY4OC0zNDM2M2JjN2M0YzAiOnsiY3JlYXRlIjoxODAwMDAwMDAwMDAwLCJkZWxldGUiOjE4MDAwMDAwMDAwMDAsInJlYWQiOjMwMDAwMDAwMDAwMCwidXBkYXRlIjoxODAwMDAwMDAwMDAwfX0=",
          "dependencies": [
            "azurerm_key_vault.keyvault",
            "azurerm_resource_group.resourceGroup",
            "azurerm_sql_server.sql"
          ]
        }
      ]
    },
    {
      "mode": "managed",
      "type": "azurerm_kubernetes_cluster",
      "name": "aks",
      "provider": "provider.azurerm",
      "instances": [
        {
          "schema_version": 0,
          "attributes": {
            "addon_profile": [
              {
                "aci_connector_linux": [
                  {
                    "enabled": false,
                    "subnet_name": ""
                  }
                ],
                "azure_policy": [
                  {
                    "enabled": false
                  }
                ],
                "http_application_routing": [
                  {
                    "enabled": false,
                    "http_application_routing_zone_name": ""
                  }
                ],
                "kube_dashboard": [
                  {
                    "enabled": false
                  }
                ],
                "oms_agent": [
                  {
                    "enabled": false,
                    "log_analytics_workspace_id": ""
                  }
                ]
              }
            ],
            "api_server_authorized_ip_ranges": null,
            "default_node_pool": [
              {
                "availability_zones": null,
                "enable_auto_scaling": false,
                "enable_node_public_ip": false,
                "max_count": 0,
                "max_pods": 110,
                "min_count": 0,
                "name": "default",
                "node_count": 1,
                "node_labels": null,
                "node_taints": null,
                "os_disk_size_gb": 100,
                "tags": null,
                "type": "VirtualMachineScaleSets",
                "vm_size": "Standard_D2_v2",
                "vnet_subnet_id": ""
              }
            ],
            "dns_prefix": "exampleaks1",
            "enable_pod_security_policy": false,
            "fqdn": "exampleaks1-5d4ba53b.hcp.eastus.azmk8s.io",
            "id": "/subscriptions/10a09851-d632-420e-ad20-2cd774fd4d41/resourcegroups/rg-nepter0008/providers/Microsoft.ContainerService/managedClusters/aks-nepter0008",
            "identity": [
              {
                "principal_id": "693d52fd-eef9-43b7-8291-3278624413e6",
                "tenant_id": "72f988bf-86f1-41af-91ab-2d7cd011db47",
                "type": "SystemAssigned"
              }
            ],
            "kube_admin_config": [],
            "kube_admin_config_raw": "",
            "kube_config": [
              {
                "client_certificate": "LS0tLS1CRUdJTiBDRVJUSUZJQ0FURS0tLS0tCk1JSUUvRENDQXVTZ0F3SUJBZ0lRQlpabHJVV3laM3hQd3J0U0ZOMWFhekFOQmdrcWhraUc5dzBCQVFzRkFEQU4KTVFzd0NRWURWUVFERXdKallUQWVGdzB5TURBMU16RXhOekU1TXpKYUZ3MHlNakExTXpFeE56STVNekphTURBeApGekFWQmdOVkJBb1REbk41YzNSbGJUcHRZWE4wWlhKek1SVXdFd1lEVlFRREV3eHRZWE4wWlhKamJHbGxiblF3CmdnSWlNQTBHQ1NxR1NJYjNEUUVCQVFVQUE0SUNEd0F3Z2dJS0FvSUNBUURFakt0WDhVWWNTdVBjblJkTFhzaVQKaVYrT2R4OUpvM2MxdWZmY2ZjdmhpRXBOYkhKSG1Kdk55Z3pzTlp5UWx3c3NacStpdUthQ0hxL1dJZis3Ri9PVQpKLzlKMmhpdjlxRmdBRmowNUdQUk53eXhKWW1neGY2blE3TEZvYUs5SzVPNGhKVXdKQmQ2eDF5K0lBZmFqZ3VxCkw3cWRQMTFObUJyZlVhWGtXazU3S29rQWNSQm1pY2I0UEwvRDh0dW1YRGFyOW5aaThwTWtvaE9abWR2eVFTdGkKNjRTN2Y2YnJlNzB1OWpxb2lwTzVtZngzc3BzWkR5bGpFLzJLT3psNkRqbThaMWtKNkVKZ2V2bDFYQnNWZmJuaApKOFk4YmtlU1N0UGFhTW5MSTAxSHVLT2h5UE15c3NBdnBUUXdDbHhTU1p5c3JWV0RIRTByVlJVR0tJM1o0MXBaCkd2c29FNWR0UFlpbVJFSTJLbXRvVlZ5em1OaVpLTElnV29iT1RZbkp6WU9VNXZaVUZCNDgrZEJhcDdTMHBGWjUKcVBQWmRsbTVHMFA3VEVpNHMrK1J0bHdSeFFIU2dxSTFGVHJJUGNGcVJUNGRBa0ROcnhQRlQyYzJXKzlHUXFGegoreXp0K0x0VTV2NEJuV01UZ0ZQZHg0TE0zQUxUR211ZmtobnZ6SlFsK3hjUUJEWkJtLzJBUUM4cjh4T1RRSHpJCnk2Nk1rMFQ3d0NML3RZSHAxYXJXQ1ZRVnVhUkR0M08yZ1JTbm1BQnB1aXk3YnlobVRmUjczRmRoVThsaDlHWi8Kakp4eE90a21WakVwQW5VcGNFMTlnRWF6aVQraU9CWk0rNXlMVVJvb0VZOExSZHM3YWYwakI4THFQR2t4ZlpVOAozeEFNRzNGRjJpWloxMVp5OThiZnBRSURBUUFCb3pVd016QU9CZ05WSFE4QkFmOEVCQU1DQmFBd0V3WURWUjBsCkJBd3dDZ1lJS3dZQkJRVUhBd0l3REFZRFZSMFRBUUgvQkFJd0FEQU5CZ2txaGtpRzl3MEJBUXNGQUFPQ0FnRUEKbjFDbWRqSFhhY25PVG1KZ2VVNVVJTjlXYk9GTDNwT3VZamVPVFpKWGsvTlI4Sks3NmdrcGpvK0ZQT2pEaDNZUQpxM1VxQXdiNkZlT0ljeUNCMGpHcWxZRHBSL1RoNnJLOGh6bGZOM3Q1RkF5QzJMSkFZdUN4a3c4RXR5Y0VHdkorCmJvZFBMSUhZQWs3VmpMM3l4U09oMEcrRXgwLzhoMDkyeHgyT0p5WFN3QmllQ2pUQXMvY0tyZWg2akcyNTVDd2MKZkl4VTAremNQazdOaUFFMEUraGw4T2R1ZDRhb2xjaU03bHJLaGd0eURCZlN0cUpDT3VWeHM2ZldVTXU5UVV2VgpYNVpOdzV5ZXdSaFMyaDBvemphdlpjbDAxaldVc2hSWXdPTmF0MzdRWVhZMlpTcEE1MkQzNmJNd1h3NEVBMWFvCmdQem55QTI1ekFsSmhVb280d0ZIS1M1eEo0VjlteGJURWFRWGwvdThqKzN3dVAxalBYWVJpYXlTSVdGT252TUcKd2s2UFRhV1pRaXJoLzRXZmprL1lmNllqa0ExTmpEZEZmMGtJbE9LQzdXRDQ1K3c5aFZCQk1LLzZjV0kyWkVScQpoKzdjV0Q1MGJ5eFI0ZUdQeWY3MWVZRVBkUTVTMXpvZXRaeldvYUljYzZxbFJqanQ3SzJBbmJUWkhFWlJ0N1hsCm9uOVJnbUxXaUpsTnBXUGxTSllRc1RyRGVrUFA3STIxeUYrRVFuc1ZTT2ZRK2w1YWt3UlRZOEtkUlk3MzhpR0QKVWFVaFpUNEI4U2wzVU5pN3hwejhLZklQemE1MHY2SHBGeXdzN0JiUFFrbWVDY01xdnhzNEdHUVVpNmRTL0NtQQpldXIwTXVjdXRrRkh1anR5U0ZtQkhoOFgvYmNZck9zYnRmd1E2TWd0Wi93PQotLS0tLUVORCBDRVJUSUZJQ0FURS0tLS0tCg==",
                "client_key": "LS0tLS1CRUdJTiBSU0EgUFJJVkFURSBLRVktLS0tLQpNSUlKS1FJQkFBS0NBZ0VBeEl5clYvRkdIRXJqM0owWFMxN0lrNGxmam5jZlNhTjNOYm4zM0gzTDRZaEtUV3h5ClI1aWJ6Y29NN0RXY2tKY0xMR2F2b3JpbWdoNnYxaUgvdXhmemxDZi9TZG9Zci9haFlBQlk5T1JqMFRjTXNTV0oKb01YK3AwT3l4YUdpdlN1VHVJU1ZNQ1FYZXNkY3ZpQUgybzRMcWkrNm5UOWRUWmdhMzFHbDVGcE9leXFKQUhFUQpab25HK0R5L3cvTGJwbHcycS9aMll2S1RKS0lUbVpuYjhrRXJZdXVFdTMrbTYzdTlMdlk2cUlxVHVabjhkN0tiCkdROHBZeFA5aWpzNWVnNDV2R2RaQ2VoQ1lIcjVkVndiRlgyNTRTZkdQRzVIa2tyVDJtakp5eU5OUjdpam9janoKTXJMQUw2VTBNQXBjVWttY3JLMVZneHhOSzFVVkJpaU4yZU5hV1JyN0tCT1hiVDJJcGtSQ05pcHJhRlZjczVqWQptU2l5SUZxR3prMkp5YzJEbE9iMlZCUWVQUG5RV3FlMHRLUldlYWp6MlhaWnVSdEQrMHhJdUxQdmtiWmNFY1VCCjBvS2lOUlU2eUQzQmFrVStIUUpBemE4VHhVOW5ObHZ2UmtLaGMvc3M3Zmk3Vk9iK0FaMWpFNEJUM2NlQ3pOd0MKMHhwcm41SVo3OHlVSmZzWEVBUTJRWnY5Z0VBdksvTVRrMEI4eU11dWpKTkUrOEFpLzdXQjZkV3ExZ2xVRmJtawpRN2R6dG9FVXA1Z0FhYm9zdTI4b1prMzBlOXhYWVZQSllmUm1mNHljY1RyWkpsWXhLUUoxS1hCTmZZQkdzNGsvCm9qZ1dUUHVjaTFFYUtCR1BDMFhiTzJuOUl3ZkM2anhwTVgyVlBOOFFEQnR4UmRvbVdkZFdjdmZHMzZVQ0F3RUEKQVFLQ0FnQk5jMlVkald6a1B6cVZONjN6UEZGcm1lbDJ1VWd4KzJGQlladmpYZ3JXUDUrUDdOa0hqNEp0MEYzUgpRcnNFV3hEREdWL0NqbUxHeVpMZW5aMHBPNkgzVXQrTldZejY0Z1ByVVplOFFMZDR2T21hY01GUUFsVjcwZmlECldsTkhtZ0ZtNTQvbVhZS0hGa0pjaFVDekJlQmcydGY5bVBlS1dSTFZ4MVhJcXpGYjVZSUJFNHl6Nnp6bG13S3kKRTJRc3BRL0NLYWV6REFXaG5PQitXWnZMVlpUa01ReW4yZ0NMc01IMjNINTI1Y3lhaWF4citveVZqbHp2dHZQawo0YnVmZGpXWUlWMTd3dk5ORTRoemo2ejRoZ2VXU3RjWi94Ymk5ZXVQbUZWVVgvL1c4RkpDc1czc0gzWU9FRnFGClI3L2ppVEJjOXh6SVFvSENQbysvVW9HN1I1VFU4UU9mWlRzVndwOGVybFNwblZOLzZtbDBDV2hZZmZMdGRVYjIKbmt2dDg2SU8waTltK0RiTVJ5S3Rzb25BYTNRVkNaNlF4MWJFeUJWV3dBcFRONUpuc0ZoMFBpaVQvcTdOVk4zSQo5ME9tczRnejNUcEYzNjdxZzJiZkk0UkNoVWpkYmpPQkNoQUIxL1dWZDljTi84ejYxZldUb0ZQRENSQk9vZkQ5CjM2dzhPM2g3TWk1dWw0ejRWcUQyZUpXRHAxWU84MXhtTTJFdkt6akZXU2ZPU3BzWE5tVFRuSU9RNEloQmRjNjUKVVUwaFNETUdrajkxMkdXSWwvR1RaVFR1TDV4OTZubG5yaENDNGVFUTROMFNoYVRtTjlXNTZsdXpYSDA2cmNyVApnbnVlbWZhajlHM2tqN2VHNVBpQzhJbkZtQ2xkYzhxRGh2QnhXV0Q2VXNIMHpjMmhMUUtDQVFFQTYrRDZrN3JqCkRoWHR2cXJscFY0UTE1cUl5bCtxczllS3JRWGdFZ0VWY20rcTFWcmRtaHFTTURzWmE2bmgyTTJQWWQybTZCdVoKWVVKUHdJYi95UDdXQitrN2VUMHlhaExRQUNDd1pSVkpKZXNSMzk5ajArazczSTZDZnYwdEVVZlZkVjdaMnBhTQpEL2FXWUtkKzQxaUErSUtHNjFvVGpRQlFDNE84bzVEc0EyeW1tOGd6OXhQZzVmRVdNUmg3TWFGZ3FEYmdoWFl4CjF4bnkvUE1yMi9Ja004aHdJc2QxelFxdUxnZko0THgzTG1CL0owcnFtbmVRd0hzVXowMHg3QWNXOWhBempPUUoKR1VOcVBNOGtuYTFKSXBPRzZCNVQrQjZGTlQ3R0RqRWU5ZUt6K2tDZDRHTU1POTJpZkJRK21Ub0RrTFlpSE9uTwpidHpkT3NxRkVZdzF4d0tDQVFFQTFWRFZVT08zZ0FCWDBUa1FQcWpmVkFnUmdCWm1BMElQcDFWcUF4V3NUUXFECkxqNU0wUTA2YW00RmRTK0FZSndOVXBsNFFRYWUzRlZuNHdUZW5nOVNXWVlJVWZjanprUGc0TEQvbm1zUHhlUXgKbkovdTJRSGFQc3pTVk5hRk9sRkJiaUk2QWxGYWp6N2dqOVBDZGpGcFAvYlBmZmtvYkNYdTlrSk1rZnFjODA2TgpiTHhiZXZJZytpeUNLMS9xWEhVNDF3NDVKKzh0dFlkVmhaV0VvQnJ6OERYek1aN2RaZ3JYSityaUxTb3JEbDM4Cm00eWlCQXZRQmFuM3hrWU1yWkx1TWJOeDRFWDVYQVFYV3EzZHN3OGNkWE9pb2FZOWR5cTJCOVg0bU5xSVBxN2UKbllQOEFFdzh0OXVSQ1dTQU0ySFc3ZHdSSXIyL0hGdUZiOFJ5YXNLUE13S0NBUUVBdE55bDVkNTN1Tll4bkhBWApjOHdEcC8zVEF6R0ZoeTR2SStvTVhHRytXeWVxV3J1NGpTL3doZERhOWdXbHFZSThmYkxpQnJrYXkwdDRNVXlTCkZrRG9SZHFkQXFKYzVKNldKSExzTGlXN0Y3cjkwcVhNT3JGc2QvcEJyek5iZWhPVlpkQ2J4SktJeExpenAxcm0KM1ZXQVZveG0vVkR0Q3NHQm5zS2RRdUdkUmlicVBTcXVSYlpWVEpxbUJIRWNEUHNMVFEvKzZmYXQwcHdRQjhwQgpCLzNMcW5UM0hvUElITGNpeFNLdHRZZHM3ditJbjgwK3c4QUlHcjZGUDBxV2k3OEg2UmFWSUdPOVlrU2gwZ3lXCnE5d3g1clF0emc5ckhTWHh4OWpoTGdLV0ZiMkZlTTVRLzd1U3B0aVRmUVpjMVVwNWIxMW9ITGxkMHYzQkdCSXYKSkR4WkF3S0NBUUFQdEhEUUVNUGN4Nm12ZkswR2YvWlpRSExSWkZURVhxTzZaUjUxOWEyR3lvUlg3anhIazlxKwpKVFYvcUN5aWNEckczd2VzZWVsT1BYZDFqbEU1ZjlWSFJBZnV5T3c0N21SckJuejdVOVNJZEVGMno0dU5MSWE5CjR1U0ZYSG5Zamt6cjU5Y3Zmbi9WVmdMQWRBMjRGL0V3eFdJSFcwV3ZtS2RjT0F0ZEgvOVlKbXRoR3dqOUowQm8KU3NpV211d3RQSEFmM1NzMkZuVGVEWVd0WFJHem0raGp3Z1VTblNpZHI2U2hpcmgyTE1tWXVEQzEzd2U2bG9nTgpNck5NUkxJQVFYWUo4TFVzbHRwQi9RY2ZKUGZTakFWRFhHMFh5NTV3M0pNa1JvdVQ3VnJraW9sWFBYVmJMRUc0Ckk1RXRDTm9yYmtPZHBYc1pmTERLVEs2cFNPUkhtZVZqQW9JQkFRRE5hQW43ZnZHK2R2RDZhRGE2V1hKZEE4MzgKdnp3WVh6RnVqcUFNZkZYZDNPcC94WGNYRVl6QzNsWGV4L2d4UzRYdFhvbU1aN2FSa3VrbXFvM0MrY2VPK2lMWApWT2F3L1FRS2hlYTdCdFZvcDcrR3k5NVAwVG1YK3JIbEw0Sm1nM253MWJma1l4S1Q3UVpOR1Y3ZDJJNmJlY3FUCnp1SHN1RUdFRWg5eDM5U3dHaEZ6MzM5eTRaVzN3UUlmbi9LYVZXK0k5RTdGOGlBYjVyTEJXNWpVd3ROdUZnRHUKcnY3SFU3aGUxdFd3aEdka2hMcGxsNGh6NE1tNzFPcG9wMDF1Vml3ZUdvN2xlVko5NkpuZUkvTFlvUUxBMDJQQQpwVEJKOWxxbGF4Ri9KZGZQdlFnREtWVUVqSWdTbStaUkI2VzY2bWE4a0QrUm9ULzJzVzlxQnMyS0ZzSzQKLS0tLS1FTkQgUlNBIFBSSVZBVEUgS0VZLS0tLS0K",
                "cluster_ca_certificate": "LS0tLS1CRUdJTiBDRVJUSUZJQ0FURS0tLS0tCk1JSUV5VENDQXJHZ0F3SUJBZ0lRUllwazJJZzlnQ1cxTy8yNTdhRjJ1akFOQmdrcWhraUc5dzBCQVFzRkFEQU4KTVFzd0NRWURWUVFERXdKallUQWdGdzB5TURBMU16RXhOekU1TXpKYUdBOHlNRFV3TURVek1URTNNamt6TWxvdwpEVEVMTUFrR0ExVUVBeE1DWTJFd2dnSWlNQTBHQ1NxR1NJYjNEUUVCQVFVQUE0SUNEd0F3Z2dJS0FvSUNBUUNvCkdUVDMwVzYxZm92dGVOQk5mY0lxbVZCS0NjbUtNZUxib3h4dVNHak0vWDdWVDJNandveUJWM3R3V1JWSzFad1EKSTRhSlloMU1hdVIzNmNmSkFWbDk0UWxLSmROUXVCay90Y0NOUXA2RzhEN241NUR0UG0xK3JoeURVdkZiM1o1UgpBbjJQWFVud2V6eEI2a0tvOFphUDBna3RjNmIwTktrNCtMcWVxdVNoYW9WeGIvUUE0NHQ1TkxFK2lFNG1QRmc3CitVSlQxSmVXQkRuMklnZEVzSHhnRldiYlhFSEtJbHRGWW5IZFBSb3NRVFhjRVpsSUJoeS84K0xPOHI1V1lDRkIKTTgrRGlOU0NINUx6Y0tQdkR4RWtOMUxGcXZLbG5sV3ZGM2xLSjhEVHE1czJmVTAreWhLcFRLQmZHNGpPUUxFSAo5dlFEM0Z5bnFsZHZ4V3dFMldjTW1YTko3WlUzY0tqczVxVE90QjBCalpUSVpmYmFSNmNnTmZkS2hNeEV2bkRVCkF4WHR0SnIva2pWZE5XY2dQbnExc3lhVlcvRVhlZXlNcklUMzVsa2NRUC8zM1JPWEYwYmdkWUJRVkYrRzlhYTkKRXZHa0xIaHBHZ0hzWXhYTCtvWHJvd1UwS3p0V2p6REp3OHdaT2dnRENGRW9oOU1zWlZ5RnUrbFRBenZvUm1vNApldzVoVG1FaTVkRjR2UDYwQ2k2N1lXOVlnQTVtVGtnUlE2TFJqTjVzbjZxaXc2UlBQUnpSZTBhbk81RzNtOUViCnhLTlB1YTk5Y2R6Z2VzQzI1akVPanBuMi8xUGVQbUhnWDVTZ2NsVGw2UGx3MXpPNG02VmlIMVAzbkRIYk5Cb2IKb01EWCtNTk9paEtBTzkvUmNSdnZVcWdWNEFqZjVtcTRybm5wS0UzRWFRSURBUUFCb3lNd0lUQU9CZ05WSFE4QgpBZjhFQkFNQ0FxUXdEd1lEVlIwVEFRSC9CQVV3QXdFQi96QU5CZ2txaGtpRzl3MEJBUXNGQUFPQ0FnRUFZVk1jCnVBMWJlRTh1SE1CeDgyYVVqQzRqa0pWemtYOVlLWHUxL1ZYTXlsNUlwWnh6S2wwL0MwTkN2UGpKc2pLcEdRSy8KWHdWUWNqc0NpeUFZckNiRzZXN296YXBVbnFHdHpaS2doTTJVczBPN3AySDlVWC92ODdvdkllWGpGN0ViOVdxVQpTZ2hpbUxkQm00UktpZEIxL2NZSDFCejhNMjRqMGJxeXJvRnBPMjFUcEliZnBiWUdrTGE0MnpGWFVBQzI4dHNUCk4yWW9GSUlYeitUanVQOUh2d3Z6V0cwME9POGJwUW1FSE1jcEpsUk9VU3MzY1djZXN0SFdhNi9XZUVvSHhnSXQKbWVtcUhEYy85bWJwemtJdm0yeE9ua3JEZTV6U2NjYXp2c1NQcG1JM0QrU1RJZ2E3T012NDQyRmdnRFJPSWxPbQp6R1V1aXJnTHkxdUM1cW1HdzE1cWxSdkhvbWpGZGVTZll6c3F4WjVyL2FXSlFuMHV6dk5LN2R2cXhJcXA3cjFVClhlQ1d0Q3dmZ0pxaVR0SlR5dHRFWmR0MlVubzRkRVhhUlIxMjY0NGo5eU5Mb0NBVnl1Sk9YMVplaHV2WkVxZVoKTWQ4elZxbmRWS25KT1FWOEd2T0U4WHduUTJ0c3hvRStuQ0djbkV4ajNlTkFTdWNHZnYyR2lCUlNCVEJUL0M3NApZVmdFSk1uRTB6L29UdjJrZk50QUVsK0NPa0ZBT0I4bUhhSEw5WmlrL2RKaitSdGxML0dKL2oreFcyckcxQWc3ClRuSlJIOUs2VkJiQnNsdzBNSEMzRGxvQXVMQzNhQVAvVnhrMlg0b0xHc1ZLaklQSXE0YUU0WTBtVXJrK2RRdHQKcnFRTWF2RXVSektpMDRvTk4ya25jZ3hiUWZWM0dLbk1FSlVwTGVVPQotLS0tLUVORCBDRVJUSUZJQ0FURS0tLS0tCg==",
                "host": "https://exampleaks1-5d4ba53b.hcp.eastus.azmk8s.io:443",
                "password": "1c74627a9559ac70c0bccbd0d4c8b3260230ea8c048255b0086694c62786a893ec12026e73f6fc7b713082aefc35a8bf2ee62225c3babf3da31c7551c4bb2c8b",
                "username": "clusterUser_rg-nepter0008_aks-nepter0008"
              }
            ],
            "kube_config_raw": "apiVersion: v1\nclusters:\n- cluster:\n    certificate-authority-data: LS0tLS1CRUdJTiBDRVJUSUZJQ0FURS0tLS0tCk1JSUV5VENDQXJHZ0F3SUJBZ0lRUllwazJJZzlnQ1cxTy8yNTdhRjJ1akFOQmdrcWhraUc5dzBCQVFzRkFEQU4KTVFzd0NRWURWUVFERXdKallUQWdGdzB5TURBMU16RXhOekU1TXpKYUdBOHlNRFV3TURVek1URTNNamt6TWxvdwpEVEVMTUFrR0ExVUVBeE1DWTJFd2dnSWlNQTBHQ1NxR1NJYjNEUUVCQVFVQUE0SUNEd0F3Z2dJS0FvSUNBUUNvCkdUVDMwVzYxZm92dGVOQk5mY0lxbVZCS0NjbUtNZUxib3h4dVNHak0vWDdWVDJNandveUJWM3R3V1JWSzFad1EKSTRhSlloMU1hdVIzNmNmSkFWbDk0UWxLSmROUXVCay90Y0NOUXA2RzhEN241NUR0UG0xK3JoeURVdkZiM1o1UgpBbjJQWFVud2V6eEI2a0tvOFphUDBna3RjNmIwTktrNCtMcWVxdVNoYW9WeGIvUUE0NHQ1TkxFK2lFNG1QRmc3CitVSlQxSmVXQkRuMklnZEVzSHhnRldiYlhFSEtJbHRGWW5IZFBSb3NRVFhjRVpsSUJoeS84K0xPOHI1V1lDRkIKTTgrRGlOU0NINUx6Y0tQdkR4RWtOMUxGcXZLbG5sV3ZGM2xLSjhEVHE1czJmVTAreWhLcFRLQmZHNGpPUUxFSAo5dlFEM0Z5bnFsZHZ4V3dFMldjTW1YTko3WlUzY0tqczVxVE90QjBCalpUSVpmYmFSNmNnTmZkS2hNeEV2bkRVCkF4WHR0SnIva2pWZE5XY2dQbnExc3lhVlcvRVhlZXlNcklUMzVsa2NRUC8zM1JPWEYwYmdkWUJRVkYrRzlhYTkKRXZHa0xIaHBHZ0hzWXhYTCtvWHJvd1UwS3p0V2p6REp3OHdaT2dnRENGRW9oOU1zWlZ5RnUrbFRBenZvUm1vNApldzVoVG1FaTVkRjR2UDYwQ2k2N1lXOVlnQTVtVGtnUlE2TFJqTjVzbjZxaXc2UlBQUnpSZTBhbk81RzNtOUViCnhLTlB1YTk5Y2R6Z2VzQzI1akVPanBuMi8xUGVQbUhnWDVTZ2NsVGw2UGx3MXpPNG02VmlIMVAzbkRIYk5Cb2IKb01EWCtNTk9paEtBTzkvUmNSdnZVcWdWNEFqZjVtcTRybm5wS0UzRWFRSURBUUFCb3lNd0lUQU9CZ05WSFE4QgpBZjhFQkFNQ0FxUXdEd1lEVlIwVEFRSC9CQVV3QXdFQi96QU5CZ2txaGtpRzl3MEJBUXNGQUFPQ0FnRUFZVk1jCnVBMWJlRTh1SE1CeDgyYVVqQzRqa0pWemtYOVlLWHUxL1ZYTXlsNUlwWnh6S2wwL0MwTkN2UGpKc2pLcEdRSy8KWHdWUWNqc0NpeUFZckNiRzZXN296YXBVbnFHdHpaS2doTTJVczBPN3AySDlVWC92ODdvdkllWGpGN0ViOVdxVQpTZ2hpbUxkQm00UktpZEIxL2NZSDFCejhNMjRqMGJxeXJvRnBPMjFUcEliZnBiWUdrTGE0MnpGWFVBQzI4dHNUCk4yWW9GSUlYeitUanVQOUh2d3Z6V0cwME9POGJwUW1FSE1jcEpsUk9VU3MzY1djZXN0SFdhNi9XZUVvSHhnSXQKbWVtcUhEYy85bWJwemtJdm0yeE9ua3JEZTV6U2NjYXp2c1NQcG1JM0QrU1RJZ2E3T012NDQyRmdnRFJPSWxPbQp6R1V1aXJnTHkxdUM1cW1HdzE1cWxSdkhvbWpGZGVTZll6c3F4WjVyL2FXSlFuMHV6dk5LN2R2cXhJcXA3cjFVClhlQ1d0Q3dmZ0pxaVR0SlR5dHRFWmR0MlVubzRkRVhhUlIxMjY0NGo5eU5Mb0NBVnl1Sk9YMVplaHV2WkVxZVoKTWQ4elZxbmRWS25KT1FWOEd2T0U4WHduUTJ0c3hvRStuQ0djbkV4ajNlTkFTdWNHZnYyR2lCUlNCVEJUL0M3NApZVmdFSk1uRTB6L29UdjJrZk50QUVsK0NPa0ZBT0I4bUhhSEw5WmlrL2RKaitSdGxML0dKL2oreFcyckcxQWc3ClRuSlJIOUs2VkJiQnNsdzBNSEMzRGxvQXVMQzNhQVAvVnhrMlg0b0xHc1ZLaklQSXE0YUU0WTBtVXJrK2RRdHQKcnFRTWF2RXVSektpMDRvTk4ya25jZ3hiUWZWM0dLbk1FSlVwTGVVPQotLS0tLUVORCBDRVJUSUZJQ0FURS0tLS0tCg==\n    server: https://exampleaks1-5d4ba53b.hcp.eastus.azmk8s.io:443\n  name: aks-nepter0008\ncontexts:\n- context:\n    cluster: aks-nepter0008\n    user: clusterUser_rg-nepter0008_aks-nepter0008\n  name: aks-nepter0008\ncurrent-context: aks-nepter0008\nkind: Config\npreferences: {}\nusers:\n- name: clusterUser_rg-nepter0008_aks-nepter0008\n  user:\n    client-certificate-data: LS0tLS1CRUdJTiBDRVJUSUZJQ0FURS0tLS0tCk1JSUUvRENDQXVTZ0F3SUJBZ0lRQlpabHJVV3laM3hQd3J0U0ZOMWFhekFOQmdrcWhraUc5dzBCQVFzRkFEQU4KTVFzd0NRWURWUVFERXdKallUQWVGdzB5TURBMU16RXhOekU1TXpKYUZ3MHlNakExTXpFeE56STVNekphTURBeApGekFWQmdOVkJBb1REbk41YzNSbGJUcHRZWE4wWlhKek1SVXdFd1lEVlFRREV3eHRZWE4wWlhKamJHbGxiblF3CmdnSWlNQTBHQ1NxR1NJYjNEUUVCQVFVQUE0SUNEd0F3Z2dJS0FvSUNBUURFakt0WDhVWWNTdVBjblJkTFhzaVQKaVYrT2R4OUpvM2MxdWZmY2ZjdmhpRXBOYkhKSG1Kdk55Z3pzTlp5UWx3c3NacStpdUthQ0hxL1dJZis3Ri9PVQpKLzlKMmhpdjlxRmdBRmowNUdQUk53eXhKWW1neGY2blE3TEZvYUs5SzVPNGhKVXdKQmQ2eDF5K0lBZmFqZ3VxCkw3cWRQMTFObUJyZlVhWGtXazU3S29rQWNSQm1pY2I0UEwvRDh0dW1YRGFyOW5aaThwTWtvaE9abWR2eVFTdGkKNjRTN2Y2YnJlNzB1OWpxb2lwTzVtZngzc3BzWkR5bGpFLzJLT3psNkRqbThaMWtKNkVKZ2V2bDFYQnNWZmJuaApKOFk4YmtlU1N0UGFhTW5MSTAxSHVLT2h5UE15c3NBdnBUUXdDbHhTU1p5c3JWV0RIRTByVlJVR0tJM1o0MXBaCkd2c29FNWR0UFlpbVJFSTJLbXRvVlZ5em1OaVpLTElnV29iT1RZbkp6WU9VNXZaVUZCNDgrZEJhcDdTMHBGWjUKcVBQWmRsbTVHMFA3VEVpNHMrK1J0bHdSeFFIU2dxSTFGVHJJUGNGcVJUNGRBa0ROcnhQRlQyYzJXKzlHUXFGegoreXp0K0x0VTV2NEJuV01UZ0ZQZHg0TE0zQUxUR211ZmtobnZ6SlFsK3hjUUJEWkJtLzJBUUM4cjh4T1RRSHpJCnk2Nk1rMFQ3d0NML3RZSHAxYXJXQ1ZRVnVhUkR0M08yZ1JTbm1BQnB1aXk3YnlobVRmUjczRmRoVThsaDlHWi8Kakp4eE90a21WakVwQW5VcGNFMTlnRWF6aVQraU9CWk0rNXlMVVJvb0VZOExSZHM3YWYwakI4THFQR2t4ZlpVOAozeEFNRzNGRjJpWloxMVp5OThiZnBRSURBUUFCb3pVd016QU9CZ05WSFE4QkFmOEVCQU1DQmFBd0V3WURWUjBsCkJBd3dDZ1lJS3dZQkJRVUhBd0l3REFZRFZSMFRBUUgvQkFJd0FEQU5CZ2txaGtpRzl3MEJBUXNGQUFPQ0FnRUEKbjFDbWRqSFhhY25PVG1KZ2VVNVVJTjlXYk9GTDNwT3VZamVPVFpKWGsvTlI4Sks3NmdrcGpvK0ZQT2pEaDNZUQpxM1VxQXdiNkZlT0ljeUNCMGpHcWxZRHBSL1RoNnJLOGh6bGZOM3Q1RkF5QzJMSkFZdUN4a3c4RXR5Y0VHdkorCmJvZFBMSUhZQWs3VmpMM3l4U09oMEcrRXgwLzhoMDkyeHgyT0p5WFN3QmllQ2pUQXMvY0tyZWg2akcyNTVDd2MKZkl4VTAremNQazdOaUFFMEUraGw4T2R1ZDRhb2xjaU03bHJLaGd0eURCZlN0cUpDT3VWeHM2ZldVTXU5UVV2VgpYNVpOdzV5ZXdSaFMyaDBvemphdlpjbDAxaldVc2hSWXdPTmF0MzdRWVhZMlpTcEE1MkQzNmJNd1h3NEVBMWFvCmdQem55QTI1ekFsSmhVb280d0ZIS1M1eEo0VjlteGJURWFRWGwvdThqKzN3dVAxalBYWVJpYXlTSVdGT252TUcKd2s2UFRhV1pRaXJoLzRXZmprL1lmNllqa0ExTmpEZEZmMGtJbE9LQzdXRDQ1K3c5aFZCQk1LLzZjV0kyWkVScQpoKzdjV0Q1MGJ5eFI0ZUdQeWY3MWVZRVBkUTVTMXpvZXRaeldvYUljYzZxbFJqanQ3SzJBbmJUWkhFWlJ0N1hsCm9uOVJnbUxXaUpsTnBXUGxTSllRc1RyRGVrUFA3STIxeUYrRVFuc1ZTT2ZRK2w1YWt3UlRZOEtkUlk3MzhpR0QKVWFVaFpUNEI4U2wzVU5pN3hwejhLZklQemE1MHY2SHBGeXdzN0JiUFFrbWVDY01xdnhzNEdHUVVpNmRTL0NtQQpldXIwTXVjdXRrRkh1anR5U0ZtQkhoOFgvYmNZck9zYnRmd1E2TWd0Wi93PQotLS0tLUVORCBDRVJUSUZJQ0FURS0tLS0tCg==\n    client-key-data: LS0tLS1CRUdJTiBSU0EgUFJJVkFURSBLRVktLS0tLQpNSUlKS1FJQkFBS0NBZ0VBeEl5clYvRkdIRXJqM0owWFMxN0lrNGxmam5jZlNhTjNOYm4zM0gzTDRZaEtUV3h5ClI1aWJ6Y29NN0RXY2tKY0xMR2F2b3JpbWdoNnYxaUgvdXhmemxDZi9TZG9Zci9haFlBQlk5T1JqMFRjTXNTV0oKb01YK3AwT3l4YUdpdlN1VHVJU1ZNQ1FYZXNkY3ZpQUgybzRMcWkrNm5UOWRUWmdhMzFHbDVGcE9leXFKQUhFUQpab25HK0R5L3cvTGJwbHcycS9aMll2S1RKS0lUbVpuYjhrRXJZdXVFdTMrbTYzdTlMdlk2cUlxVHVabjhkN0tiCkdROHBZeFA5aWpzNWVnNDV2R2RaQ2VoQ1lIcjVkVndiRlgyNTRTZkdQRzVIa2tyVDJtakp5eU5OUjdpam9janoKTXJMQUw2VTBNQXBjVWttY3JLMVZneHhOSzFVVkJpaU4yZU5hV1JyN0tCT1hiVDJJcGtSQ05pcHJhRlZjczVqWQptU2l5SUZxR3prMkp5YzJEbE9iMlZCUWVQUG5RV3FlMHRLUldlYWp6MlhaWnVSdEQrMHhJdUxQdmtiWmNFY1VCCjBvS2lOUlU2eUQzQmFrVStIUUpBemE4VHhVOW5ObHZ2UmtLaGMvc3M3Zmk3Vk9iK0FaMWpFNEJUM2NlQ3pOd0MKMHhwcm41SVo3OHlVSmZzWEVBUTJRWnY5Z0VBdksvTVRrMEI4eU11dWpKTkUrOEFpLzdXQjZkV3ExZ2xVRmJtawpRN2R6dG9FVXA1Z0FhYm9zdTI4b1prMzBlOXhYWVZQSllmUm1mNHljY1RyWkpsWXhLUUoxS1hCTmZZQkdzNGsvCm9qZ1dUUHVjaTFFYUtCR1BDMFhiTzJuOUl3ZkM2anhwTVgyVlBOOFFEQnR4UmRvbVdkZFdjdmZHMzZVQ0F3RUEKQVFLQ0FnQk5jMlVkald6a1B6cVZONjN6UEZGcm1lbDJ1VWd4KzJGQlladmpYZ3JXUDUrUDdOa0hqNEp0MEYzUgpRcnNFV3hEREdWL0NqbUxHeVpMZW5aMHBPNkgzVXQrTldZejY0Z1ByVVplOFFMZDR2T21hY01GUUFsVjcwZmlECldsTkhtZ0ZtNTQvbVhZS0hGa0pjaFVDekJlQmcydGY5bVBlS1dSTFZ4MVhJcXpGYjVZSUJFNHl6Nnp6bG13S3kKRTJRc3BRL0NLYWV6REFXaG5PQitXWnZMVlpUa01ReW4yZ0NMc01IMjNINTI1Y3lhaWF4citveVZqbHp2dHZQawo0YnVmZGpXWUlWMTd3dk5ORTRoemo2ejRoZ2VXU3RjWi94Ymk5ZXVQbUZWVVgvL1c4RkpDc1czc0gzWU9FRnFGClI3L2ppVEJjOXh6SVFvSENQbysvVW9HN1I1VFU4UU9mWlRzVndwOGVybFNwblZOLzZtbDBDV2hZZmZMdGRVYjIKbmt2dDg2SU8waTltK0RiTVJ5S3Rzb25BYTNRVkNaNlF4MWJFeUJWV3dBcFRONUpuc0ZoMFBpaVQvcTdOVk4zSQo5ME9tczRnejNUcEYzNjdxZzJiZkk0UkNoVWpkYmpPQkNoQUIxL1dWZDljTi84ejYxZldUb0ZQRENSQk9vZkQ5CjM2dzhPM2g3TWk1dWw0ejRWcUQyZUpXRHAxWU84MXhtTTJFdkt6akZXU2ZPU3BzWE5tVFRuSU9RNEloQmRjNjUKVVUwaFNETUdrajkxMkdXSWwvR1RaVFR1TDV4OTZubG5yaENDNGVFUTROMFNoYVRtTjlXNTZsdXpYSDA2cmNyVApnbnVlbWZhajlHM2tqN2VHNVBpQzhJbkZtQ2xkYzhxRGh2QnhXV0Q2VXNIMHpjMmhMUUtDQVFFQTYrRDZrN3JqCkRoWHR2cXJscFY0UTE1cUl5bCtxczllS3JRWGdFZ0VWY20rcTFWcmRtaHFTTURzWmE2bmgyTTJQWWQybTZCdVoKWVVKUHdJYi95UDdXQitrN2VUMHlhaExRQUNDd1pSVkpKZXNSMzk5ajArazczSTZDZnYwdEVVZlZkVjdaMnBhTQpEL2FXWUtkKzQxaUErSUtHNjFvVGpRQlFDNE84bzVEc0EyeW1tOGd6OXhQZzVmRVdNUmg3TWFGZ3FEYmdoWFl4CjF4bnkvUE1yMi9Ja004aHdJc2QxelFxdUxnZko0THgzTG1CL0owcnFtbmVRd0hzVXowMHg3QWNXOWhBempPUUoKR1VOcVBNOGtuYTFKSXBPRzZCNVQrQjZGTlQ3R0RqRWU5ZUt6K2tDZDRHTU1POTJpZkJRK21Ub0RrTFlpSE9uTwpidHpkT3NxRkVZdzF4d0tDQVFFQTFWRFZVT08zZ0FCWDBUa1FQcWpmVkFnUmdCWm1BMElQcDFWcUF4V3NUUXFECkxqNU0wUTA2YW00RmRTK0FZSndOVXBsNFFRYWUzRlZuNHdUZW5nOVNXWVlJVWZjanprUGc0TEQvbm1zUHhlUXgKbkovdTJRSGFQc3pTVk5hRk9sRkJiaUk2QWxGYWp6N2dqOVBDZGpGcFAvYlBmZmtvYkNYdTlrSk1rZnFjODA2TgpiTHhiZXZJZytpeUNLMS9xWEhVNDF3NDVKKzh0dFlkVmhaV0VvQnJ6OERYek1aN2RaZ3JYSityaUxTb3JEbDM4Cm00eWlCQXZRQmFuM3hrWU1yWkx1TWJOeDRFWDVYQVFYV3EzZHN3OGNkWE9pb2FZOWR5cTJCOVg0bU5xSVBxN2UKbllQOEFFdzh0OXVSQ1dTQU0ySFc3ZHdSSXIyL0hGdUZiOFJ5YXNLUE13S0NBUUVBdE55bDVkNTN1Tll4bkhBWApjOHdEcC8zVEF6R0ZoeTR2SStvTVhHRytXeWVxV3J1NGpTL3doZERhOWdXbHFZSThmYkxpQnJrYXkwdDRNVXlTCkZrRG9SZHFkQXFKYzVKNldKSExzTGlXN0Y3cjkwcVhNT3JGc2QvcEJyek5iZWhPVlpkQ2J4SktJeExpenAxcm0KM1ZXQVZveG0vVkR0Q3NHQm5zS2RRdUdkUmlicVBTcXVSYlpWVEpxbUJIRWNEUHNMVFEvKzZmYXQwcHdRQjhwQgpCLzNMcW5UM0hvUElITGNpeFNLdHRZZHM3ditJbjgwK3c4QUlHcjZGUDBxV2k3OEg2UmFWSUdPOVlrU2gwZ3lXCnE5d3g1clF0emc5ckhTWHh4OWpoTGdLV0ZiMkZlTTVRLzd1U3B0aVRmUVpjMVVwNWIxMW9ITGxkMHYzQkdCSXYKSkR4WkF3S0NBUUFQdEhEUUVNUGN4Nm12ZkswR2YvWlpRSExSWkZURVhxTzZaUjUxOWEyR3lvUlg3anhIazlxKwpKVFYvcUN5aWNEckczd2VzZWVsT1BYZDFqbEU1ZjlWSFJBZnV5T3c0N21SckJuejdVOVNJZEVGMno0dU5MSWE5CjR1U0ZYSG5Zamt6cjU5Y3Zmbi9WVmdMQWRBMjRGL0V3eFdJSFcwV3ZtS2RjT0F0ZEgvOVlKbXRoR3dqOUowQm8KU3NpV211d3RQSEFmM1NzMkZuVGVEWVd0WFJHem0raGp3Z1VTblNpZHI2U2hpcmgyTE1tWXVEQzEzd2U2bG9nTgpNck5NUkxJQVFYWUo4TFVzbHRwQi9RY2ZKUGZTakFWRFhHMFh5NTV3M0pNa1JvdVQ3VnJraW9sWFBYVmJMRUc0Ckk1RXRDTm9yYmtPZHBYc1pmTERLVEs2cFNPUkhtZVZqQW9JQkFRRE5hQW43ZnZHK2R2RDZhRGE2V1hKZEE4MzgKdnp3WVh6RnVqcUFNZkZYZDNPcC94WGNYRVl6QzNsWGV4L2d4UzRYdFhvbU1aN2FSa3VrbXFvM0MrY2VPK2lMWApWT2F3L1FRS2hlYTdCdFZvcDcrR3k5NVAwVG1YK3JIbEw0Sm1nM253MWJma1l4S1Q3UVpOR1Y3ZDJJNmJlY3FUCnp1SHN1RUdFRWg5eDM5U3dHaEZ6MzM5eTRaVzN3UUlmbi9LYVZXK0k5RTdGOGlBYjVyTEJXNWpVd3ROdUZnRHUKcnY3SFU3aGUxdFd3aEdka2hMcGxsNGh6NE1tNzFPcG9wMDF1Vml3ZUdvN2xlVko5NkpuZUkvTFlvUUxBMDJQQQpwVEJKOWxxbGF4Ri9KZGZQdlFnREtWVUVqSWdTbStaUkI2VzY2bWE4a0QrUm9ULzJzVzlxQnMyS0ZzSzQKLS0tLS1FTkQgUlNBIFBSSVZBVEUgS0VZLS0tLS0K\n    token: 1c74627a9559ac70c0bccbd0d4c8b3260230ea8c048255b0086694c62786a893ec12026e73f6fc7b713082aefc35a8bf2ee62225c3babf3da31c7551c4bb2c8b\n",
            "kubelet_identity": [
              {
                "client_id": "13a1b2c0-582d-445f-b02e-1d76c05461f3",
                "object_id": "24fba2b1-cb10-4dc0-9ba8-10a5260ed034",
                "user_assigned_identity_id": "/subscriptions/10a09851-d632-420e-ad20-2cd774fd4d41/resourcegroups/MC_rg-nepter0008_aks-nepter0008_eastus/providers/Microsoft.ManagedIdentity/userAssignedIdentities/aks-nepter0008-agentpool"
              }
            ],
            "kubernetes_version": "1.15.11",
            "linux_profile": [],
            "location": "eastus",
            "name": "aks-nepter0008",
            "network_profile": [
              {
                "dns_service_ip": "10.0.0.10",
                "docker_bridge_cidr": "172.17.0.1/16",
                "load_balancer_profile": [],
                "load_balancer_sku": "Basic",
                "network_plugin": "kubenet",
                "network_policy": "",
                "outbound_type": "loadBalancer",
                "pod_cidr": "10.244.0.0/16",
                "service_cidr": "10.0.0.0/16"
              }
            ],
            "node_resource_group": "MC_rg-nepter0008_aks-nepter0008_eastus",
            "private_cluster_enabled": false,
            "private_fqdn": "",
            "private_link_enabled": false,
            "resource_group_name": "rg-nepter0008",
            "role_based_access_control": [
              {
                "azure_active_directory": [],
                "enabled": true
              }
            ],
            "service_principal": [],
            "tags": null,
            "timeouts": null,
            "windows_profile": []
          },
          "private": "eyJlMmJmYjczMC1lY2FhLTExZTYtOGY4OC0zNDM2M2JjN2M0YzAiOnsiY3JlYXRlIjo1NDAwMDAwMDAwMDAwLCJkZWxldGUiOjU0MDAwMDAwMDAwMDAsInJlYWQiOjMwMDAwMDAwMDAwMCwidXBkYXRlIjo1NDAwMDAwMDAwMDAwfX0=",
          "dependencies": [
            "azurerm_resource_group.resourceGroup"
          ]
        }
      ]
    },
    {
      "mode": "managed",
      "type": "azurerm_resource_group",
      "name": "resourceGroup",
      "provider": "provider.azurerm",
      "instances": [
        {
          "schema_version": 0,
          "attributes": {
            "id": "/subscriptions/10a09851-d632-420e-ad20-2cd774fd4d41/resourceGroups/rg-nepter0008",
            "location": "eastus",
            "name": "rg-nepter0008",
            "tags": null,
            "timeouts": null
          },
          "private": "eyJlMmJmYjczMC1lY2FhLTExZTYtOGY4OC0zNDM2M2JjN2M0YzAiOnsiY3JlYXRlIjo1NDAwMDAwMDAwMDAwLCJkZWxldGUiOjU0MDAwMDAwMDAwMDAsInJlYWQiOjMwMDAwMDAwMDAwMCwidXBkYXRlIjo1NDAwMDAwMDAwMDAwfX0="
        }
      ]
    },
    {
      "mode": "managed",
      "type": "azurerm_role_assignment",
      "name": "aks-acr-access",
      "provider": "provider.azurerm",
      "instances": [
        {
          "schema_version": 0,
          "attributes": {
            "id": "/subscriptions/10a09851-d632-420e-ad20-2cd774fd4d41/resourceGroups/rg-nepter0008/providers/Microsoft.ContainerRegistry/registries/acrnepter0008/providers/Microsoft.Authorization/roleAssignments/8143a450-b422-68af-741c-e2f37b4fa3b0",
            "name": "8143a450-b422-68af-741c-e2f37b4fa3b0",
            "principal_id": "24fba2b1-cb10-4dc0-9ba8-10a5260ed034",
            "principal_type": "ServicePrincipal",
            "role_definition_id": "/subscriptions/10a09851-d632-420e-ad20-2cd774fd4d41/providers/Microsoft.Authorization/roleDefinitions/7f951dda-4ed3-4680-a7ca-43fe172d538d",
            "role_definition_name": "AcrPull",
            "scope": "/subscriptions/10a09851-d632-420e-ad20-2cd774fd4d41/resourceGroups/rg-nepter0008/providers/Microsoft.ContainerRegistry/registries/acrnepter0008",
            "skip_service_principal_aad_check": true,
            "timeouts": null
          },
          "private": "eyJlMmJmYjczMC1lY2FhLTExZTYtOGY4OC0zNDM2M2JjN2M0YzAiOnsiY3JlYXRlIjoxODAwMDAwMDAwMDAwLCJkZWxldGUiOjE4MDAwMDAwMDAwMDAsInJlYWQiOjMwMDAwMDAwMDAwMCwidXBkYXRlIjoxODAwMDAwMDAwMDAwfX0=",
          "dependencies": [
            "azurerm_container_registry.acr",
            "azurerm_kubernetes_cluster.aks",
            "azurerm_resource_group.resourceGroup"
          ]
        }
      ]
    },
    {
      "mode": "managed",
      "type": "azurerm_role_assignment",
      "name": "aks-pod-identity-mio-access",
      "provider": "provider.azurerm",
      "instances": [
        {
          "schema_version": 0,
          "attributes": {
            "id": "/subscriptions/10a09851-d632-420e-ad20-2cd774fd4d41/resourceGroups/MC_rg-nepter0008_aks-nepter0008_eastus/providers/Microsoft.Authorization/roleAssignments/a21d67a6-d4f5-415e-bf07-e01eb1fbeb6f",
            "name": "a21d67a6-d4f5-415e-bf07-e01eb1fbeb6f",
            "principal_id": "24fba2b1-cb10-4dc0-9ba8-10a5260ed034",
            "principal_type": "ServicePrincipal",
            "role_definition_id": "/subscriptions/10a09851-d632-420e-ad20-2cd774fd4d41/providers/Microsoft.Authorization/roleDefinitions/f1a07417-d97a-45cb-824c-7a7467783830",
            "role_definition_name": "Managed Identity Operator",
            "scope": "/subscriptions/10a09851-d632-420e-ad20-2cd774fd4d41/resourceGroups/MC_rg-nepter0008_aks-nepter0008_eastus",
            "skip_service_principal_aad_check": true,
            "timeouts": null
          },
          "private": "eyJlMmJmYjczMC1lY2FhLTExZTYtOGY4OC0zNDM2M2JjN2M0YzAiOnsiY3JlYXRlIjoxODAwMDAwMDAwMDAwLCJkZWxldGUiOjE4MDAwMDAwMDAwMDAsInJlYWQiOjMwMDAwMDAwMDAwMCwidXBkYXRlIjoxODAwMDAwMDAwMDAwfX0=",
          "dependencies": [
            "azurerm_kubernetes_cluster.aks",
            "azurerm_resource_group.resourceGroup"
          ]
        }
      ]
    },
    {
      "mode": "managed",
      "type": "azurerm_role_assignment",
      "name": "aks-pod-identity-mio-access-main-rg",
      "provider": "provider.azurerm",
      "instances": [
        {
          "schema_version": 0,
          "attributes": {
            "id": "/subscriptions/10a09851-d632-420e-ad20-2cd774fd4d41/resourceGroups/rg-nepter0008/providers/Microsoft.Authorization/roleAssignments/cff66f63-b23a-bd7b-bf62-2c3851ab85c3",
            "name": "cff66f63-b23a-bd7b-bf62-2c3851ab85c3",
            "principal_id": "24fba2b1-cb10-4dc0-9ba8-10a5260ed034",
            "principal_type": "ServicePrincipal",
            "role_definition_id": "/subscriptions/10a09851-d632-420e-ad20-2cd774fd4d41/providers/Microsoft.Authorization/roleDefinitions/f1a07417-d97a-45cb-824c-7a7467783830",
            "role_definition_name": "Managed Identity Operator",
            "scope": "/subscriptions/10a09851-d632-420e-ad20-2cd774fd4d41/resourceGroups/rg-nepter0008",
            "skip_service_principal_aad_check": true,
            "timeouts": null
          },
          "private": "eyJlMmJmYjczMC1lY2FhLTExZTYtOGY4OC0zNDM2M2JjN2M0YzAiOnsiY3JlYXRlIjoxODAwMDAwMDAwMDAwLCJkZWxldGUiOjE4MDAwMDAwMDAwMDAsInJlYWQiOjMwMDAwMDAwMDAwMCwidXBkYXRlIjoxODAwMDAwMDAwMDAwfX0=",
          "dependencies": [
            "azurerm_kubernetes_cluster.aks",
            "azurerm_resource_group.resourceGroup"
          ]
        }
      ]
    },
    {
      "mode": "managed",
      "type": "azurerm_role_assignment",
      "name": "aks-pod-identity-vm-access",
      "provider": "provider.azurerm",
      "instances": [
        {
          "schema_version": 0,
          "attributes": {
            "id": "/subscriptions/10a09851-d632-420e-ad20-2cd774fd4d41/resourceGroups/MC_rg-nepter0008_aks-nepter0008_eastus/providers/Microsoft.Authorization/roleAssignments/2fa1641c-b87f-b02c-59d3-9399ecb87766",
            "name": "2fa1641c-b87f-b02c-59d3-9399ecb87766",
            "principal_id": "24fba2b1-cb10-4dc0-9ba8-10a5260ed034",
            "principal_type": "ServicePrincipal",
            "role_definition_id": "/subscriptions/10a09851-d632-420e-ad20-2cd774fd4d41/providers/Microsoft.Authorization/roleDefinitions/9980e02c-c2be-4d73-94e8-173b1dc7cf3c",
            "role_definition_name": "Virtual Machine Contributor",
            "scope": "/subscriptions/10a09851-d632-420e-ad20-2cd774fd4d41/resourceGroups/MC_rg-nepter0008_aks-nepter0008_eastus",
            "skip_service_principal_aad_check": true,
            "timeouts": null
          },
          "private": "eyJlMmJmYjczMC1lY2FhLTExZTYtOGY4OC0zNDM2M2JjN2M0YzAiOnsiY3JlYXRlIjoxODAwMDAwMDAwMDAwLCJkZWxldGUiOjE4MDAwMDAwMDAwMDAsInJlYWQiOjMwMDAwMDAwMDAwMCwidXBkYXRlIjoxODAwMDAwMDAwMDAwfX0=",
          "dependencies": [
            "azurerm_kubernetes_cluster.aks",
            "azurerm_resource_group.resourceGroup"
          ]
        }
      ]
    },
    {
      "mode": "managed",
      "type": "azurerm_role_assignment",
      "name": "pod-identity-assignment",
      "provider": "provider.azurerm",
      "instances": [
        {
          "schema_version": 0,
          "attributes": {
            "id": "/subscriptions/10a09851-d632-420e-ad20-2cd774fd4d41/resourceGroups/rg-nepter0008/providers/Microsoft.Authorization/roleAssignments/48839f5c-0c5f-127e-d96b-23ffb2995a99",
            "name": "48839f5c-0c5f-127e-d96b-23ffb2995a99",
            "principal_id": "41ef0bfa-50e0-4445-871c-6889a2b9747a",
            "principal_type": "ServicePrincipal",
            "role_definition_id": "/subscriptions/10a09851-d632-420e-ad20-2cd774fd4d41/providers/Microsoft.Authorization/roleDefinitions/acdd72a7-3385-48ef-bd42-f606fba81ae7",
            "role_definition_name": "Reader",
            "scope": "/subscriptions/10a09851-d632-420e-ad20-2cd774fd4d41/resourceGroups/rg-nepter0008",
            "skip_service_principal_aad_check": null,
            "timeouts": null
          },
          "private": "eyJlMmJmYjczMC1lY2FhLTExZTYtOGY4OC0zNDM2M2JjN2M0YzAiOnsiY3JlYXRlIjoxODAwMDAwMDAwMDAwLCJkZWxldGUiOjE4MDAwMDAwMDAwMDAsInJlYWQiOjMwMDAwMDAwMDAwMCwidXBkYXRlIjoxODAwMDAwMDAwMDAwfX0=",
          "dependencies": [
            "azurerm_resource_group.resourceGroup",
            "azurerm_user_assigned_identity.pod-identity"
          ]
        }
      ]
    },
    {
      "mode": "managed",
      "type": "azurerm_role_assignment",
      "name": "script-identity-assignment",
      "provider": "provider.azurerm",
      "instances": [
        {
          "schema_version": 0,
          "attributes": {
            "id": "/subscriptions/10a09851-d632-420e-ad20-2cd774fd4d41/resourceGroups/rg-nepter0008/providers/Microsoft.Authorization/roleAssignments/7147e6de-8bb2-22a3-ce29-e2510998322f",
            "name": "7147e6de-8bb2-22a3-ce29-e2510998322f",
            "principal_id": "41ef0bfa-50e0-4445-871c-6889a2b9747a",
            "principal_type": "ServicePrincipal",
            "role_definition_id": "/subscriptions/10a09851-d632-420e-ad20-2cd774fd4d41/providers/Microsoft.Authorization/roleDefinitions/b24988ac-6180-42a0-ab88-20f7382dd24c",
            "role_definition_name": "Contributor",
            "scope": "/subscriptions/10a09851-d632-420e-ad20-2cd774fd4d41/resourceGroups/rg-nepter0008",
            "skip_service_principal_aad_check": null,
            "timeouts": null
          },
          "private": "eyJlMmJmYjczMC1lY2FhLTExZTYtOGY4OC0zNDM2M2JjN2M0YzAiOnsiY3JlYXRlIjoxODAwMDAwMDAwMDAwLCJkZWxldGUiOjE4MDAwMDAwMDAwMDAsInJlYWQiOjMwMDAwMDAwMDAwMCwidXBkYXRlIjoxODAwMDAwMDAwMDAwfX0=",
          "dependencies": [
            "azurerm_resource_group.resourceGroup",
            "azurerm_user_assigned_identity.script-identity"
          ]
        }
      ]
    },
    {
      "mode": "managed",
      "type": "azurerm_sql_database",
      "name": "database",
      "provider": "provider.azurerm",
      "instances": [
        {
          "schema_version": 0,
          "attributes": {
            "collation": "SQL_Latin1_General_CP1_CI_AS",
            "create_mode": "Default",
            "creation_date": "2020-05-31T17:30:45.39Z",
            "default_secondary_location": "West US",
            "edition": "GeneralPurpose",
            "elastic_pool_name": "",
            "encryption": "",
            "extended_auditing_policy": [],
            "id": "/subscriptions/10a09851-d632-420e-ad20-2cd774fd4d41/resourceGroups/rg-nepter0008/providers/Microsoft.Sql/servers/sqlnepter0008/databases/domaindb",
            "import": [],
            "location": "eastus",
            "max_size_bytes": "34359738368",
            "max_size_gb": null,
            "name": "domaindb",
            "read_scale": false,
            "requested_service_objective_id": "f21733ad-9b9b-4d4e-a4fa-94a133c41718",
            "requested_service_objective_name": "GP_Gen5_2",
            "resource_group_name": "rg-nepter0008",
            "restore_point_in_time": null,
            "server_name": "sqlnepter0008",
            "source_database_deletion_date": null,
            "source_database_id": null,
            "tags": null,
            "threat_detection_policy": [
              {
                "disabled_alerts": [],
                "email_account_admins": "Disabled",
                "email_addresses": [],
                "retention_days": 0,
                "state": "Disabled",
                "storage_account_access_key": "",
                "storage_endpoint": "",
                "use_server_default": "Disabled"
              }
            ],
            "timeouts": null,
            "zone_redundant": false
          },
          "private": "eyJlMmJmYjczMC1lY2FhLTExZTYtOGY4OC0zNDM2M2JjN2M0YzAiOnsiY3JlYXRlIjozNjAwMDAwMDAwMDAwLCJkZWxldGUiOjM2MDAwMDAwMDAwMDAsInJlYWQiOjMwMDAwMDAwMDAwMCwidXBkYXRlIjozNjAwMDAwMDAwMDAwfX0=",
          "dependencies": [
            "azurerm_resource_group.resourceGroup",
            "azurerm_sql_server.sql"
          ]
        }
      ]
    },
    {
      "mode": "managed",
      "type": "azurerm_sql_firewall_rule",
      "name": "azure",
      "provider": "provider.azurerm",
      "instances": [
        {
          "schema_version": 0,
          "attributes": {
            "end_ip_address": "0.0.0.0",
            "id": "/subscriptions/10a09851-d632-420e-ad20-2cd774fd4d41/resourceGroups/rg-nepter0008/providers/Microsoft.Sql/servers/sqlnepter0008/firewallRules/azure",
            "name": "azure",
            "resource_group_name": "rg-nepter0008",
            "server_name": "sqlnepter0008",
            "start_ip_address": "0.0.0.0",
            "timeouts": null
          },
          "private": "eyJlMmJmYjczMC1lY2FhLTExZTYtOGY4OC0zNDM2M2JjN2M0YzAiOnsiY3JlYXRlIjoxODAwMDAwMDAwMDAwLCJkZWxldGUiOjE4MDAwMDAwMDAwMDAsInJlYWQiOjMwMDAwMDAwMDAwMCwidXBkYXRlIjoxODAwMDAwMDAwMDAwfX0=",
          "dependencies": [
            "azurerm_resource_group.resourceGroup",
            "azurerm_sql_server.sql"
          ]
        }
      ]
    },
    {
      "mode": "managed",
      "type": "azurerm_sql_server",
      "name": "sql",
      "provider": "provider.azurerm",
      "instances": [
        {
          "schema_version": 0,
          "attributes": {
            "administrator_login": "twtadmin",
            "administrator_login_password": "Password2020!",
            "connection_policy": "Default",
            "extended_auditing_policy": [],
            "fully_qualified_domain_name": "sqlnepter0008.database.windows.net",
            "id": "/subscriptions/10a09851-d632-420e-ad20-2cd774fd4d41/resourceGroups/rg-nepter0008/providers/Microsoft.Sql/servers/sqlnepter0008",
            "identity": [],
            "location": "eastus",
            "name": "sqlnepter0008",
            "resource_group_name": "rg-nepter0008",
            "tags": null,
            "timeouts": null,
            "version": "12.0"
          },
          "private": "eyJlMmJmYjczMC1lY2FhLTExZTYtOGY4OC0zNDM2M2JjN2M0YzAiOnsiY3JlYXRlIjozNjAwMDAwMDAwMDAwLCJkZWxldGUiOjM2MDAwMDAwMDAwMDAsInJlYWQiOjMwMDAwMDAwMDAwMCwidXBkYXRlIjozNjAwMDAwMDAwMDAwfX0=",
          "dependencies": [
            "azurerm_resource_group.resourceGroup"
          ]
        }
      ]
    },
    {
      "mode": "managed",
      "type": "azurerm_template_deployment",
      "name": "domaindata",
      "provider": "provider.azurerm",
      "instances": [
        {
          "schema_version": 0,
          "attributes": {
            "deployment_mode": "Incremental",
            "id": "/subscriptions/10a09851-d632-420e-ad20-2cd774fd4d41/resourceGroups/rg-nepter0008/providers/Microsoft.Resources/deployments/domaindata",
            "name": "domaindata",
            "outputs": {},
            "parameters": {
              "aksCluster": "aks-nepter0008",
              "aksResourceGroup": "rg-nepter0008",
              "identity": "/subscriptions/10a09851-d632-420e-ad20-2cd774fd4d41/resourcegroups/rg-nepter0008/providers/Microsoft.ManagedIdentity/userAssignedIdentities/aks-pod-identity",
              "sqlAdmin": "twtadmin",
              "sqlPassword": "Password2020!",
              "sqlServer": "sqlnepter0008.database.windows.net"
            },
            "parameters_body": null,
            "resource_group_name": "rg-nepter0008",
            "template_body": "{\"$schema\":\"https://schema.management.azure.com/schemas/2019-04-01/deploymentTemplate.json#\",\"contentVersion\":\"1.0.0.0\",\"parameters\":{\"aksCluster\":{\"type\":\"string\"},\"aksResourceGroup\":{\"type\":\"string\"},\"identity\":{\"type\":\"securestring\"},\"sqlAdmin\":{\"type\":\"string\"},\"sqlPassword\":{\"type\":\"securestring\"},\"sqlServer\":{\"type\":\"string\"}},\"resources\":[{\"apiVersion\":\"2019-10-01-preview\",\"identity\":{\"type\":\"UserAssigned\",\"userAssignedIdentities\":{\"[parameters('identity')]\":{}}},\"kind\":\"AzurePowerShell\",\"location\":\"[resourceGroup().location]\",\"name\":\"runPowerShellInline\",\"properties\":{\"arguments\":\"[concat('-sqlServer ', parameters('sqlServer'), ' -sqlAdmin ', parameters('sqlAdmin'), ' -sqlPassword ', parameters('sqlPassword'), ' -aksCluster ', parameters('aksCluster'), ' -aksResourceGroup ', parameters('aksResourceGroup'))]\",\"azPowerShellVersion\":\"3.0\",\"cleanupPreference\":\"OnSuccess\",\"forceUpdateTag\":\"1\",\"primaryScriptUri\":\"[variables('script')]\",\"retentionInterval\":\"P1D\",\"timeout\":\"PT30M\"},\"type\":\"Microsoft.Resources/deploymentScripts\"}],\"variables\":{\"script\":\"https://gist.githubusercontent.com/neilpeterson/0782c57fe5fa833e0380b2ca362b4e37/raw/eda2fc9591ba0cd47d711684e3cdcd511de860c4/pro-template-nginx-ingress.ps1\"}}",
            "timeouts": null
          },
          "private": "eyJlMmJmYjczMC1lY2FhLTExZTYtOGY4OC0zNDM2M2JjN2M0YzAiOnsiY3JlYXRlIjoxMDgwMDAwMDAwMDAwMCwiZGVsZXRlIjoxMDgwMDAwMDAwMDAwMCwicmVhZCI6MzAwMDAwMDAwMDAwLCJ1cGRhdGUiOjEwODAwMDAwMDAwMDAwfX0=",
          "dependencies": [
            "azurerm_kubernetes_cluster.aks",
            "azurerm_resource_group.resourceGroup",
            "azurerm_sql_server.sql",
            "azurerm_user_assigned_identity.script-identity"
          ]
        }
      ]
    },
    {
      "mode": "managed",
      "type": "azurerm_user_assigned_identity",
      "name": "pod-identity",
      "provider": "provider.azurerm",
      "instances": [
        {
          "schema_version": 0,
          "attributes": {
            "client_id": "e7581e9a-a2b4-4d30-a56d-839ab9f1bec4",
            "id": "/subscriptions/10a09851-d632-420e-ad20-2cd774fd4d41/resourcegroups/rg-nepter0008/providers/Microsoft.ManagedIdentity/userAssignedIdentities/aks-pod-identity",
            "location": "eastus",
            "name": "aks-pod-identity",
            "principal_id": "41ef0bfa-50e0-4445-871c-6889a2b9747a",
            "resource_group_name": "rg-nepter0008",
            "tags": null,
            "timeouts": null
          },
          "private": "eyJlMmJmYjczMC1lY2FhLTExZTYtOGY4OC0zNDM2M2JjN2M0YzAiOnsiY3JlYXRlIjoxODAwMDAwMDAwMDAwLCJkZWxldGUiOjE4MDAwMDAwMDAwMDAsInJlYWQiOjMwMDAwMDAwMDAwMCwidXBkYXRlIjoxODAwMDAwMDAwMDAwfX0=",
          "dependencies": [
            "azurerm_resource_group.resourceGroup"
          ]
        }
      ]
    },
    {
      "mode": "managed",
      "type": "azurerm_user_assigned_identity",
      "name": "script-identity",
      "provider": "provider.azurerm",
      "instances": [
        {
          "schema_version": 0,
          "attributes": {
            "client_id": "e7581e9a-a2b4-4d30-a56d-839ab9f1bec4",
            "id": "/subscriptions/10a09851-d632-420e-ad20-2cd774fd4d41/resourcegroups/rg-nepter0008/providers/Microsoft.ManagedIdentity/userAssignedIdentities/aks-pod-identity",
            "location": "eastus",
            "name": "aks-pod-identity",
            "principal_id": "41ef0bfa-50e0-4445-871c-6889a2b9747a",
            "resource_group_name": "rg-nepter0008",
            "tags": null,
            "timeouts": null
          },
          "private": "eyJlMmJmYjczMC1lY2FhLTExZTYtOGY4OC0zNDM2M2JjN2M0YzAiOnsiY3JlYXRlIjoxODAwMDAwMDAwMDAwLCJkZWxldGUiOjE4MDAwMDAwMDAwMDAsInJlYWQiOjMwMDAwMDAwMDAwMCwidXBkYXRlIjoxODAwMDAwMDAwMDAwfX0=",
          "dependencies": [
            "azurerm_resource_group.resourceGroup"
          ]
        }
      ]
    }
  ]
}
